<?xml version="1.0" encoding="UTF-8"?>
<Project ToolsVersion="14.0" xmlns="http://schemas.microsoft.com/developer/msbuild/2003">
  <ItemGroup>
    <ClCompile Include="I:\Crytek\CRYENGINE Launcher\SourceCode\bigspring-cry\CRYENGINE\Code\SDKs\BigDigits\bigd.c">
      <Filter>Source Files</Filter>
    </ClCompile>
    <ClCompile Include="I:\Crytek\CRYENGINE Launcher\SourceCode\bigspring-cry\CRYENGINE\Code\SDKs\BigDigits\bigdigits.c">
      <Filter>Source Files</Filter>
    </ClCompile>
    <ClCompile Include="I:\Crytek\CRYENGINE Launcher\SourceCode\bigspring-cry\CRYENGINE\Code\SDKs\BigDigits\bigdRand.c">
      <Filter>Source Files</Filter>
    </ClCompile>
    <ClCompile Include="I:\Crytek\CRYENGINE Launcher\SourceCode\bigspring-cry\CRYENGINE\Code\SDKs\BigDigits\spBigdigits.c">
      <Filter>Source Files</Filter>
    </ClCompile>
    <ClCompile Include="I:\Crytek\CRYENGINE Launcher\SourceCode\bigspring-cry\CRYENGINE\Code\SDKs\BigDigits\spRandom.c">
      <Filter>Source Files</Filter>
    </ClCompile>
  </ItemGroup>
  <ItemGroup>
    <ClInclude Include="I:\Crytek\CRYENGINE Launcher\SourceCode\bigspring-cry\CRYENGINE\Code\SDKs\BigDigits\bigd.h">
      <Filter>Header Files</Filter>
    </ClInclude>
    <ClInclude Include="I:\Crytek\CRYENGINE Launcher\SourceCode\bigspring-cry\CRYENGINE\Code\SDKs\BigDigits\bigdigits.h">
      <Filter>Header Files</Filter>
    </ClInclude>
    <ClInclude Include="I:\Crytek\CRYENGINE Launcher\SourceCode\bigspring-cry\CRYENGINE\Code\SDKs\BigDigits\bigdRand.h">
      <Filter>Header Files</Filter>
    </ClInclude>
    <ClInclude Include="I:\Crytek\CRYENGINE Launcher\SourceCode\bigspring-cry\CRYENGINE\Code\SDKs\BigDigits\spRandom.h">
      <Filter>Header Files</Filter>
    </ClInclude>
  </ItemGroup>
  <ItemGroup>
    <CustomBuild Include="I:\Crytek\CRYENGINE Launcher\SourceCode\bigspring-cry\CRYENGINE\Code\Libs\bigdigits\CMakeLists.txt" />
  </ItemGroup>
  <ItemGroup>
    <Filter Include="Source Files">
      <UniqueIdentifier>{526B85B2-5AEE-326C-94F9-8CC53F3E69CC}</UniqueIdentifier>
    </Filter>
    <Filter Include="Header Files">
      <UniqueIdentifier>{A920178B-E5D3-330D-9F11-D51D6B14FD2A}</UniqueIdentifier>
    </Filter>
  </ItemGroup>
</Project>
