<?xml version="1.0" encoding="UTF-8"?>
<Project ToolsVersion="14.0" xmlns="http://schemas.microsoft.com/developer/msbuild/2003">
  <ItemGroup>
    <ClCompile Include="I:\Crytek\CRYENGINE Launcher\SourceCode\bigspring-cry\CRYENGINE\Code\CryEngine\CryAudioSystem\implementations\CryAudioImplPortAudio\stdafx.cpp">
      <Filter>Source Files</Filter>
    </ClCompile>
    <ClCompile Include="I:\Crytek\CRYENGINE Launcher\SourceCode\bigspring-cry\CRYENGINE\Solution_Win64\Code\CryEngine\CryAudioSystem\implementations\CryAudioImplPortAudio\CryAudioImpl_uber_0.cpp">
      <Filter>UBER FILES</Filter>
    </ClCompile>
  </ItemGroup>
  <ItemGroup>
    <ClInclude Include="I:\Crytek\CRYENGINE Launcher\SourceCode\bigspring-cry\CRYENGINE\Code\CryEngine\CryAudioSystem\implementations\CryAudioImplPortAudio\ATLEntities.h">
      <Filter>Header Files</Filter>
    </ClInclude>
    <ClInclude Include="I:\Crytek\CRYENGINE Launcher\SourceCode\bigspring-cry\CRYENGINE\Code\CryEngine\CryAudioSystem\implementations\CryAudioImplPortAudio\AudioEvent.h">
      <Filter>Header Files</Filter>
    </ClInclude>
    <ClInclude Include="I:\Crytek\CRYENGINE Launcher\SourceCode\bigspring-cry\CRYENGINE\Code\CryEngine\CryAudioSystem\implementations\CryAudioImplPortAudio\AudioImpl.h">
      <Filter>Header Files</Filter>
    </ClInclude>
    <ClInclude Include="I:\Crytek\CRYENGINE Launcher\SourceCode\bigspring-cry\CRYENGINE\Code\CryEngine\CryAudioSystem\implementations\CryAudioImplPortAudio\AudioImplCVars.h">
      <Filter>Header Files</Filter>
    </ClInclude>
    <ClInclude Include="I:\Crytek\CRYENGINE Launcher\SourceCode\bigspring-cry\CRYENGINE\Code\CryEngine\CryAudioSystem\implementations\CryAudioImplPortAudio\AudioObject.h">
      <Filter>Header Files</Filter>
    </ClInclude>
    <ClInclude Include="I:\Crytek\CRYENGINE Launcher\SourceCode\bigspring-cry\CRYENGINE\Code\CryEngine\CryAudioSystem\implementations\CryAudioImplPortAudio\AudioTrigger.h">
      <Filter>Header Files</Filter>
    </ClInclude>
    <ClInclude Include="I:\Crytek\CRYENGINE Launcher\SourceCode\bigspring-cry\CRYENGINE\Code\CryEngine\CryAudioSystem\implementations\CryAudioImplPortAudio\Common.h">
      <Filter>Header Files</Filter>
    </ClInclude>
    <ClInclude Include="I:\Crytek\CRYENGINE Launcher\SourceCode\bigspring-cry\CRYENGINE\Code\CryEngine\CryAudioSystem\implementations\CryAudioImplPortAudio\resource.h">
      <Filter>Header Files</Filter>
    </ClInclude>
    <ClInclude Include="I:\Crytek\CRYENGINE Launcher\SourceCode\bigspring-cry\CRYENGINE\Code\CryEngine\CryAudioSystem\implementations\CryAudioImplPortAudio\stdafx.h">
      <Filter>Header Files</Filter>
    </ClInclude>
    <ClInclude Include="I:\Crytek\CRYENGINE Launcher\SourceCode\bigspring-cry\CRYENGINE\Code\CryEngine\CryAudioSystem\implementations\CryAudioImplPortAudio\AudioEvent.cpp">
      <Filter>Source Files</Filter>
    </ClInclude>
    <ClInclude Include="I:\Crytek\CRYENGINE Launcher\SourceCode\bigspring-cry\CRYENGINE\Code\CryEngine\CryAudioSystem\implementations\CryAudioImplPortAudio\AudioImpl.cpp">
      <Filter>Source Files</Filter>
    </ClInclude>
    <ClInclude Include="I:\Crytek\CRYENGINE Launcher\SourceCode\bigspring-cry\CRYENGINE\Code\CryEngine\CryAudioSystem\implementations\CryAudioImplPortAudio\AudioImplCVars.cpp">
      <Filter>Source Files</Filter>
    </ClInclude>
    <ClInclude Include="I:\Crytek\CRYENGINE Launcher\SourceCode\bigspring-cry\CRYENGINE\Code\CryEngine\CryAudioSystem\implementations\CryAudioImplPortAudio\AudioObject.cpp">
      <Filter>Source Files</Filter>
    </ClInclude>
    <ClInclude Include="I:\Crytek\CRYENGINE Launcher\SourceCode\bigspring-cry\CRYENGINE\Code\CryEngine\CryAudioSystem\implementations\CryAudioImplPortAudio\AudioTrigger.cpp">
      <Filter>Source Files</Filter>
    </ClInclude>
    <ClInclude Include="I:\Crytek\CRYENGINE Launcher\SourceCode\bigspring-cry\CRYENGINE\Code\CryEngine\CryAudioSystem\implementations\CryAudioImplPortAudio\Common.cpp">
      <Filter>Source Files</Filter>
    </ClInclude>
    <ClInclude Include="I:\Crytek\CRYENGINE Launcher\SourceCode\bigspring-cry\CRYENGINE\Code\CryEngine\CryAudioSystem\implementations\CryAudioImplPortAudio\CryAudioImpl.cpp">
      <Filter>Source Files</Filter>
    </ClInclude>
  </ItemGroup>
  <ItemGroup>
    <CustomBuild Include="I:\Crytek\CRYENGINE Launcher\SourceCode\bigspring-cry\CRYENGINE\Code\CryEngine\CryAudioSystem\implementations\CryAudioImplPortAudio\CMakeLists.txt" />
    <CustomBuild Include="I:\Crytek\CRYENGINE Launcher\SourceCode\bigspring-cry\CRYENGINE\Solution_Win64\CMakeFiles\4c74b9edfb9b730744532d418ef33d56\CryAudioImpl_uber_0.cpp.rule">
      <Filter>CMake Rules</Filter>
    </CustomBuild>
  </ItemGroup>
  <ItemGroup>
    <Filter Include="Source Files">
      <UniqueIdentifier>{526B85B2-5AEE-326C-94F9-8CC53F3E69CC}</UniqueIdentifier>
    </Filter>
    <Filter Include="Header Files">
      <UniqueIdentifier>{A920178B-E5D3-330D-9F11-D51D6B14FD2A}</UniqueIdentifier>
    </Filter>
    <Filter Include="CMake Rules">
      <UniqueIdentifier>{EAD2A386-A4DF-3C43-AE8D-8F52F97F005B}</UniqueIdentifier>
    </Filter>
    <Filter Include="UBER FILES">
      <UniqueIdentifier>{A9EDE9CC-9CBB-3D2A-9C04-66ECEC4A3DAF}</UniqueIdentifier>
    </Filter>
  </ItemGroup>
</Project>
