<?xml version="1.0" encoding="UTF-8"?>
<Project ToolsVersion="14.0" xmlns="http://schemas.microsoft.com/developer/msbuild/2003">
  <ItemGroup>
    <ClCompile Include="I:\Crytek\CRYENGINE Launcher\SourceCode\bigspring-cry\CRYENGINE\Code\CryEngine\CryLiveCreate\CryLiveCreate.cpp">
      <Filter>Source Files</Filter>
    </ClCompile>
    <ClCompile Include="I:\Crytek\CRYENGINE Launcher\SourceCode\bigspring-cry\CRYENGINE\Code\CryEngine\CryLiveCreate\StdAfx.cpp">
      <Filter>Source Files</Filter>
    </ClCompile>
    <ClCompile Include="I:\Crytek\CRYENGINE Launcher\SourceCode\bigspring-cry\CRYENGINE\Code\CryEngine\CryLiveCreate\LiveCreateHost.cpp">
      <Filter>Source</Filter>
    </ClCompile>
    <ClCompile Include="I:\Crytek\CRYENGINE Launcher\SourceCode\bigspring-cry\CRYENGINE\Code\CryEngine\CryLiveCreate\LiveCreateNativeFile.cpp">
      <Filter>Source</Filter>
    </ClCompile>
    <ClCompile Include="I:\Crytek\CRYENGINE Launcher\SourceCode\bigspring-cry\CRYENGINE\Code\CryEngine\CryLiveCreate\LiveCreateManager.cpp">
      <Filter>Source</Filter>
    </ClCompile>
    <ClCompile Include="I:\Crytek\CRYENGINE Launcher\SourceCode\bigspring-cry\CRYENGINE\Code\CryEngine\CryLiveCreate\LiveCreate_System.cpp">
      <Filter>Source\Commands</Filter>
    </ClCompile>
    <ClCompile Include="I:\Crytek\CRYENGINE Launcher\SourceCode\bigspring-cry\CRYENGINE\Code\CryEngine\CryLiveCreate\LiveCreate_Objects.cpp">
      <Filter>Source\Commands</Filter>
    </ClCompile>
    <ClCompile Include="I:\Crytek\CRYENGINE Launcher\SourceCode\bigspring-cry\CRYENGINE\Code\CryEngine\CryLiveCreate\PlatformHandler_GamePC.cpp">
      <Filter>Source\Platforms</Filter>
    </ClCompile>
    <ClCompile Include="I:\Crytek\CRYENGINE Launcher\SourceCode\bigspring-cry\CRYENGINE\Code\CryEngine\CryLiveCreate\PlatformHandler_Any.cpp">
      <Filter>Source\Platforms</Filter>
    </ClCompile>
    <ClCompile Include="I:\Crytek\CRYENGINE Launcher\SourceCode\bigspring-cry\CRYENGINE\Code\CryEngine\CryLiveCreate\Platform_Common\PlatformHandlerBase.cpp">
      <Filter>Source\Platforms</Filter>
    </ClCompile>
  </ItemGroup>
  <ItemGroup>
    <ClInclude Include="I:\Crytek\CRYENGINE Launcher\SourceCode\bigspring-cry\CRYENGINE\Code\CryEngine\CryLiveCreate\CryLiveCreate.h">
      <Filter>Header Files</Filter>
    </ClInclude>
    <ClInclude Include="I:\Crytek\CRYENGINE Launcher\SourceCode\bigspring-cry\CRYENGINE\Code\CryEngine\CryLiveCreate\LiveCreateCommands.h">
      <Filter>Header Files</Filter>
    </ClInclude>
    <ClInclude Include="I:\Crytek\CRYENGINE Launcher\SourceCode\bigspring-cry\CRYENGINE\Code\CryEngine\CryLiveCreate\StdAfx.h">
      <Filter>Header Files</Filter>
    </ClInclude>
    <ClInclude Include="I:\Crytek\CRYENGINE Launcher\SourceCode\bigspring-cry\CRYENGINE\Code\CryEngine\CryLiveCreate\LiveCreateHost.h">
      <Filter>Source</Filter>
    </ClInclude>
    <ClInclude Include="I:\Crytek\CRYENGINE Launcher\SourceCode\bigspring-cry\CRYENGINE\Code\CryEngine\CryLiveCreate\LiveCreateNativeFile.h">
      <Filter>Source</Filter>
    </ClInclude>
    <ClInclude Include="I:\Crytek\CRYENGINE Launcher\SourceCode\bigspring-cry\CRYENGINE\Code\CryEngine\CryLiveCreate\LiveCreateManager.h">
      <Filter>Source</Filter>
    </ClInclude>
    <ClInclude Include="I:\Crytek\CRYENGINE Launcher\SourceCode\bigspring-cry\CRYENGINE\Code\CryEngine\CrySystem\NullImplementation\NullLiveCreate.h">
      <Filter>Source</Filter>
    </ClInclude>
    <ClInclude Include="I:\Crytek\CRYENGINE Launcher\SourceCode\bigspring-cry\CRYENGINE\Code\CryEngine\CryLiveCreate\LiveCreate_System.h">
      <Filter>Source\Commands</Filter>
    </ClInclude>
    <ClInclude Include="I:\Crytek\CRYENGINE Launcher\SourceCode\bigspring-cry\CRYENGINE\Code\CryEngine\CryLiveCreate\LiveCreate_Objects.h">
      <Filter>Source\Commands</Filter>
    </ClInclude>
    <ClInclude Include="I:\Crytek\CRYENGINE Launcher\SourceCode\bigspring-cry\CRYENGINE\Code\CryEngine\CryLiveCreate\PlatformHandler_GamePC.h">
      <Filter>Source\Platforms</Filter>
    </ClInclude>
    <ClInclude Include="I:\Crytek\CRYENGINE Launcher\SourceCode\bigspring-cry\CRYENGINE\Code\CryEngine\CryLiveCreate\PlatformHandler_Any.h">
      <Filter>Source\Platforms</Filter>
    </ClInclude>
    <ClInclude Include="I:\Crytek\CRYENGINE Launcher\SourceCode\bigspring-cry\CRYENGINE\Code\CryEngine\CryLiveCreate\Platform_Common\PlatformHandlerBase.h">
      <Filter>Source\Platforms</Filter>
    </ClInclude>
  </ItemGroup>
  <ItemGroup>
    <CustomBuild Include="I:\Crytek\CRYENGINE Launcher\SourceCode\bigspring-cry\CRYENGINE\Code\CryEngine\CryLiveCreate\CMakeLists.txt" />
  </ItemGroup>
  <ItemGroup>
    <Filter Include="Source\Commands">
      <UniqueIdentifier>{0800AACE-F2E4-339B-AF47-0B0753004464}</UniqueIdentifier>
    </Filter>
    <Filter Include="Source\Platforms">
      <UniqueIdentifier>{E90A7500-4A23-36CA-A7F4-061D4112D91F}</UniqueIdentifier>
    </Filter>
    <Filter Include="Source Files">
      <UniqueIdentifier>{526B85B2-5AEE-326C-94F9-8CC53F3E69CC}</UniqueIdentifier>
    </Filter>
    <Filter Include="Header Files">
      <UniqueIdentifier>{A920178B-E5D3-330D-9F11-D51D6B14FD2A}</UniqueIdentifier>
    </Filter>
    <Filter Include="Source">
      <UniqueIdentifier>{D34058AA-50E1-3F58-A9BD-9668713FAED8}</UniqueIdentifier>
    </Filter>
  </ItemGroup>
</Project>
