<?xml version="1.0" encoding="UTF-8"?>
<Project ToolsVersion="14.0" xmlns="http://schemas.microsoft.com/developer/msbuild/2003">
  <ItemGroup>
    <CustomBuild Include="I:\Crytek\CRYENGINE Launcher\SourceCode\bigspring-cry\CRYENGINE\Code\CryEngine\CryAudioSystem\Common\CMakeLists.txt" />
  </ItemGroup>
  <ItemGroup>
    <None Include="I:\Crytek\CRYENGINE Launcher\SourceCode\bigspring-cry\CRYENGINE\Code\CryEngine\CryAudioSystem\Common\ATLEntityData.h">
      <Filter>Header Files</Filter>
    </None>
    <None Include="I:\Crytek\CRYENGINE Launcher\SourceCode\bigspring-cry\CRYENGINE\Code\CryEngine\CryAudioSystem\Common\AudioLogger.h">
      <Filter>Header Files</Filter>
    </None>
    <None Include="I:\Crytek\CRYENGINE Launcher\SourceCode\bigspring-cry\CRYENGINE\Code\CryEngine\CryAudioSystem\Common\IAudioImpl.h">
      <Filter>Header Files</Filter>
    </None>
    <None Include="I:\Crytek\CRYENGINE Launcher\SourceCode\bigspring-cry\CRYENGINE\Code\CryEngine\CryAudioSystem\Common\SharedAudioData.h">
      <Filter>Header Files</Filter>
    </None>
    <None Include="I:\Crytek\CRYENGINE Launcher\SourceCode\bigspring-cry\CRYENGINE\Code\CryEngine\CryAudioSystem\Common\SoundAllocator.h">
      <Filter>Header Files</Filter>
    </None>
    <None Include="I:\Crytek\CRYENGINE Launcher\SourceCode\bigspring-cry\CRYENGINE\Code\CryEngine\CryAudioSystem\Common\STLSoundAllocator.h">
      <Filter>Header Files</Filter>
    </None>
  </ItemGroup>
  <ItemGroup>
    <Filter Include="Header Files">
      <UniqueIdentifier>{A920178B-E5D3-330D-9F11-D51D6B14FD2A}</UniqueIdentifier>
    </Filter>
  </ItemGroup>
</Project>
