<?xml version="1.0" encoding="UTF-8"?>
<Project ToolsVersion="14.0" xmlns="http://schemas.microsoft.com/developer/msbuild/2003">
  <ItemGroup>
    <ClCompile Include="I:\Crytek\CRYENGINE Launcher\SourceCode\bigspring-cry\CRYENGINE\Code\SDKs\Lua\src\luac.c">
      <Filter>RootLuac</Filter>
    </ClCompile>
  </ItemGroup>
  <ItemGroup>
    <CustomBuild Include="I:\Crytek\CRYENGINE Launcher\SourceCode\bigspring-cry\CRYENGINE\Code\Libs\lua\CMakeLists.txt" />
  </ItemGroup>
  <ItemGroup>
    <Filter Include="RootLuac">
      <UniqueIdentifier>{4DF11057-6F02-3771-A643-F45A13CEEF84}</UniqueIdentifier>
    </Filter>
  </ItemGroup>
</Project>
