<?xml version="1.0" encoding="UTF-8"?>
<Project ToolsVersion="14.0" xmlns="http://schemas.microsoft.com/developer/msbuild/2003">
  <ItemGroup>
    <ClCompile Include="I:\Crytek\CRYENGINE Launcher\SourceCode\bigspring-cry\CRYENGINE\Code\CryEngine\CrySystem\StdAfx.cpp">
      <Filter>Source Files</Filter>
    </ClCompile>
    <ClCompile Include="I:\Crytek\CRYENGINE Launcher\SourceCode\bigspring-cry\CRYENGINE\Code\CryEngine\CrySystem\CryDLMalloc.c">
      <Filter>Source Files</Filter>
    </ClCompile>
    <ClCompile Include="I:\Crytek\CRYENGINE Launcher\SourceCode\bigspring-cry\CRYENGINE\Code\CryEngine\CrySystem\PlatformOS\PlatformOS_PC.cpp">
      <Filter>PlatformOS</Filter>
    </ClCompile>
    <ClCompile Include="I:\Crytek\CRYENGINE Launcher\SourceCode\bigspring-cry\CRYENGINE\Code\CryEngine\CrySystem\PlatformOS\SaveReaderWriter_Steam.cpp">
      <Filter>PlatformOS</Filter>
    </ClCompile>
    <ClCompile Include="I:\Crytek\CRYENGINE Launcher\SourceCode\bigspring-cry\CRYENGINE\Solution_Win64\Code\CryEngine\CrySystem\CrySystem_uber_2.cpp">
      <Filter>UBER FILES</Filter>
    </ClCompile>
    <ClCompile Include="I:\Crytek\CRYENGINE Launcher\SourceCode\bigspring-cry\CRYENGINE\Solution_Win64\Code\CryEngine\CrySystem\CrySystem_uber_6.cpp">
      <Filter>UBER FILES</Filter>
    </ClCompile>
    <ClCompile Include="I:\Crytek\CRYENGINE Launcher\SourceCode\bigspring-cry\CRYENGINE\Solution_Win64\Code\CryEngine\CrySystem\CrySystem_uber_0.cpp">
      <Filter>UBER FILES</Filter>
    </ClCompile>
    <ClCompile Include="I:\Crytek\CRYENGINE Launcher\SourceCode\bigspring-cry\CRYENGINE\Solution_Win64\Code\CryEngine\CrySystem\CrySystem_uber_1.cpp">
      <Filter>UBER FILES</Filter>
    </ClCompile>
    <ClCompile Include="I:\Crytek\CRYENGINE Launcher\SourceCode\bigspring-cry\CRYENGINE\Solution_Win64\Code\CryEngine\CrySystem\CrySystem_uber_7.cpp">
      <Filter>UBER FILES</Filter>
    </ClCompile>
    <ClCompile Include="I:\Crytek\CRYENGINE Launcher\SourceCode\bigspring-cry\CRYENGINE\Solution_Win64\Code\CryEngine\CrySystem\CrySystem_uber_3.cpp">
      <Filter>UBER FILES</Filter>
    </ClCompile>
    <ClCompile Include="I:\Crytek\CRYENGINE Launcher\SourceCode\bigspring-cry\CRYENGINE\Solution_Win64\Code\CryEngine\CrySystem\CrySystem_uber_4.cpp">
      <Filter>UBER FILES</Filter>
    </ClCompile>
    <ClCompile Include="I:\Crytek\CRYENGINE Launcher\SourceCode\bigspring-cry\CRYENGINE\Solution_Win64\Code\CryEngine\CrySystem\CrySystem_uber_5.cpp">
      <Filter>UBER FILES</Filter>
    </ClCompile>
    <ClCompile Include="I:\Crytek\CRYENGINE Launcher\SourceCode\bigspring-cry\CRYENGINE\Solution_Win64\Code\CryEngine\CrySystem\CrySystem_uber_8.cpp">
      <Filter>UBER FILES</Filter>
    </ClCompile>
    <ClCompile Include="I:\Crytek\CRYENGINE Launcher\SourceCode\bigspring-cry\CRYENGINE\Solution_Win64\Code\CryEngine\CrySystem\CrySystem_uber_9.cpp">
      <Filter>UBER FILES</Filter>
    </ClCompile>
  </ItemGroup>
  <ItemGroup>
    <ClInclude Include="I:\Crytek\CRYENGINE Launcher\SourceCode\bigspring-cry\CRYENGINE\Code\CryEngine\CrySystem\CryThreadUtil_win32.h">
      <Filter>Threading</Filter>
    </ClInclude>
    <ClInclude Include="I:\Crytek\CRYENGINE Launcher\SourceCode\bigspring-cry\CRYENGINE\Code\CryEngine\CrySystem\CryThreadUtil_posix.h">
      <Filter>Threading</Filter>
    </ClInclude>
    <ClInclude Include="I:\Crytek\CRYENGINE Launcher\SourceCode\bigspring-cry\CRYENGINE\Code\CryEngine\CrySystem\SystemInit.h">
      <Filter>Header Files</Filter>
    </ClInclude>
    <ClInclude Include="I:\Crytek\CRYENGINE Launcher\SourceCode\bigspring-cry\CRYENGINE\Code\CryEngine\CrySystem\Statistics\LocalMemoryUsage.h">
      <Filter>Header Files</Filter>
    </ClInclude>
    <ClInclude Include="I:\Crytek\CRYENGINE Launcher\SourceCode\bigspring-cry\CRYENGINE\Code\CryEngine\CrySystem\MemoryFragmentationProfiler.h">
      <Filter>Header Files</Filter>
    </ClInclude>
    <ClInclude Include="I:\Crytek\CRYENGINE Launcher\SourceCode\bigspring-cry\CRYENGINE\Code\CryEngine\CrySystem\XML\ReadWriteXMLSink.h">
      <Filter>Header Files</Filter>
    </ClInclude>
    <ClInclude Include="I:\Crytek\CRYENGINE Launcher\SourceCode\bigspring-cry\CRYENGINE\Code\CryEngine\CrySystem\Serialization\ArchiveHost.h">
      <Filter>Header Files</Filter>
    </ClInclude>
    <ClInclude Include="I:\Crytek\CRYENGINE Launcher\SourceCode\bigspring-cry\CRYENGINE\Code\CryEngine\CrySystem\PlatformOS\PatternMatcher.h">
      <Filter>Header Files</Filter>
    </ClInclude>
    <ClInclude Include="I:\Crytek\CRYENGINE Launcher\SourceCode\bigspring-cry\CRYENGINE\Code\CryEngine\CrySystem\BudgetingSystem.h">
      <Filter>Header Files</Filter>
    </ClInclude>
    <ClInclude Include="I:\Crytek\CRYENGINE Launcher\SourceCode\bigspring-cry\CRYENGINE\Code\CryEngine\CrySystem\CmdLine.h">
      <Filter>Header Files</Filter>
    </ClInclude>
    <ClInclude Include="I:\Crytek\CRYENGINE Launcher\SourceCode\bigspring-cry\CRYENGINE\Code\CryEngine\CrySystem\CmdLineArg.h">
      <Filter>Header Files</Filter>
    </ClInclude>
    <ClInclude Include="I:\Crytek\CRYENGINE Launcher\SourceCode\bigspring-cry\CRYENGINE\Code\CryEngine\CrySystem\ConsoleBatchFile.h">
      <Filter>Header Files</Filter>
    </ClInclude>
    <ClInclude Include="I:\Crytek\CRYENGINE Launcher\SourceCode\bigspring-cry\CRYENGINE\Code\CryEngine\CrySystem\ConsoleHelpGen.h">
      <Filter>Header Files</Filter>
    </ClInclude>
    <ClInclude Include="I:\Crytek\CRYENGINE Launcher\SourceCode\bigspring-cry\CRYENGINE\Code\CryEngine\CrySystem\CPUDetect.h">
      <Filter>Header Files</Filter>
    </ClInclude>
    <ClInclude Include="I:\Crytek\CRYENGINE Launcher\SourceCode\bigspring-cry\CRYENGINE\Code\CryEngine\CrySystem\CryPak.h">
      <Filter>Header Files</Filter>
    </ClInclude>
    <ClInclude Include="I:\Crytek\CRYENGINE Launcher\SourceCode\bigspring-cry\CRYENGINE\Code\CryEngine\CrySystem\CryPakHandleCache.h">
      <Filter>Header Files</Filter>
    </ClInclude>
    <ClInclude Include="I:\Crytek\CRYENGINE Launcher\SourceCode\bigspring-cry\CRYENGINE\Code\CryEngine\CrySystem\CrySizerImpl.h">
      <Filter>Header Files</Filter>
    </ClInclude>
    <ClInclude Include="I:\Crytek\CRYENGINE Launcher\SourceCode\bigspring-cry\CRYENGINE\Code\CryEngine\CrySystem\CrySizerStats.h">
      <Filter>Header Files</Filter>
    </ClInclude>
    <ClInclude Include="I:\Crytek\CRYENGINE Launcher\SourceCode\bigspring-cry\CRYENGINE\Code\CryEngine\CrySystem\CryWaterMark.h">
      <Filter>Header Files</Filter>
    </ClInclude>
    <ClInclude Include="I:\Crytek\CRYENGINE Launcher\SourceCode\bigspring-cry\CRYENGINE\Code\CryEngine\CrySystem\DebugCallStack.h">
      <Filter>Header Files</Filter>
    </ClInclude>
    <ClInclude Include="I:\Crytek\CRYENGINE Launcher\SourceCode\bigspring-cry\CRYENGINE\Code\CryEngine\CrySystem\GeneralMemoryHeap.h">
      <Filter>Header Files</Filter>
    </ClInclude>
    <ClInclude Include="I:\Crytek\CRYENGINE Launcher\SourceCode\bigspring-cry\CRYENGINE\Code\CryEngine\CrySystem\HardwareMouse.h">
      <Filter>Header Files</Filter>
    </ClInclude>
    <ClInclude Include="I:\Crytek\CRYENGINE Launcher\SourceCode\bigspring-cry\CRYENGINE\Code\CryEngine\CrySystem\HotUpdate.h">
      <Filter>Header Files</Filter>
    </ClInclude>
    <ClInclude Include="I:\Crytek\CRYENGINE Launcher\SourceCode\bigspring-cry\CRYENGINE\Code\CryEngine\CrySystem\IDebugCallStack.h">
      <Filter>Header Files</Filter>
    </ClInclude>
    <ClInclude Include="I:\Crytek\CRYENGINE Launcher\SourceCode\bigspring-cry\CRYENGINE\Code\CryEngine\CrySystem\Log.h">
      <Filter>Header Files</Filter>
    </ClInclude>
    <ClInclude Include="I:\Crytek\CRYENGINE Launcher\SourceCode\bigspring-cry\CRYENGINE\Code\CryEngine\CrySystem\NotificationNetwork.h">
      <Filter>Header Files</Filter>
    </ClInclude>
    <ClInclude Include="I:\Crytek\CRYENGINE Launcher\SourceCode\bigspring-cry\CRYENGINE\Code\CryEngine\CrySystem\PakVars.h">
      <Filter>Header Files</Filter>
    </ClInclude>
    <ClInclude Include="I:\Crytek\CRYENGINE Launcher\SourceCode\bigspring-cry\CRYENGINE\Code\CryEngine\CrySystem\resource.h">
      <Filter>Header Files</Filter>
    </ClInclude>
    <ClInclude Include="I:\Crytek\CRYENGINE Launcher\SourceCode\bigspring-cry\CRYENGINE\Code\CryEngine\CrySystem\SimpleStringPool.h">
      <Filter>Header Files</Filter>
    </ClInclude>
    <ClInclude Include="I:\Crytek\CRYENGINE Launcher\SourceCode\bigspring-cry\CRYENGINE\Code\CryEngine\CrySystem\System.h">
      <Filter>Header Files</Filter>
    </ClInclude>
    <ClInclude Include="I:\Crytek\CRYENGINE Launcher\SourceCode\bigspring-cry\CRYENGINE\Code\CryEngine\CrySystem\SystemCFG.h">
      <Filter>Header Files</Filter>
    </ClInclude>
    <ClInclude Include="I:\Crytek\CRYENGINE Launcher\SourceCode\bigspring-cry\CRYENGINE\Code\CryEngine\CrySystem\SystemEventDispatcher.h">
      <Filter>Header Files</Filter>
    </ClInclude>
    <ClInclude Include="I:\Crytek\CRYENGINE Launcher\SourceCode\bigspring-cry\CRYENGINE\Code\CryEngine\CrySystem\Timer.h">
      <Filter>Header Files</Filter>
    </ClInclude>
    <ClInclude Include="I:\Crytek\CRYENGINE Launcher\SourceCode\bigspring-cry\CRYENGINE\Code\CryEngine\CrySystem\Validator.h">
      <Filter>Header Files</Filter>
    </ClInclude>
    <ClInclude Include="I:\Crytek\CRYENGINE Launcher\SourceCode\bigspring-cry\CRYENGINE\Code\CryEngine\CrySystem\XConsole.h">
      <Filter>Header Files</Filter>
    </ClInclude>
    <ClInclude Include="I:\Crytek\CRYENGINE Launcher\SourceCode\bigspring-cry\CRYENGINE\Code\CryEngine\CrySystem\XConsoleVariable.h">
      <Filter>Header Files</Filter>
    </ClInclude>
    <ClInclude Include="I:\Crytek\CRYENGINE Launcher\SourceCode\bigspring-cry\CRYENGINE\Code\CryEngine\CrySystem\BootProfiler.h">
      <Filter>Header Files</Filter>
    </ClInclude>
    <ClInclude Include="I:\Crytek\CRYENGINE Launcher\SourceCode\bigspring-cry\CRYENGINE\Code\CryEngine\CrySystem\AutoDetectCPUTestSuit.cpp">
      <Filter>Source Files</Filter>
    </ClInclude>
    <ClInclude Include="I:\Crytek\CRYENGINE Launcher\SourceCode\bigspring-cry\CRYENGINE\Code\CryEngine\CrySystem\AutoDetectSpec.cpp">
      <Filter>Source Files</Filter>
    </ClInclude>
    <ClInclude Include="I:\Crytek\CRYENGINE Launcher\SourceCode\bigspring-cry\CRYENGINE\Code\CryEngine\CrySystem\AVI_Reader.cpp">
      <Filter>Source Files</Filter>
    </ClInclude>
    <ClInclude Include="I:\Crytek\CRYENGINE Launcher\SourceCode\bigspring-cry\CRYENGINE\Code\CryEngine\CrySystem\BudgetingSystem.cpp">
      <Filter>Source Files</Filter>
    </ClInclude>
    <ClInclude Include="I:\Crytek\CRYENGINE Launcher\SourceCode\bigspring-cry\CRYENGINE\Code\CryEngine\CrySystem\ClientHandler.cpp">
      <Filter>Source Files</Filter>
    </ClInclude>
    <ClInclude Include="I:\Crytek\CRYENGINE Launcher\SourceCode\bigspring-cry\CRYENGINE\Code\CryEngine\CrySystem\CmdLine.cpp">
      <Filter>Source Files</Filter>
    </ClInclude>
    <ClInclude Include="I:\Crytek\CRYENGINE Launcher\SourceCode\bigspring-cry\CRYENGINE\Code\CryEngine\CrySystem\CmdLineArg.cpp">
      <Filter>Source Files</Filter>
    </ClInclude>
    <ClInclude Include="I:\Crytek\CRYENGINE Launcher\SourceCode\bigspring-cry\CRYENGINE\Code\CryEngine\CrySystem\CompressedFile.cpp">
      <Filter>Source Files</Filter>
    </ClInclude>
    <ClInclude Include="I:\Crytek\CRYENGINE Launcher\SourceCode\bigspring-cry\CRYENGINE\Code\CryEngine\CrySystem\ConsoleBatchFile.cpp">
      <Filter>Source Files</Filter>
    </ClInclude>
    <ClInclude Include="I:\Crytek\CRYENGINE Launcher\SourceCode\bigspring-cry\CRYENGINE\Code\CryEngine\CrySystem\ConsoleHelpGen.cpp">
      <Filter>Source Files</Filter>
    </ClInclude>
    <ClInclude Include="I:\Crytek\CRYENGINE Launcher\SourceCode\bigspring-cry\CRYENGINE\Code\CryEngine\CrySystem\CPUDetect.cpp">
      <Filter>Source Files</Filter>
    </ClInclude>
    <ClInclude Include="I:\Crytek\CRYENGINE Launcher\SourceCode\bigspring-cry\CRYENGINE\Code\CryEngine\CrySystem\CryArchive.cpp">
      <Filter>Source Files</Filter>
    </ClInclude>
    <ClInclude Include="I:\Crytek\CRYENGINE Launcher\SourceCode\bigspring-cry\CRYENGINE\Code\CryEngine\CrySystem\CryAsyncMemcpy.cpp">
      <Filter>Source Files</Filter>
    </ClInclude>
    <ClInclude Include="I:\Crytek\CRYENGINE Launcher\SourceCode\bigspring-cry\CRYENGINE\Code\CryEngine\CrySystem\CryPak.cpp">
      <Filter>Source Files</Filter>
    </ClInclude>
    <ClInclude Include="I:\Crytek\CRYENGINE Launcher\SourceCode\bigspring-cry\CRYENGINE\Code\CryEngine\CrySystem\CrySizerImpl.cpp">
      <Filter>Source Files</Filter>
    </ClInclude>
    <ClInclude Include="I:\Crytek\CRYENGINE Launcher\SourceCode\bigspring-cry\CRYENGINE\Code\CryEngine\CrySystem\CrySizerStats.cpp">
      <Filter>Source Files</Filter>
    </ClInclude>
    <ClInclude Include="I:\Crytek\CRYENGINE Launcher\SourceCode\bigspring-cry\CRYENGINE\Code\CryEngine\CrySystem\DebugCallStack.cpp">
      <Filter>Source Files</Filter>
    </ClInclude>
    <ClInclude Include="I:\Crytek\CRYENGINE Launcher\SourceCode\bigspring-cry\CRYENGINE\Code\CryEngine\CrySystem\DllMain.cpp">
      <Filter>Source Files</Filter>
    </ClInclude>
    <ClInclude Include="I:\Crytek\CRYENGINE Launcher\SourceCode\bigspring-cry\CRYENGINE\Code\CryEngine\CrySystem\FileIOWrapper.cpp">
      <Filter>Source Files</Filter>
    </ClInclude>
    <ClInclude Include="I:\Crytek\CRYENGINE Launcher\SourceCode\bigspring-cry\CRYENGINE\Code\CryEngine\CrySystem\GeneralMemoryHeap.cpp">
      <Filter>Source Files</Filter>
    </ClInclude>
    <ClInclude Include="I:\Crytek\CRYENGINE Launcher\SourceCode\bigspring-cry\CRYENGINE\Code\CryEngine\CrySystem\HandlerBase.cpp">
      <Filter>Source Files</Filter>
    </ClInclude>
    <ClInclude Include="I:\Crytek\CRYENGINE Launcher\SourceCode\bigspring-cry\CRYENGINE\Code\CryEngine\CrySystem\HardwareMouse.cpp">
      <Filter>Source Files</Filter>
    </ClInclude>
    <ClInclude Include="I:\Crytek\CRYENGINE Launcher\SourceCode\bigspring-cry\CRYENGINE\Code\CryEngine\CrySystem\IDebugCallStack.cpp">
      <Filter>Source Files</Filter>
    </ClInclude>
    <ClInclude Include="I:\Crytek\CRYENGINE Launcher\SourceCode\bigspring-cry\CRYENGINE\Code\CryEngine\CrySystem\JiraClient.cpp">
      <Filter>Source Files</Filter>
    </ClInclude>
    <ClInclude Include="I:\Crytek\CRYENGINE Launcher\SourceCode\bigspring-cry\CRYENGINE\Code\CryEngine\CrySystem\AsyncPakManager.cpp">
      <Filter>Source Files</Filter>
    </ClInclude>
    <ClInclude Include="I:\Crytek\CRYENGINE Launcher\SourceCode\bigspring-cry\CRYENGINE\Code\CryEngine\CrySystem\Log.cpp">
      <Filter>Source Files</Filter>
    </ClInclude>
    <ClInclude Include="I:\Crytek\CRYENGINE Launcher\SourceCode\bigspring-cry\CRYENGINE\Code\CryEngine\CrySystem\MemReplay.cpp">
      <Filter>Source Files</Filter>
    </ClInclude>
    <ClInclude Include="I:\Crytek\CRYENGINE Launcher\SourceCode\bigspring-cry\CRYENGINE\Code\CryEngine\CrySystem\BootProfiler.cpp">
      <Filter>Source Files</Filter>
    </ClInclude>
    <ClInclude Include="I:\Crytek\CRYENGINE Launcher\SourceCode\bigspring-cry\CRYENGINE\Code\CryEngine\CrySystem\SystemRender.cpp">
      <Filter>Source Files</Filter>
    </ClInclude>
    <ClInclude Include="I:\Crytek\CRYENGINE Launcher\SourceCode\bigspring-cry\CRYENGINE\Code\CryEngine\CrySystem\NotificationNetwork.cpp">
      <Filter>Source Files</Filter>
    </ClInclude>
    <ClInclude Include="I:\Crytek\CRYENGINE Launcher\SourceCode\bigspring-cry\CRYENGINE\Code\CryEngine\CrySystem\PhysRenderer.cpp">
      <Filter>Source Files</Filter>
    </ClInclude>
    <ClInclude Include="I:\Crytek\CRYENGINE Launcher\SourceCode\bigspring-cry\CRYENGINE\Code\CryEngine\CrySystem\ResourceManager.cpp">
      <Filter>Source Files</Filter>
    </ClInclude>
    <ClInclude Include="I:\Crytek\CRYENGINE Launcher\SourceCode\bigspring-cry\CRYENGINE\Code\CryEngine\CrySystem\ServerHandler.cpp">
      <Filter>Source Files</Filter>
    </ClInclude>
    <ClInclude Include="I:\Crytek\CRYENGINE Launcher\SourceCode\bigspring-cry\CRYENGINE\Code\CryEngine\CrySystem\ServerThrottle.cpp">
      <Filter>Source Files</Filter>
    </ClInclude>
    <ClInclude Include="I:\Crytek\CRYENGINE Launcher\SourceCode\bigspring-cry\CRYENGINE\Code\CryEngine\CrySystem\SyncLock.cpp">
      <Filter>Source Files</Filter>
    </ClInclude>
    <ClInclude Include="I:\Crytek\CRYENGINE Launcher\SourceCode\bigspring-cry\CRYENGINE\Code\CryEngine\CrySystem\System.cpp">
      <Filter>Source Files</Filter>
    </ClInclude>
    <ClInclude Include="I:\Crytek\CRYENGINE Launcher\SourceCode\bigspring-cry\CRYENGINE\Code\CryEngine\CrySystem\SystemCFG.cpp">
      <Filter>Source Files</Filter>
    </ClInclude>
    <ClInclude Include="I:\Crytek\CRYENGINE Launcher\SourceCode\bigspring-cry\CRYENGINE\Code\CryEngine\CrySystem\SystemEventDispatcher.cpp">
      <Filter>Source Files</Filter>
    </ClInclude>
    <ClInclude Include="I:\Crytek\CRYENGINE Launcher\SourceCode\bigspring-cry\CRYENGINE\Code\CryEngine\CrySystem\SystemInit.cpp">
      <Filter>Source Files</Filter>
    </ClInclude>
    <ClInclude Include="I:\Crytek\CRYENGINE Launcher\SourceCode\bigspring-cry\CRYENGINE\Code\CryEngine\CrySystem\SystemScheduler.cpp">
      <Filter>Source Files</Filter>
    </ClInclude>
    <ClInclude Include="I:\Crytek\CRYENGINE Launcher\SourceCode\bigspring-cry\CRYENGINE\Code\CryEngine\CrySystem\SystemWin32.cpp">
      <Filter>Source Files</Filter>
    </ClInclude>
    <ClInclude Include="I:\Crytek\CRYENGINE Launcher\SourceCode\bigspring-cry\CRYENGINE\Code\CryEngine\CrySystem\Timer.cpp">
      <Filter>Source Files</Filter>
    </ClInclude>
    <ClInclude Include="I:\Crytek\CRYENGINE Launcher\SourceCode\bigspring-cry\CRYENGINE\Code\CryEngine\CrySystem\UnixConsole.cpp">
      <Filter>Source Files</Filter>
    </ClInclude>
    <ClInclude Include="I:\Crytek\CRYENGINE Launcher\SourceCode\bigspring-cry\CRYENGINE\Code\CryEngine\CrySystem\WindowsConsole.cpp">
      <Filter>Source Files</Filter>
    </ClInclude>
    <ClInclude Include="I:\Crytek\CRYENGINE Launcher\SourceCode\bigspring-cry\CRYENGINE\Code\CryEngine\CrySystem\XConsole.cpp">
      <Filter>Source Files</Filter>
    </ClInclude>
    <ClInclude Include="I:\Crytek\CRYENGINE Launcher\SourceCode\bigspring-cry\CRYENGINE\Code\CryEngine\CrySystem\XConsoleVariable.cpp">
      <Filter>Source Files</Filter>
    </ClInclude>
    <ClInclude Include="I:\Crytek\CRYENGINE Launcher\SourceCode\bigspring-cry\CRYENGINE\Code\CryEngine\CrySystem\AutoDetectCPUTestSuit.h">
      <Filter>Source Files</Filter>
    </ClInclude>
    <ClInclude Include="I:\Crytek\CRYENGINE Launcher\SourceCode\bigspring-cry\CRYENGINE\Code\CryEngine\CrySystem\AutoDetectSpec.h">
      <Filter>Source Files</Filter>
    </ClInclude>
    <ClInclude Include="I:\Crytek\CRYENGINE Launcher\SourceCode\bigspring-cry\CRYENGINE\Code\CryEngine\CrySystem\AVI_Reader.h">
      <Filter>Source Files</Filter>
    </ClInclude>
    <ClInclude Include="I:\Crytek\CRYENGINE Launcher\SourceCode\bigspring-cry\CRYENGINE\Code\CryEngine\CrySystem\ClientHandler.h">
      <Filter>Source Files</Filter>
    </ClInclude>
    <ClInclude Include="I:\Crytek\CRYENGINE Launcher\SourceCode\bigspring-cry\CRYENGINE\Code\CryEngine\CrySystem\CryArchive.h">
      <Filter>Source Files</Filter>
    </ClInclude>
    <ClInclude Include="I:\Crytek\CRYENGINE Launcher\SourceCode\bigspring-cry\CRYENGINE\Code\CryEngine\CrySystem\DxDiag.h">
      <Filter>Source Files</Filter>
    </ClInclude>
    <ClInclude Include="I:\Crytek\CRYENGINE Launcher\SourceCode\bigspring-cry\CRYENGINE\Code\CryEngine\CrySystem\FileIOWrapper.h">
      <Filter>Source Files</Filter>
    </ClInclude>
    <ClInclude Include="I:\Crytek\CRYENGINE Launcher\SourceCode\bigspring-cry\CRYENGINE\Code\CryEngine\CrySystem\HandlerBase.h">
      <Filter>Source Files</Filter>
    </ClInclude>
    <ClInclude Include="I:\Crytek\CRYENGINE Launcher\SourceCode\bigspring-cry\CRYENGINE\Code\CryEngine\CrySystem\JiraClient.h">
      <Filter>Source Files</Filter>
    </ClInclude>
    <ClInclude Include="I:\Crytek\CRYENGINE Launcher\SourceCode\bigspring-cry\CRYENGINE\Code\CryEngine\CrySystem\AsyncPakManager.h">
      <Filter>Source Files</Filter>
    </ClInclude>
    <ClInclude Include="I:\Crytek\CRYENGINE Launcher\SourceCode\bigspring-cry\CRYENGINE\Code\CryEngine\CrySystem\PhysRenderer.h">
      <Filter>Source Files</Filter>
    </ClInclude>
    <ClInclude Include="I:\Crytek\CRYENGINE Launcher\SourceCode\bigspring-cry\CRYENGINE\Code\CryEngine\CrySystem\ResourceManager.h">
      <Filter>Source Files</Filter>
    </ClInclude>
    <ClInclude Include="I:\Crytek\CRYENGINE Launcher\SourceCode\bigspring-cry\CRYENGINE\Code\CryEngine\CrySystem\ServerHandler.h">
      <Filter>Source Files</Filter>
    </ClInclude>
    <ClInclude Include="I:\Crytek\CRYENGINE Launcher\SourceCode\bigspring-cry\CRYENGINE\Code\CryEngine\CrySystem\ServerThrottle.h">
      <Filter>Source Files</Filter>
    </ClInclude>
    <ClInclude Include="I:\Crytek\CRYENGINE Launcher\SourceCode\bigspring-cry\CRYENGINE\Code\CryEngine\CrySystem\SyncLock.h">
      <Filter>Source Files</Filter>
    </ClInclude>
    <ClInclude Include="I:\Crytek\CRYENGINE Launcher\SourceCode\bigspring-cry\CRYENGINE\Code\CryEngine\CrySystem\SystemScheduler.h">
      <Filter>Source Files</Filter>
    </ClInclude>
    <ClInclude Include="I:\Crytek\CRYENGINE Launcher\SourceCode\bigspring-cry\CRYENGINE\Code\CryEngine\CrySystem\UnixConsole.h">
      <Filter>Source Files</Filter>
    </ClInclude>
    <ClInclude Include="I:\Crytek\CRYENGINE Launcher\SourceCode\bigspring-cry\CRYENGINE\Code\CryEngine\CrySystem\WindowsConsole.h">
      <Filter>Source Files</Filter>
    </ClInclude>
    <ClInclude Include="I:\Crytek\CRYENGINE Launcher\SourceCode\bigspring-cry\CRYENGINE\Code\CryEngine\CrySystem\DefragAllocator.cpp">
      <Filter>MemoryManager</Filter>
    </ClInclude>
    <ClInclude Include="I:\Crytek\CRYENGINE Launcher\SourceCode\bigspring-cry\CRYENGINE\Code\CryEngine\CrySystem\MemoryAddressRange.cpp">
      <Filter>MemoryManager</Filter>
    </ClInclude>
    <ClInclude Include="I:\Crytek\CRYENGINE Launcher\SourceCode\bigspring-cry\CRYENGINE\Code\CryEngine\CrySystem\PageMappingHeap.cpp">
      <Filter>MemoryManager</Filter>
    </ClInclude>
    <ClInclude Include="I:\Crytek\CRYENGINE Launcher\SourceCode\bigspring-cry\CRYENGINE\Code\CryEngine\CrySystem\CryMemoryManager.cpp">
      <Filter>MemoryManager</Filter>
    </ClInclude>
    <ClInclude Include="I:\Crytek\CRYENGINE Launcher\SourceCode\bigspring-cry\CRYENGINE\Code\CryEngine\CrySystem\CustomMemoryHeap.h">
      <Filter>MemoryManager</Filter>
    </ClInclude>
    <ClInclude Include="I:\Crytek\CRYENGINE Launcher\SourceCode\bigspring-cry\CRYENGINE\Code\CryEngine\CrySystem\CustomMemoryHeap.cpp">
      <Filter>MemoryManager</Filter>
    </ClInclude>
    <ClInclude Include="I:\Crytek\CRYENGINE Launcher\SourceCode\bigspring-cry\CRYENGINE\Code\CryEngine\CrySystem\MemoryManager.cpp">
      <Filter>MemoryManager</Filter>
    </ClInclude>
    <ClInclude Include="I:\Crytek\CRYENGINE Launcher\SourceCode\bigspring-cry\CRYENGINE\Code\CryEngine\CrySystem\MTSafeAllocator.cpp">
      <Filter>MemoryManager</Filter>
    </ClInclude>
    <ClInclude Include="I:\Crytek\CRYENGINE Launcher\SourceCode\bigspring-cry\CRYENGINE\Code\CryEngine\CrySystem\DefragAllocator.h">
      <Filter>MemoryManager</Filter>
    </ClInclude>
    <ClInclude Include="I:\Crytek\CRYENGINE Launcher\SourceCode\bigspring-cry\CRYENGINE\Code\CryEngine\CrySystem\MemoryAddressRange.h">
      <Filter>MemoryManager</Filter>
    </ClInclude>
    <ClInclude Include="I:\Crytek\CRYENGINE Launcher\SourceCode\bigspring-cry\CRYENGINE\Code\CryEngine\CrySystem\PageMappingHeap.h">
      <Filter>MemoryManager</Filter>
    </ClInclude>
    <ClInclude Include="I:\Crytek\CRYENGINE Launcher\SourceCode\bigspring-cry\CRYENGINE\Code\CryEngine\CrySystem\MemoryManager.h">
      <Filter>MemoryManager</Filter>
    </ClInclude>
    <ClInclude Include="I:\Crytek\CRYENGINE Launcher\SourceCode\bigspring-cry\CRYENGINE\Code\CryEngine\CrySystem\MemReplay.h">
      <Filter>MemoryManager</Filter>
    </ClInclude>
    <ClInclude Include="I:\Crytek\CRYENGINE Launcher\SourceCode\bigspring-cry\CRYENGINE\Code\CryEngine\CrySystem\MTSafeAllocator.h">
      <Filter>MemoryManager</Filter>
    </ClInclude>
    <ClInclude Include="I:\Crytek\CRYENGINE Launcher\SourceCode\bigspring-cry\CRYENGINE\Code\CryEngine\CrySystem\StreamEngine\StreamAsyncFileRequest.cpp">
      <Filter>StreamEngine</Filter>
    </ClInclude>
    <ClInclude Include="I:\Crytek\CRYENGINE Launcher\SourceCode\bigspring-cry\CRYENGINE\Code\CryEngine\CrySystem\StreamEngine\StreamAsyncFileRequest_Jobs.cpp">
      <Filter>StreamEngine</Filter>
    </ClInclude>
    <ClInclude Include="I:\Crytek\CRYENGINE Launcher\SourceCode\bigspring-cry\CRYENGINE\Code\CryEngine\CrySystem\StreamEngine\StreamEngine.cpp">
      <Filter>StreamEngine</Filter>
    </ClInclude>
    <ClInclude Include="I:\Crytek\CRYENGINE Launcher\SourceCode\bigspring-cry\CRYENGINE\Code\CryEngine\CrySystem\StreamEngine\StreamIOThread.cpp">
      <Filter>StreamEngine</Filter>
    </ClInclude>
    <ClInclude Include="I:\Crytek\CRYENGINE Launcher\SourceCode\bigspring-cry\CRYENGINE\Code\CryEngine\CrySystem\StreamEngine\StreamReadStream.cpp">
      <Filter>StreamEngine</Filter>
    </ClInclude>
    <ClInclude Include="I:\Crytek\CRYENGINE Launcher\SourceCode\bigspring-cry\CRYENGINE\Code\CryEngine\CrySystem\StreamEngine\StreamAsyncFileRequest.h">
      <Filter>StreamEngine</Filter>
    </ClInclude>
    <ClInclude Include="I:\Crytek\CRYENGINE Launcher\SourceCode\bigspring-cry\CRYENGINE\Code\CryEngine\CrySystem\StreamEngine\StreamEngine.h">
      <Filter>StreamEngine</Filter>
    </ClInclude>
    <ClInclude Include="I:\Crytek\CRYENGINE Launcher\SourceCode\bigspring-cry\CRYENGINE\Code\CryEngine\CrySystem\StreamEngine\StreamIOThread.h">
      <Filter>StreamEngine</Filter>
    </ClInclude>
    <ClInclude Include="I:\Crytek\CRYENGINE Launcher\SourceCode\bigspring-cry\CRYENGINE\Code\CryEngine\CrySystem\StreamEngine\StreamReadStream.h">
      <Filter>StreamEngine</Filter>
    </ClInclude>
    <ClInclude Include="I:\Crytek\CRYENGINE Launcher\SourceCode\bigspring-cry\CRYENGINE\Code\CryEngine\CrySystem\XML\SerializeXMLReader.cpp">
      <Filter>XML</Filter>
    </ClInclude>
    <ClInclude Include="I:\Crytek\CRYENGINE Launcher\SourceCode\bigspring-cry\CRYENGINE\Code\CryEngine\CrySystem\XML\SerializeXMLWriter.cpp">
      <Filter>XML</Filter>
    </ClInclude>
    <ClInclude Include="I:\Crytek\CRYENGINE Launcher\SourceCode\bigspring-cry\CRYENGINE\Code\CryEngine\CrySystem\XML\xml.cpp">
      <Filter>XML</Filter>
    </ClInclude>
    <ClInclude Include="I:\Crytek\CRYENGINE Launcher\SourceCode\bigspring-cry\CRYENGINE\Code\CryEngine\CrySystem\XML\XMLBinaryNode.cpp">
      <Filter>XML</Filter>
    </ClInclude>
    <ClInclude Include="I:\Crytek\CRYENGINE Launcher\SourceCode\bigspring-cry\CRYENGINE\Code\CryEngine\CrySystem\XML\XMLBinaryReader.cpp">
      <Filter>XML</Filter>
    </ClInclude>
    <ClInclude Include="I:\Crytek\CRYENGINE Launcher\SourceCode\bigspring-cry\CRYENGINE\Code\CryEngine\CrySystem\XML\XMLBinaryWriter.cpp">
      <Filter>XML</Filter>
    </ClInclude>
    <ClInclude Include="I:\Crytek\CRYENGINE Launcher\SourceCode\bigspring-cry\CRYENGINE\Code\CryEngine\CrySystem\XML\XMLPatcher.cpp">
      <Filter>XML</Filter>
    </ClInclude>
    <ClInclude Include="I:\Crytek\CRYENGINE Launcher\SourceCode\bigspring-cry\CRYENGINE\Code\CryEngine\CrySystem\XML\XmlUtils.cpp">
      <Filter>XML</Filter>
    </ClInclude>
    <ClInclude Include="I:\Crytek\CRYENGINE Launcher\SourceCode\bigspring-cry\CRYENGINE\Code\CryEngine\CrySystem\XML\SerializeXMLReader.h">
      <Filter>XML</Filter>
    </ClInclude>
    <ClInclude Include="I:\Crytek\CRYENGINE Launcher\SourceCode\bigspring-cry\CRYENGINE\Code\CryEngine\CrySystem\XML\SerializeXMLWriter.h">
      <Filter>XML</Filter>
    </ClInclude>
    <ClInclude Include="I:\Crytek\CRYENGINE Launcher\SourceCode\bigspring-cry\CRYENGINE\Code\CryEngine\CrySystem\XML\xml.h">
      <Filter>XML</Filter>
    </ClInclude>
    <ClInclude Include="I:\Crytek\CRYENGINE Launcher\SourceCode\bigspring-cry\CRYENGINE\Code\CryEngine\CrySystem\XML\XMLPatcher.h">
      <Filter>XML</Filter>
    </ClInclude>
    <ClInclude Include="I:\Crytek\CRYENGINE Launcher\SourceCode\bigspring-cry\CRYENGINE\Code\CryEngine\CrySystem\XML\xml_string.h">
      <Filter>XML</Filter>
    </ClInclude>
    <ClInclude Include="I:\Crytek\CRYENGINE Launcher\SourceCode\bigspring-cry\CRYENGINE\Code\CryEngine\CrySystem\XML\XMLBinaryNode.h">
      <Filter>XML</Filter>
    </ClInclude>
    <ClInclude Include="I:\Crytek\CRYENGINE Launcher\SourceCode\bigspring-cry\CRYENGINE\Code\CryEngine\CrySystem\XML\XMLBinaryReader.h">
      <Filter>XML</Filter>
    </ClInclude>
    <ClInclude Include="I:\Crytek\CRYENGINE Launcher\SourceCode\bigspring-cry\CRYENGINE\Code\CryEngine\CrySystem\XML\XMLBinaryWriter.h">
      <Filter>XML</Filter>
    </ClInclude>
    <ClInclude Include="I:\Crytek\CRYENGINE Launcher\SourceCode\bigspring-cry\CRYENGINE\Code\CryEngine\CrySystem\XML\XmlUtils.h">
      <Filter>XML</Filter>
    </ClInclude>
    <ClInclude Include="I:\Crytek\CRYENGINE Launcher\SourceCode\bigspring-cry\CRYENGINE\Code\CryEngine\CrySystem\XML\ReadXMLSink.cpp">
      <Filter>XML\XMLSink</Filter>
    </ClInclude>
    <ClInclude Include="I:\Crytek\CRYENGINE Launcher\SourceCode\bigspring-cry\CRYENGINE\Code\CryEngine\CrySystem\XML\WriteXMLSource.cpp">
      <Filter>XML\XMLSink</Filter>
    </ClInclude>
    <ClInclude Include="I:\Crytek\CRYENGINE Launcher\SourceCode\bigspring-cry\CRYENGINE\Code\CryEngine\CrySystem\ZipEncrypt.cpp">
      <Filter>ZipDir</Filter>
    </ClInclude>
    <ClInclude Include="I:\Crytek\CRYENGINE Launcher\SourceCode\bigspring-cry\CRYENGINE\Code\CryEngine\CrySystem\ZipDirCache.cpp">
      <Filter>ZipDir</Filter>
    </ClInclude>
    <ClInclude Include="I:\Crytek\CRYENGINE Launcher\SourceCode\bigspring-cry\CRYENGINE\Code\CryEngine\CrySystem\ZipDirCacheFactory.cpp">
      <Filter>ZipDir</Filter>
    </ClInclude>
    <ClInclude Include="I:\Crytek\CRYENGINE Launcher\SourceCode\bigspring-cry\CRYENGINE\Code\CryEngine\CrySystem\ZipDirCacheRW.cpp">
      <Filter>ZipDir</Filter>
    </ClInclude>
    <ClInclude Include="I:\Crytek\CRYENGINE Launcher\SourceCode\bigspring-cry\CRYENGINE\Code\CryEngine\CrySystem\ZipDirFind.cpp">
      <Filter>ZipDir</Filter>
    </ClInclude>
    <ClInclude Include="I:\Crytek\CRYENGINE Launcher\SourceCode\bigspring-cry\CRYENGINE\Code\CryEngine\CrySystem\ZipDirFindRW.cpp">
      <Filter>ZipDir</Filter>
    </ClInclude>
    <ClInclude Include="I:\Crytek\CRYENGINE Launcher\SourceCode\bigspring-cry\CRYENGINE\Code\CryEngine\CrySystem\ZipDirList.cpp">
      <Filter>ZipDir</Filter>
    </ClInclude>
    <ClInclude Include="I:\Crytek\CRYENGINE Launcher\SourceCode\bigspring-cry\CRYENGINE\Code\CryEngine\CrySystem\ZipDirStructures.cpp">
      <Filter>ZipDir</Filter>
    </ClInclude>
    <ClInclude Include="I:\Crytek\CRYENGINE Launcher\SourceCode\bigspring-cry\CRYENGINE\Code\CryEngine\CrySystem\ZipDirTree.cpp">
      <Filter>ZipDir</Filter>
    </ClInclude>
    <ClInclude Include="I:\Crytek\CRYENGINE Launcher\SourceCode\bigspring-cry\CRYENGINE\Code\CryEngine\CrySystem\ZipEncrypt.h">
      <Filter>ZipDir</Filter>
    </ClInclude>
    <ClInclude Include="I:\Crytek\CRYENGINE Launcher\SourceCode\bigspring-cry\CRYENGINE\Code\CryEngine\CrySystem\ZipDir.h">
      <Filter>ZipDir</Filter>
    </ClInclude>
    <ClInclude Include="I:\Crytek\CRYENGINE Launcher\SourceCode\bigspring-cry\CRYENGINE\Code\CryEngine\CrySystem\ZipDirCache.h">
      <Filter>ZipDir</Filter>
    </ClInclude>
    <ClInclude Include="I:\Crytek\CRYENGINE Launcher\SourceCode\bigspring-cry\CRYENGINE\Code\CryEngine\CrySystem\ZipDirCacheFactory.h">
      <Filter>ZipDir</Filter>
    </ClInclude>
    <ClInclude Include="I:\Crytek\CRYENGINE Launcher\SourceCode\bigspring-cry\CRYENGINE\Code\CryEngine\CrySystem\ZipDirCacheRW.h">
      <Filter>ZipDir</Filter>
    </ClInclude>
    <ClInclude Include="I:\Crytek\CRYENGINE Launcher\SourceCode\bigspring-cry\CRYENGINE\Code\CryEngine\CrySystem\ZipDirFind.h">
      <Filter>ZipDir</Filter>
    </ClInclude>
    <ClInclude Include="I:\Crytek\CRYENGINE Launcher\SourceCode\bigspring-cry\CRYENGINE\Code\CryEngine\CrySystem\ZipDirFindRW.h">
      <Filter>ZipDir</Filter>
    </ClInclude>
    <ClInclude Include="I:\Crytek\CRYENGINE Launcher\SourceCode\bigspring-cry\CRYENGINE\Code\CryEngine\CrySystem\ZipDirList.h">
      <Filter>ZipDir</Filter>
    </ClInclude>
    <ClInclude Include="I:\Crytek\CRYENGINE Launcher\SourceCode\bigspring-cry\CRYENGINE\Code\CryEngine\CrySystem\ZipDirStructures.h">
      <Filter>ZipDir</Filter>
    </ClInclude>
    <ClInclude Include="I:\Crytek\CRYENGINE Launcher\SourceCode\bigspring-cry\CRYENGINE\Code\CryEngine\CrySystem\ZipDirTree.h">
      <Filter>ZipDir</Filter>
    </ClInclude>
    <ClInclude Include="I:\Crytek\CRYENGINE Launcher\SourceCode\bigspring-cry\CRYENGINE\Code\CryEngine\CrySystem\ZipFileFormat.h">
      <Filter>ZipDir</Filter>
    </ClInclude>
    <ClInclude Include="I:\Crytek\CRYENGINE Launcher\SourceCode\bigspring-cry\CRYENGINE\Code\CryEngine\CrySystem\ZipFileFormat_info.h">
      <Filter>ZipDir</Filter>
    </ClInclude>
    <ClInclude Include="I:\Crytek\CRYENGINE Launcher\SourceCode\bigspring-cry\CRYENGINE\Code\CryEngine\CrySystem\DownloadManager.cpp">
      <Filter>HTTPDownloader</Filter>
    </ClInclude>
    <ClInclude Include="I:\Crytek\CRYENGINE Launcher\SourceCode\bigspring-cry\CRYENGINE\Code\CryEngine\CrySystem\HTTPDownloader.cpp">
      <Filter>HTTPDownloader</Filter>
    </ClInclude>
    <ClInclude Include="I:\Crytek\CRYENGINE Launcher\SourceCode\bigspring-cry\CRYENGINE\Code\CryEngine\CrySystem\DownloadManager.h">
      <Filter>HTTPDownloader</Filter>
    </ClInclude>
    <ClInclude Include="I:\Crytek\CRYENGINE Launcher\SourceCode\bigspring-cry\CRYENGINE\Code\CryEngine\CrySystem\HTTPDownloader.h">
      <Filter>HTTPDownloader</Filter>
    </ClInclude>
    <ClInclude Include="I:\Crytek\CRYENGINE Launcher\SourceCode\bigspring-cry\CRYENGINE\Code\CryEngine\CrySystem\LocalizedStringManager.cpp">
      <Filter>Localization</Filter>
    </ClInclude>
    <ClInclude Include="I:\Crytek\CRYENGINE Launcher\SourceCode\bigspring-cry\CRYENGINE\Code\CryEngine\CrySystem\LocalizedStringManager.h">
      <Filter>Localization</Filter>
    </ClInclude>
    <ClInclude Include="I:\Crytek\CRYENGINE Launcher\SourceCode\bigspring-cry\CRYENGINE\Code\CryEngine\CrySystem\DiskProfiler.cpp">
      <Filter>Profiler</Filter>
    </ClInclude>
    <ClInclude Include="I:\Crytek\CRYENGINE Launcher\SourceCode\bigspring-cry\CRYENGINE\Code\CryEngine\CrySystem\FrameProfileRender.cpp">
      <Filter>Profiler</Filter>
    </ClInclude>
    <ClInclude Include="I:\Crytek\CRYENGINE Launcher\SourceCode\bigspring-cry\CRYENGINE\Code\CryEngine\CrySystem\FrameProfileSystem.cpp">
      <Filter>Profiler</Filter>
    </ClInclude>
    <ClInclude Include="I:\Crytek\CRYENGINE Launcher\SourceCode\bigspring-cry\CRYENGINE\Code\CryEngine\CrySystem\LoadingProfiler.cpp">
      <Filter>Profiler</Filter>
    </ClInclude>
    <ClInclude Include="I:\Crytek\CRYENGINE Launcher\SourceCode\bigspring-cry\CRYENGINE\Code\CryEngine\CrySystem\PerfHUD.cpp">
      <Filter>Profiler</Filter>
    </ClInclude>
    <ClInclude Include="I:\Crytek\CRYENGINE Launcher\SourceCode\bigspring-cry\CRYENGINE\Code\CryEngine\CrySystem\ProfileLogSystem.cpp">
      <Filter>Profiler</Filter>
    </ClInclude>
    <ClInclude Include="I:\Crytek\CRYENGINE Launcher\SourceCode\bigspring-cry\CRYENGINE\Code\CryEngine\CrySystem\Sampler.cpp">
      <Filter>Profiler</Filter>
    </ClInclude>
    <ClInclude Include="I:\Crytek\CRYENGINE Launcher\SourceCode\bigspring-cry\CRYENGINE\Code\CryEngine\CrySystem\DiskProfiler.h">
      <Filter>Profiler</Filter>
    </ClInclude>
    <ClInclude Include="I:\Crytek\CRYENGINE Launcher\SourceCode\bigspring-cry\CRYENGINE\Code\CryEngine\CrySystem\FrameProfileSystem.h">
      <Filter>Profiler</Filter>
    </ClInclude>
    <ClInclude Include="I:\Crytek\CRYENGINE Launcher\SourceCode\bigspring-cry\CRYENGINE\Code\CryEngine\CrySystem\LoadingProfiler.h">
      <Filter>Profiler</Filter>
    </ClInclude>
    <ClInclude Include="I:\Crytek\CRYENGINE Launcher\SourceCode\bigspring-cry\CRYENGINE\Code\CryEngine\CrySystem\PerfHUD.h">
      <Filter>Profiler</Filter>
    </ClInclude>
    <ClInclude Include="I:\Crytek\CRYENGINE Launcher\SourceCode\bigspring-cry\CRYENGINE\Code\CryEngine\CrySystem\ProfileLogSystem.h">
      <Filter>Profiler</Filter>
    </ClInclude>
    <ClInclude Include="I:\Crytek\CRYENGINE Launcher\SourceCode\bigspring-cry\CRYENGINE\Code\CryEngine\CrySystem\Sampler.h">
      <Filter>Profiler</Filter>
    </ClInclude>
    <ClInclude Include="I:\Crytek\CRYENGINE Launcher\SourceCode\bigspring-cry\CRYENGINE\Code\CryEngine\CrySystem\WindowsErrorReporting.cpp">
      <Filter>Windows</Filter>
    </ClInclude>
    <ClInclude Include="I:\Crytek\CRYENGINE Launcher\SourceCode\bigspring-cry\CRYENGINE\Code\CryEngine\CrySystem\ImeManager.h">
      <Filter>Source Files</Filter>
    </ClInclude>
    <ClInclude Include="I:\Crytek\CRYENGINE Launcher\SourceCode\bigspring-cry\CRYENGINE\Code\CryEngine\CrySystem\ImeManager.cpp">
      <Filter>Source Files</Filter>
    </ClInclude>
    <ClInclude Include="I:\Crytek\CRYENGINE Launcher\SourceCode\bigspring-cry\CRYENGINE\Code\CryEngine\CrySystem\ExcelExport.cpp">
      <Filter>TestSystem</Filter>
    </ClInclude>
    <ClInclude Include="I:\Crytek\CRYENGINE Launcher\SourceCode\bigspring-cry\CRYENGINE\Code\CryEngine\CrySystem\Statistics.cpp">
      <Filter>TestSystem</Filter>
    </ClInclude>
    <ClInclude Include="I:\Crytek\CRYENGINE Launcher\SourceCode\bigspring-cry\CRYENGINE\Code\CryEngine\CrySystem\TestSystemLegacy.cpp">
      <Filter>TestSystem</Filter>
    </ClInclude>
    <ClInclude Include="I:\Crytek\CRYENGINE Launcher\SourceCode\bigspring-cry\CRYENGINE\Code\CryEngine\CrySystem\UnitTestExcelReporter.cpp">
      <Filter>TestSystem</Filter>
    </ClInclude>
    <ClInclude Include="I:\Crytek\CRYENGINE Launcher\SourceCode\bigspring-cry\CRYENGINE\Code\CryEngine\CrySystem\UnitTestSystem.cpp">
      <Filter>TestSystem</Filter>
    </ClInclude>
    <ClInclude Include="I:\Crytek\CRYENGINE Launcher\SourceCode\bigspring-cry\CRYENGINE\Code\CryEngine\CrySystem\VisRegTest.cpp">
      <Filter>TestSystem</Filter>
    </ClInclude>
    <ClInclude Include="I:\Crytek\CRYENGINE Launcher\SourceCode\bigspring-cry\CRYENGINE\Code\CryEngine\CrySystem\ExcelExport.h">
      <Filter>TestSystem</Filter>
    </ClInclude>
    <ClInclude Include="I:\Crytek\CRYENGINE Launcher\SourceCode\bigspring-cry\CRYENGINE\Code\CryEngine\CrySystem\Statistics.h">
      <Filter>TestSystem</Filter>
    </ClInclude>
    <ClInclude Include="I:\Crytek\CRYENGINE Launcher\SourceCode\bigspring-cry\CRYENGINE\Code\CryEngine\CrySystem\TestSystemLegacy.h">
      <Filter>TestSystem</Filter>
    </ClInclude>
    <ClInclude Include="I:\Crytek\CRYENGINE Launcher\SourceCode\bigspring-cry\CRYENGINE\Code\CryEngine\CrySystem\UnitTestExcelReporter.h">
      <Filter>TestSystem</Filter>
    </ClInclude>
    <ClInclude Include="I:\Crytek\CRYENGINE Launcher\SourceCode\bigspring-cry\CRYENGINE\Code\CryEngine\CrySystem\UnitTestSystem.h">
      <Filter>TestSystem</Filter>
    </ClInclude>
    <ClInclude Include="I:\Crytek\CRYENGINE Launcher\SourceCode\bigspring-cry\CRYENGINE\Code\CryEngine\CrySystem\VisRegTest.h">
      <Filter>TestSystem</Filter>
    </ClInclude>
    <ClInclude Include="I:\Crytek\CRYENGINE Launcher\SourceCode\bigspring-cry\CRYENGINE\Code\CryEngine\CrySystem\ExtensionSystem\CryPluginManager.cpp">
      <Filter>ExtensionSystem</Filter>
    </ClInclude>
    <ClInclude Include="I:\Crytek\CRYENGINE Launcher\SourceCode\bigspring-cry\CRYENGINE\Code\CryEngine\CrySystem\ExtensionSystem\CryPluginManager.h">
      <Filter>ExtensionSystem</Filter>
    </ClInclude>
    <ClInclude Include="I:\Crytek\CRYENGINE Launcher\SourceCode\bigspring-cry\CRYENGINE\Code\CryEngine\CrySystem\ExtensionSystem\CryFactoryRegistryImpl.cpp">
      <Filter>ExtensionSystem</Filter>
    </ClInclude>
    <ClInclude Include="I:\Crytek\CRYENGINE Launcher\SourceCode\bigspring-cry\CRYENGINE\Code\CryEngine\CrySystem\ExtensionSystem\CryFactoryRegistryImpl.h">
      <Filter>ExtensionSystem</Filter>
    </ClInclude>
    <ClInclude Include="I:\Crytek\CRYENGINE Launcher\SourceCode\bigspring-cry\CRYENGINE\Code\CryEngine\CrySystem\ExtensionSystem\TestCases\TestExtensions.cpp">
      <Filter>ExtensionSystem\TestCases</Filter>
    </ClInclude>
    <ClInclude Include="I:\Crytek\CRYENGINE Launcher\SourceCode\bigspring-cry\CRYENGINE\Code\CryEngine\CrySystem\ExtensionSystem\TestCases\TestExtensions.h">
      <Filter>ExtensionSystem\TestCases</Filter>
    </ClInclude>
    <ClInclude Include="I:\Crytek\CRYENGINE Launcher\SourceCode\bigspring-cry\CRYENGINE\Code\CryEngine\CrySystem\MiniGUI\DrawContext.cpp">
      <Filter>MiniGUI</Filter>
    </ClInclude>
    <ClInclude Include="I:\Crytek\CRYENGINE Launcher\SourceCode\bigspring-cry\CRYENGINE\Code\CryEngine\CrySystem\MiniGUI\MiniButton.cpp">
      <Filter>MiniGUI</Filter>
    </ClInclude>
    <ClInclude Include="I:\Crytek\CRYENGINE Launcher\SourceCode\bigspring-cry\CRYENGINE\Code\CryEngine\CrySystem\MiniGUI\MiniGUI.cpp">
      <Filter>MiniGUI</Filter>
    </ClInclude>
    <ClInclude Include="I:\Crytek\CRYENGINE Launcher\SourceCode\bigspring-cry\CRYENGINE\Code\CryEngine\CrySystem\MiniGUI\MiniInfoBox.cpp">
      <Filter>MiniGUI</Filter>
    </ClInclude>
    <ClInclude Include="I:\Crytek\CRYENGINE Launcher\SourceCode\bigspring-cry\CRYENGINE\Code\CryEngine\CrySystem\MiniGUI\MiniMenu.cpp">
      <Filter>MiniGUI</Filter>
    </ClInclude>
    <ClInclude Include="I:\Crytek\CRYENGINE Launcher\SourceCode\bigspring-cry\CRYENGINE\Code\CryEngine\CrySystem\MiniGUI\MiniTable.cpp">
      <Filter>MiniGUI</Filter>
    </ClInclude>
    <ClInclude Include="I:\Crytek\CRYENGINE Launcher\SourceCode\bigspring-cry\CRYENGINE\Code\CryEngine\CrySystem\MiniGUI\DrawContext.h">
      <Filter>MiniGUI</Filter>
    </ClInclude>
    <ClInclude Include="I:\Crytek\CRYENGINE Launcher\SourceCode\bigspring-cry\CRYENGINE\Code\CryEngine\CrySystem\MiniGUI\MiniButton.h">
      <Filter>MiniGUI</Filter>
    </ClInclude>
    <ClInclude Include="I:\Crytek\CRYENGINE Launcher\SourceCode\bigspring-cry\CRYENGINE\Code\CryEngine\CrySystem\MiniGUI\MiniGUI.h">
      <Filter>MiniGUI</Filter>
    </ClInclude>
    <ClInclude Include="I:\Crytek\CRYENGINE Launcher\SourceCode\bigspring-cry\CRYENGINE\Code\CryEngine\CrySystem\MiniGUI\MiniInfoBox.h">
      <Filter>MiniGUI</Filter>
    </ClInclude>
    <ClInclude Include="I:\Crytek\CRYENGINE Launcher\SourceCode\bigspring-cry\CRYENGINE\Code\CryEngine\CrySystem\MiniGUI\MiniMenu.h">
      <Filter>MiniGUI</Filter>
    </ClInclude>
    <ClInclude Include="I:\Crytek\CRYENGINE Launcher\SourceCode\bigspring-cry\CRYENGINE\Code\CryEngine\CrySystem\MiniGUI\MiniTable.h">
      <Filter>MiniGUI</Filter>
    </ClInclude>
    <ClInclude Include="I:\Crytek\CRYENGINE Launcher\SourceCode\bigspring-cry\CRYENGINE\Code\CryEngine\CrySystem\NullImplementation\NULLAudioSystems.h">
      <Filter>NullImplementation</Filter>
    </ClInclude>
    <ClInclude Include="I:\Crytek\CRYENGINE Launcher\SourceCode\bigspring-cry\CRYENGINE\Code\CryEngine\CrySystem\NullImplementation\NullLiveCreate.h">
      <Filter>NullImplementation</Filter>
    </ClInclude>
    <ClInclude Include="I:\Crytek\CRYENGINE Launcher\SourceCode\bigspring-cry\CRYENGINE\Code\CryEngine\CrySystem\NullImplementation\NullInput.h">
      <Filter>NullImplementation</Filter>
    </ClInclude>
    <ClInclude Include="I:\Crytek\CRYENGINE Launcher\SourceCode\bigspring-cry\CRYENGINE\Code\CryEngine\CrySystem\NullImplementation\NullResponseSystem.h">
      <Filter>NullImplementation</Filter>
    </ClInclude>
    <ClInclude Include="I:\Crytek\CRYENGINE Launcher\SourceCode\bigspring-cry\CRYENGINE\Code\CryEngine\CrySystem\NullImplementation\NULLRenderAuxGeom.h">
      <Filter>NullImplementation</Filter>
    </ClInclude>
    <ClInclude Include="I:\Crytek\CRYENGINE Launcher\SourceCode\bigspring-cry\CRYENGINE\Code\CryEngine\CrySystem\NullImplementation\NULLRenderAuxGeom.cpp">
      <Filter>NullImplementation</Filter>
    </ClInclude>
    <ClInclude Include="I:\Crytek\CRYENGINE Launcher\SourceCode\bigspring-cry\CRYENGINE\Code\CryEngine\CrySystem\ThreadInfo.cpp">
      <Filter>Threading</Filter>
    </ClInclude>
    <ClInclude Include="I:\Crytek\CRYENGINE Launcher\SourceCode\bigspring-cry\CRYENGINE\Code\CryEngine\CrySystem\ThreadProfiler.cpp">
      <Filter>Threading</Filter>
    </ClInclude>
    <ClInclude Include="I:\Crytek\CRYENGINE Launcher\SourceCode\bigspring-cry\CRYENGINE\Code\CryEngine\CrySystem\ThreadSampler.cpp">
      <Filter>Threading</Filter>
    </ClInclude>
    <ClInclude Include="I:\Crytek\CRYENGINE Launcher\SourceCode\bigspring-cry\CRYENGINE\Code\CryEngine\CrySystem\ThreadInfo.h">
      <Filter>Threading</Filter>
    </ClInclude>
    <ClInclude Include="I:\Crytek\CRYENGINE Launcher\SourceCode\bigspring-cry\CRYENGINE\Code\CryEngine\CrySystem\ThreadSampler.h">
      <Filter>Threading</Filter>
    </ClInclude>
    <ClInclude Include="I:\Crytek\CRYENGINE Launcher\SourceCode\bigspring-cry\CRYENGINE\Code\CryEngine\CrySystem\ThreadProfiler.h">
      <Filter>Threading</Filter>
    </ClInclude>
    <ClInclude Include="I:\Crytek\CRYENGINE Launcher\SourceCode\bigspring-cry\CRYENGINE\Code\CryEngine\CrySystem\ThreadConfigManager.h">
      <Filter>Threading</Filter>
    </ClInclude>
    <ClInclude Include="I:\Crytek\CRYENGINE Launcher\SourceCode\bigspring-cry\CRYENGINE\Code\CryEngine\CrySystem\ThreadConfigManager.cpp">
      <Filter>Threading</Filter>
    </ClInclude>
    <ClInclude Include="I:\Crytek\CRYENGINE Launcher\SourceCode\bigspring-cry\CRYENGINE\Code\CryEngine\CrySystem\SystemThreading.cpp">
      <Filter>Threading</Filter>
    </ClInclude>
    <ClInclude Include="I:\Crytek\CRYENGINE Launcher\SourceCode\bigspring-cry\CRYENGINE\Code\CryEngine\CrySystem\CodeCoverage\CodeCheckpointMgr.cpp">
      <Filter>CodeCoverage</Filter>
    </ClInclude>
    <ClInclude Include="I:\Crytek\CRYENGINE Launcher\SourceCode\bigspring-cry\CRYENGINE\Code\CryEngine\CrySystem\CodeCoverage\CodeCheckpointMgr.h">
      <Filter>CodeCoverage</Filter>
    </ClInclude>
    <ClInclude Include="I:\Crytek\CRYENGINE Launcher\SourceCode\bigspring-cry\CRYENGINE\Code\CryEngine\CrySystem\PlatformOS\SaveReaderWriter_CryPak.cpp">
      <Filter>PlatformOS</Filter>
    </ClInclude>
    <ClInclude Include="I:\Crytek\CRYENGINE Launcher\SourceCode\bigspring-cry\CRYENGINE\Code\CryEngine\CrySystem\PlatformOS\SaveReaderWriter_Memory.cpp">
      <Filter>PlatformOS</Filter>
    </ClInclude>
    <ClInclude Include="I:\Crytek\CRYENGINE Launcher\SourceCode\bigspring-cry\CRYENGINE\Code\CryEngine\CrySystem\PlatformOS\SaveReaderWriter_CryPak.h">
      <Filter>PlatformOS</Filter>
    </ClInclude>
    <ClInclude Include="I:\Crytek\CRYENGINE Launcher\SourceCode\bigspring-cry\CRYENGINE\Code\CryEngine\CrySystem\PlatformOS\SaveReaderWriter_Memory.h">
      <Filter>PlatformOS</Filter>
    </ClInclude>
    <ClInclude Include="I:\Crytek\CRYENGINE Launcher\SourceCode\bigspring-cry\CRYENGINE\Code\CryEngine\CrySystem\Statistics\LocalMemoryUsage.cpp">
      <Filter>Statistics</Filter>
    </ClInclude>
    <ClInclude Include="I:\Crytek\CRYENGINE Launcher\SourceCode\bigspring-cry\CRYENGINE\Code\CryEngine\CrySystem\Statoscope.cpp">
      <Filter>Statoscope</Filter>
    </ClInclude>
    <ClInclude Include="I:\Crytek\CRYENGINE Launcher\SourceCode\bigspring-cry\CRYENGINE\Code\CryEngine\CrySystem\StatoscopeStreamingIntervalGroup.cpp">
      <Filter>Statoscope</Filter>
    </ClInclude>
    <ClInclude Include="I:\Crytek\CRYENGINE Launcher\SourceCode\bigspring-cry\CRYENGINE\Code\CryEngine\CrySystem\StatoscopeTextureStreamingIntervalGroup.cpp">
      <Filter>Statoscope</Filter>
    </ClInclude>
    <ClInclude Include="I:\Crytek\CRYENGINE Launcher\SourceCode\bigspring-cry\CRYENGINE\Code\CryEngine\CrySystem\StatoscopeStreamingIntervalGroup.h">
      <Filter>Statoscope</Filter>
    </ClInclude>
    <ClInclude Include="I:\Crytek\CRYENGINE Launcher\SourceCode\bigspring-cry\CRYENGINE\Code\CryEngine\CrySystem\StatoscopeTextureStreamingIntervalGroup.h">
      <Filter>Statoscope</Filter>
    </ClInclude>
    <ClInclude Include="I:\Crytek\CRYENGINE Launcher\SourceCode\bigspring-cry\CRYENGINE\Code\CryEngine\CrySystem\Statoscope.h">
      <Filter>Statoscope</Filter>
    </ClInclude>
    <ClInclude Include="I:\Crytek\CRYENGINE Launcher\SourceCode\bigspring-cry\CRYENGINE\Code\CryEngine\CrySystem\ZLibCompressor.cpp">
      <Filter>ZLibCompressor</Filter>
    </ClInclude>
    <ClInclude Include="I:\Crytek\CRYENGINE Launcher\SourceCode\bigspring-cry\CRYENGINE\Code\CryEngine\CrySystem\ZLibCompressor.h">
      <Filter>ZLibCompressor</Filter>
    </ClInclude>
    <ClInclude Include="I:\Crytek\CRYENGINE Launcher\SourceCode\bigspring-cry\CRYENGINE\Code\CryEngine\CrySystem\Huffman.cpp">
      <Filter>HuffmanEncoding</Filter>
    </ClInclude>
    <ClInclude Include="I:\Crytek\CRYENGINE Launcher\SourceCode\bigspring-cry\CRYENGINE\Code\CryEngine\CrySystem\Huffman.h">
      <Filter>HuffmanEncoding</Filter>
    </ClInclude>
    <ClInclude Include="I:\Crytek\CRYENGINE Launcher\SourceCode\bigspring-cry\CRYENGINE\Code\CryEngine\CrySystem\JobManager\JobManager.cpp">
      <Filter>JobManager</Filter>
    </ClInclude>
    <ClInclude Include="I:\Crytek\CRYENGINE Launcher\SourceCode\bigspring-cry\CRYENGINE\Code\CryEngine\CrySystem\JobManager\JobManager.h">
      <Filter>JobManager</Filter>
    </ClInclude>
    <ClInclude Include="I:\Crytek\CRYENGINE Launcher\SourceCode\bigspring-cry\CRYENGINE\Code\CryEngine\CrySystem\JobManager\JobStructs.h">
      <Filter>JobManager</Filter>
    </ClInclude>
    <ClInclude Include="I:\Crytek\CRYENGINE Launcher\SourceCode\bigspring-cry\CRYENGINE\Code\CryEngine\CrySystem\JobManager\BlockingBackend\BlockingBackEnd.cpp">
      <Filter>JobManager\BlockingBackend</Filter>
    </ClInclude>
    <ClInclude Include="I:\Crytek\CRYENGINE Launcher\SourceCode\bigspring-cry\CRYENGINE\Code\CryEngine\CrySystem\JobManager\BlockingBackend\BlockingBackEnd.h">
      <Filter>JobManager\BlockingBackend</Filter>
    </ClInclude>
    <ClInclude Include="I:\Crytek\CRYENGINE Launcher\SourceCode\bigspring-cry\CRYENGINE\Code\CryEngine\CrySystem\JobManager\FallbackBackend\FallbackBackend.cpp">
      <Filter>JobManager\FallbackBackend</Filter>
    </ClInclude>
    <ClInclude Include="I:\Crytek\CRYENGINE Launcher\SourceCode\bigspring-cry\CRYENGINE\Code\CryEngine\CrySystem\JobManager\FallbackBackend\FallBackBackend.h">
      <Filter>JobManager\FallbackBackend</Filter>
    </ClInclude>
    <ClInclude Include="I:\Crytek\CRYENGINE Launcher\SourceCode\bigspring-cry\CRYENGINE\Code\CryEngine\CrySystem\JobManager\PCBackEnd\ThreadBackEnd.cpp">
      <Filter>JobManager\ThreadBackEnd</Filter>
    </ClInclude>
    <ClInclude Include="I:\Crytek\CRYENGINE Launcher\SourceCode\bigspring-cry\CRYENGINE\Code\CryEngine\CrySystem\JobManager\PCBackEnd\ThreadBackEnd.h">
      <Filter>JobManager\ThreadBackEnd</Filter>
    </ClInclude>
    <ClInclude Include="I:\Crytek\CRYENGINE Launcher\SourceCode\bigspring-cry\CRYENGINE\Code\CryEngine\CrySystem\OverloadSceneManager\OverloadSceneManager.cpp">
      <Filter>OverloadSceneManager</Filter>
    </ClInclude>
    <ClInclude Include="I:\Crytek\CRYENGINE Launcher\SourceCode\bigspring-cry\CRYENGINE\Code\CryEngine\CrySystem\OverloadSceneManager\OverloadSceneManager.h">
      <Filter>OverloadSceneManager</Filter>
    </ClInclude>
    <ClInclude Include="I:\Crytek\CRYENGINE Launcher\SourceCode\bigspring-cry\CRYENGINE\Code\CryEngine\CrySystem\LZ4Decompressor.h">
      <Filter>LZ4Decompressor</Filter>
    </ClInclude>
    <ClInclude Include="I:\Crytek\CRYENGINE Launcher\SourceCode\bigspring-cry\CRYENGINE\Code\CryEngine\CrySystem\LZ4Decompressor.cpp">
      <Filter>LZ4Decompressor</Filter>
    </ClInclude>
    <ClInclude Include="I:\Crytek\CRYENGINE Launcher\SourceCode\bigspring-cry\CRYENGINE\Code\CryEngine\CrySystem\RemoteConsole\RemoteConsole.cpp">
      <Filter>RemoteConsole</Filter>
    </ClInclude>
    <ClInclude Include="I:\Crytek\CRYENGINE Launcher\SourceCode\bigspring-cry\CRYENGINE\Code\CryEngine\CrySystem\RemoteConsole\RemoteConsole.h">
      <Filter>RemoteConsole</Filter>
    </ClInclude>
    <ClInclude Include="I:\Crytek\CRYENGINE Launcher\SourceCode\bigspring-cry\CRYENGINE\Code\CryEngine\CrySystem\Serialization\ArchiveHost.cpp">
      <Filter>Serialization</Filter>
    </ClInclude>
    <ClInclude Include="I:\Crytek\CRYENGINE Launcher\SourceCode\bigspring-cry\CRYENGINE\Code\CryEngine\CrySystem\Serialization\Test_ArchiveHost.cpp">
      <Filter>Serialization</Filter>
    </ClInclude>
    <ClInclude Include="I:\Crytek\CRYENGINE Launcher\SourceCode\bigspring-cry\CRYENGINE\Code\CryEngine\CrySystem\Serialization\Token.h">
      <Filter>Serialization</Filter>
    </ClInclude>
    <ClInclude Include="I:\Crytek\CRYENGINE Launcher\SourceCode\bigspring-cry\CRYENGINE\Code\CryEngine\CrySystem\Serialization\XmlIArchive.cpp">
      <Filter>Serialization</Filter>
    </ClInclude>
    <ClInclude Include="I:\Crytek\CRYENGINE Launcher\SourceCode\bigspring-cry\CRYENGINE\Code\CryEngine\CrySystem\Serialization\XmlIArchive.h">
      <Filter>Serialization</Filter>
    </ClInclude>
    <ClInclude Include="I:\Crytek\CRYENGINE Launcher\SourceCode\bigspring-cry\CRYENGINE\Code\CryEngine\CrySystem\Serialization\XmlOArchive.cpp">
      <Filter>Serialization</Filter>
    </ClInclude>
    <ClInclude Include="I:\Crytek\CRYENGINE Launcher\SourceCode\bigspring-cry\CRYENGINE\Code\CryEngine\CrySystem\Serialization\XmlOArchive.h">
      <Filter>Serialization</Filter>
    </ClInclude>
    <ClInclude Include="I:\Crytek\CRYENGINE Launcher\SourceCode\bigspring-cry\CRYENGINE\Code\CryEngine\CrySystem\ServiceNetwork.cpp">
      <Filter>Services</Filter>
    </ClInclude>
    <ClInclude Include="I:\Crytek\CRYENGINE Launcher\SourceCode\bigspring-cry\CRYENGINE\Code\CryEngine\CrySystem\ServiceNetwork.h">
      <Filter>Services</Filter>
    </ClInclude>
    <ClInclude Include="I:\Crytek\CRYENGINE Launcher\SourceCode\bigspring-cry\CRYENGINE\Code\CryEngine\CrySystem\RemoteCommand.cpp">
      <Filter>Services</Filter>
    </ClInclude>
    <ClInclude Include="I:\Crytek\CRYENGINE Launcher\SourceCode\bigspring-cry\CRYENGINE\Code\CryEngine\CrySystem\RemoteCommand.h">
      <Filter>Services</Filter>
    </ClInclude>
    <ClInclude Include="I:\Crytek\CRYENGINE Launcher\SourceCode\bigspring-cry\CRYENGINE\Code\CryEngine\CrySystem\RemoteCommandHelpers.cpp">
      <Filter>Services</Filter>
    </ClInclude>
    <ClInclude Include="I:\Crytek\CRYENGINE Launcher\SourceCode\bigspring-cry\CRYENGINE\Code\CryEngine\CrySystem\RemoteCommandHelpers.h">
      <Filter>Services</Filter>
    </ClInclude>
    <ClInclude Include="I:\Crytek\CRYENGINE Launcher\SourceCode\bigspring-cry\CRYENGINE\Code\CryEngine\CrySystem\RemoteCommandServer.cpp">
      <Filter>Services</Filter>
    </ClInclude>
    <ClInclude Include="I:\Crytek\CRYENGINE Launcher\SourceCode\bigspring-cry\CRYENGINE\Code\CryEngine\CrySystem\RemoteCommandClient.cpp">
      <Filter>Services</Filter>
    </ClInclude>
    <ClInclude Include="I:\Crytek\CRYENGINE Launcher\SourceCode\bigspring-cry\CRYENGINE\Code\CryEngine\CrySystem\Stroboscope\Stroboscope.cpp">
      <Filter>Stroboscope</Filter>
    </ClInclude>
    <ClInclude Include="I:\Crytek\CRYENGINE Launcher\SourceCode\bigspring-cry\CRYENGINE\Code\CryEngine\CrySystem\Stroboscope\Stroboscope.h">
      <Filter>Stroboscope</Filter>
    </ClInclude>
    <ClInclude Include="I:\Crytek\CRYENGINE Launcher\SourceCode\bigspring-cry\CRYENGINE\Code\CryEngine\CrySystem\HMDManager.h">
      <Filter>VR</Filter>
    </ClInclude>
    <ClInclude Include="I:\Crytek\CRYENGINE Launcher\SourceCode\bigspring-cry\CRYENGINE\Code\CryEngine\CrySystem\HMDManager.cpp">
      <Filter>VR</Filter>
    </ClInclude>
    <ClInclude Include="I:\Crytek\CRYENGINE Launcher\SourceCode\bigspring-cry\CRYENGINE\Code\CryEngine\CrySystem\HMDCVars.h">
      <Filter>VR</Filter>
    </ClInclude>
    <ClInclude Include="I:\Crytek\CRYENGINE Launcher\SourceCode\bigspring-cry\CRYENGINE\Code\CryEngine\CrySystem\HMDCVars.cpp">
      <Filter>VR</Filter>
    </ClInclude>
    <ClInclude Include="I:\Crytek\CRYENGINE Launcher\SourceCode\bigspring-cry\CRYENGINE\Code\CryEngine\CrySystem\Oculus\OculusConfig.h">
      <Filter>VR\Oculus</Filter>
    </ClInclude>
    <ClInclude Include="I:\Crytek\CRYENGINE Launcher\SourceCode\bigspring-cry\CRYENGINE\Code\CryEngine\CrySystem\Oculus\OculusDevice.h">
      <Filter>VR\Oculus</Filter>
    </ClInclude>
    <ClInclude Include="I:\Crytek\CRYENGINE Launcher\SourceCode\bigspring-cry\CRYENGINE\Code\CryEngine\CrySystem\Oculus\OculusDevice.cpp">
      <Filter>VR\Oculus</Filter>
    </ClInclude>
    <ClInclude Include="I:\Crytek\CRYENGINE Launcher\SourceCode\bigspring-cry\CRYENGINE\Code\CryEngine\CrySystem\Oculus\OculusResources.h">
      <Filter>VR\Oculus</Filter>
    </ClInclude>
    <ClInclude Include="I:\Crytek\CRYENGINE Launcher\SourceCode\bigspring-cry\CRYENGINE\Code\CryEngine\CrySystem\Oculus\OculusResources.cpp">
      <Filter>VR\Oculus</Filter>
    </ClInclude>
    <ClInclude Include="I:\Crytek\CRYENGINE Launcher\SourceCode\bigspring-cry\CRYENGINE\Code\CryEngine\CrySystem\Oculus\OculusTouchController.h">
      <Filter>VR\Oculus</Filter>
    </ClInclude>
    <ClInclude Include="I:\Crytek\CRYENGINE Launcher\SourceCode\bigspring-cry\CRYENGINE\Code\CryEngine\CrySystem\Oculus\OculusTouchController.cpp">
      <Filter>VR\Oculus</Filter>
    </ClInclude>
    <ClInclude Include="I:\Crytek\CRYENGINE Launcher\SourceCode\bigspring-cry\CRYENGINE\Code\CryEngine\CrySystem\OpenVR\OpenVRConfig.h">
      <Filter>VR\OpenVR</Filter>
    </ClInclude>
    <ClInclude Include="I:\Crytek\CRYENGINE Launcher\SourceCode\bigspring-cry\CRYENGINE\Code\CryEngine\CrySystem\OpenVR\OpenVRDevice.h">
      <Filter>VR\OpenVR</Filter>
    </ClInclude>
    <ClInclude Include="I:\Crytek\CRYENGINE Launcher\SourceCode\bigspring-cry\CRYENGINE\Code\CryEngine\CrySystem\OpenVR\OpenVRDevice.cpp">
      <Filter>VR\OpenVR</Filter>
    </ClInclude>
    <ClInclude Include="I:\Crytek\CRYENGINE Launcher\SourceCode\bigspring-cry\CRYENGINE\Code\CryEngine\CrySystem\OpenVR\OpenVRResources.h">
      <Filter>VR\OpenVR</Filter>
    </ClInclude>
    <ClInclude Include="I:\Crytek\CRYENGINE Launcher\SourceCode\bigspring-cry\CRYENGINE\Code\CryEngine\CrySystem\OpenVR\OpenVRResources.cpp">
      <Filter>VR\OpenVR</Filter>
    </ClInclude>
    <ClInclude Include="I:\Crytek\CRYENGINE Launcher\SourceCode\bigspring-cry\CRYENGINE\Code\CryEngine\CrySystem\OpenVR\OpenVRController.h">
      <Filter>VR\OpenVR</Filter>
    </ClInclude>
    <ClInclude Include="I:\Crytek\CRYENGINE Launcher\SourceCode\bigspring-cry\CRYENGINE\Code\CryEngine\CrySystem\OpenVR\OpenVRController.cpp">
      <Filter>VR\OpenVR</Filter>
    </ClInclude>
    <ClInclude Include="I:\Crytek\CRYENGINE Launcher\SourceCode\bigspring-cry\CRYENGINE\Code\CryEngine\CrySystem\Osvr\OsvrDevice.h">
      <Filter>VR\Osvr</Filter>
    </ClInclude>
    <ClInclude Include="I:\Crytek\CRYENGINE Launcher\SourceCode\bigspring-cry\CRYENGINE\Code\CryEngine\CrySystem\Osvr\OsvrDevice.cpp">
      <Filter>VR\Osvr</Filter>
    </ClInclude>
    <ClInclude Include="I:\Crytek\CRYENGINE Launcher\SourceCode\bigspring-cry\CRYENGINE\Code\CryEngine\CrySystem\Osvr\OsvrResources.h">
      <Filter>VR\Osvr</Filter>
    </ClInclude>
    <ClInclude Include="I:\Crytek\CRYENGINE Launcher\SourceCode\bigspring-cry\CRYENGINE\Code\CryEngine\CrySystem\Osvr\OsvrResources.cpp">
      <Filter>VR\Osvr</Filter>
    </ClInclude>
    <ClInclude Include="I:\Crytek\CRYENGINE Launcher\SourceCode\bigspring-cry\CRYENGINE\Code\CryEngine\CrySystem\ZLibDecompressor.h">
      <Filter>ZLibDecompressor</Filter>
    </ClInclude>
    <ClInclude Include="I:\Crytek\CRYENGINE Launcher\SourceCode\bigspring-cry\CRYENGINE\Code\CryEngine\CrySystem\ZLibDecompressor.cpp">
      <Filter>ZLibDecompressor</Filter>
    </ClInclude>
    <ClInclude Include="I:\Crytek\CRYENGINE Launcher\SourceCode\bigspring-cry\CRYENGINE\Code\CryEngine\CrySystem\SystemUtilsApple.h">
      <Filter>Mac</Filter>
    </ClInclude>
    <ClInclude Include="I:\Crytek\CRYENGINE Launcher\SourceCode\bigspring-cry\CRYENGINE\Code\CryEngine\CrySystem\StdAfx.h">
      <Filter>Header Files</Filter>
    </ClInclude>
    <ClInclude Include="I:\Crytek\CRYENGINE Launcher\SourceCode\bigspring-cry\CRYENGINE\Code\CryEngine\CrySystem\PlatformOS\PlatformOS_PC.h">
      <Filter>PlatformOS</Filter>
    </ClInclude>
    <ClInclude Include="I:\Crytek\CRYENGINE Launcher\SourceCode\bigspring-cry\CRYENGINE\Code\CryEngine\CrySystem\PlatformOS\SaveReaderWriter_Steam.h">
      <Filter>PlatformOS</Filter>
    </ClInclude>
  </ItemGroup>
  <ItemGroup>
    <CustomBuild Include="I:\Crytek\CRYENGINE Launcher\SourceCode\bigspring-cry\CRYENGINE\Code\CryEngine\CrySystem\CMakeLists.txt" />
    <CustomBuild Include="I:\Crytek\CRYENGINE Launcher\SourceCode\bigspring-cry\CRYENGINE\Solution_Win64\CMakeFiles\d3a5f5db44c9ac35c7a16d59fb4bfc02\CrySystem_uber_2.cpp.rule">
      <Filter>CMake Rules</Filter>
    </CustomBuild>
    <CustomBuild Include="I:\Crytek\CRYENGINE Launcher\SourceCode\bigspring-cry\CRYENGINE\Solution_Win64\CMakeFiles\d3a5f5db44c9ac35c7a16d59fb4bfc02\CrySystem_uber_6.cpp.rule">
      <Filter>CMake Rules</Filter>
    </CustomBuild>
    <CustomBuild Include="I:\Crytek\CRYENGINE Launcher\SourceCode\bigspring-cry\CRYENGINE\Solution_Win64\CMakeFiles\d3a5f5db44c9ac35c7a16d59fb4bfc02\CrySystem_uber_0.cpp.rule">
      <Filter>CMake Rules</Filter>
    </CustomBuild>
    <CustomBuild Include="I:\Crytek\CRYENGINE Launcher\SourceCode\bigspring-cry\CRYENGINE\Solution_Win64\CMakeFiles\d3a5f5db44c9ac35c7a16d59fb4bfc02\CrySystem_uber_1.cpp.rule">
      <Filter>CMake Rules</Filter>
    </CustomBuild>
    <CustomBuild Include="I:\Crytek\CRYENGINE Launcher\SourceCode\bigspring-cry\CRYENGINE\Solution_Win64\CMakeFiles\d3a5f5db44c9ac35c7a16d59fb4bfc02\CrySystem_uber_7.cpp.rule">
      <Filter>CMake Rules</Filter>
    </CustomBuild>
    <CustomBuild Include="I:\Crytek\CRYENGINE Launcher\SourceCode\bigspring-cry\CRYENGINE\Solution_Win64\CMakeFiles\d3a5f5db44c9ac35c7a16d59fb4bfc02\CrySystem_uber_3.cpp.rule">
      <Filter>CMake Rules</Filter>
    </CustomBuild>
    <CustomBuild Include="I:\Crytek\CRYENGINE Launcher\SourceCode\bigspring-cry\CRYENGINE\Solution_Win64\CMakeFiles\d3a5f5db44c9ac35c7a16d59fb4bfc02\CrySystem_uber_4.cpp.rule">
      <Filter>CMake Rules</Filter>
    </CustomBuild>
    <CustomBuild Include="I:\Crytek\CRYENGINE Launcher\SourceCode\bigspring-cry\CRYENGINE\Solution_Win64\CMakeFiles\d3a5f5db44c9ac35c7a16d59fb4bfc02\CrySystem_uber_5.cpp.rule">
      <Filter>CMake Rules</Filter>
    </CustomBuild>
    <CustomBuild Include="I:\Crytek\CRYENGINE Launcher\SourceCode\bigspring-cry\CRYENGINE\Solution_Win64\CMakeFiles\d3a5f5db44c9ac35c7a16d59fb4bfc02\CrySystem_uber_8.cpp.rule">
      <Filter>CMake Rules</Filter>
    </CustomBuild>
    <CustomBuild Include="I:\Crytek\CRYENGINE Launcher\SourceCode\bigspring-cry\CRYENGINE\Solution_Win64\CMakeFiles\d3a5f5db44c9ac35c7a16d59fb4bfc02\CrySystem_uber_9.cpp.rule">
      <Filter>CMake Rules</Filter>
    </CustomBuild>
  </ItemGroup>
  <ItemGroup>
    <None Include="I:\Crytek\CRYENGINE Launcher\SourceCode\bigspring-cry\CRYENGINE\Code\CryEngine\CrySystem\crash_face.bmp">
      <Filter>Resource Files</Filter>
    </None>
  </ItemGroup>
  <ItemGroup>
    <ResourceCompile Include="I:\Crytek\CRYENGINE Launcher\SourceCode\bigspring-cry\CRYENGINE\Code\CryEngine\CrySystem\CrashHandler.rc">
      <Filter>Source Files</Filter>
    </ResourceCompile>
  </ItemGroup>
  <ItemGroup>
    <Filter Include="JobManager\BlockingBackend">
      <UniqueIdentifier>{60B3BB19-F05F-3FE6-9BE1-019203D0B147}</UniqueIdentifier>
    </Filter>
    <Filter Include="JobManager\FallbackBackend">
      <UniqueIdentifier>{168C2751-4E8C-35AD-A7C4-834AF0641571}</UniqueIdentifier>
    </Filter>
    <Filter Include="JobManager\ThreadBackEnd">
      <UniqueIdentifier>{DC4FA832-72F0-38A7-A768-54306879D5C0}</UniqueIdentifier>
    </Filter>
    <Filter Include="VR\Oculus">
      <UniqueIdentifier>{89A52E5D-79ED-3F2C-9C9E-E698FD0E3F14}</UniqueIdentifier>
    </Filter>
    <Filter Include="VR\OpenVR">
      <UniqueIdentifier>{9D489238-D834-3C59-90F4-26230A722ABF}</UniqueIdentifier>
    </Filter>
    <Filter Include="VR\Osvr">
      <UniqueIdentifier>{63EFDA21-9559-3D1C-BD6A-01C955BE0EBF}</UniqueIdentifier>
    </Filter>
    <Filter Include="XML\XMLSink">
      <UniqueIdentifier>{F3EC792F-FE83-38F2-BEA2-3C73B54DA3AF}</UniqueIdentifier>
    </Filter>
    <Filter Include="ExtensionSystem\TestCases">
      <UniqueIdentifier>{3409269C-50C3-3043-8AD7-DEEDE150AD7C}</UniqueIdentifier>
    </Filter>
    <Filter Include="Source Files">
      <UniqueIdentifier>{526B85B2-5AEE-326C-94F9-8CC53F3E69CC}</UniqueIdentifier>
    </Filter>
    <Filter Include="Header Files">
      <UniqueIdentifier>{A920178B-E5D3-330D-9F11-D51D6B14FD2A}</UniqueIdentifier>
    </Filter>
    <Filter Include="CMake Rules">
      <UniqueIdentifier>{EAD2A386-A4DF-3C43-AE8D-8F52F97F005B}</UniqueIdentifier>
    </Filter>
    <Filter Include="MemoryManager">
      <UniqueIdentifier>{6B753306-6367-3DC9-8FAB-F55155E192B2}</UniqueIdentifier>
    </Filter>
    <Filter Include="Threading">
      <UniqueIdentifier>{331C4B8F-B320-3CAF-83C2-1E9C16B07919}</UniqueIdentifier>
    </Filter>
    <Filter Include="PlatformOS">
      <UniqueIdentifier>{EFB16F33-8834-3289-B60F-50AE3AF29AEF}</UniqueIdentifier>
    </Filter>
    <Filter Include="Resource Files">
      <UniqueIdentifier>{690FAA18-54AC-3D8D-B5A6-9199D0028AF1}</UniqueIdentifier>
    </Filter>
    <Filter Include="StreamEngine">
      <UniqueIdentifier>{5C8BC7B0-6339-3274-8AEB-E1B3886C3479}</UniqueIdentifier>
    </Filter>
    <Filter Include="XML">
      <UniqueIdentifier>{9E723C37-0A70-3AAB-AF3F-F56437988CD8}</UniqueIdentifier>
    </Filter>
    <Filter Include="ZipDir">
      <UniqueIdentifier>{1A74B381-9ED0-3B20-910F-09C73C6E57D5}</UniqueIdentifier>
    </Filter>
    <Filter Include="HTTPDownloader">
      <UniqueIdentifier>{ADC99EDE-F459-3A0A-BE5B-21FFB98BE69E}</UniqueIdentifier>
    </Filter>
    <Filter Include="Localization">
      <UniqueIdentifier>{261486DB-563C-300A-9E12-453C0B734759}</UniqueIdentifier>
    </Filter>
    <Filter Include="Profiler">
      <UniqueIdentifier>{CB1EDBD2-09B7-3865-9801-C33265E58445}</UniqueIdentifier>
    </Filter>
    <Filter Include="Windows">
      <UniqueIdentifier>{8E853D44-5C5E-33EF-826E-4A517DEA7773}</UniqueIdentifier>
    </Filter>
    <Filter Include="TestSystem">
      <UniqueIdentifier>{EDC2655D-F223-3ABD-950E-138AB218EB69}</UniqueIdentifier>
    </Filter>
    <Filter Include="ExtensionSystem">
      <UniqueIdentifier>{6AC87DB4-8936-3714-AFCD-470B3267A05E}</UniqueIdentifier>
    </Filter>
    <Filter Include="MiniGUI">
      <UniqueIdentifier>{93A094FC-EB9D-3F97-95EB-BAA90059E996}</UniqueIdentifier>
    </Filter>
    <Filter Include="NullImplementation">
      <UniqueIdentifier>{27646232-1718-3928-B946-1B9B6282BF1E}</UniqueIdentifier>
    </Filter>
    <Filter Include="CodeCoverage">
      <UniqueIdentifier>{DBAA7EAF-15A1-302B-AA3A-FB091CC8CD67}</UniqueIdentifier>
    </Filter>
    <Filter Include="Statistics">
      <UniqueIdentifier>{F3F32462-8755-3722-A64D-BB1B9D6B3986}</UniqueIdentifier>
    </Filter>
    <Filter Include="Statoscope">
      <UniqueIdentifier>{6FC8706A-6A37-3A10-AF99-0EE48A70DF08}</UniqueIdentifier>
    </Filter>
    <Filter Include="ZLibCompressor">
      <UniqueIdentifier>{2FD5B794-4B71-3E0F-960C-5BE6EC37B881}</UniqueIdentifier>
    </Filter>
    <Filter Include="HuffmanEncoding">
      <UniqueIdentifier>{C2BBFD7C-E64B-3984-A058-0968A7DE7D0C}</UniqueIdentifier>
    </Filter>
    <Filter Include="JobManager">
      <UniqueIdentifier>{E155686B-D3BA-3482-9C98-930E2D03A24A}</UniqueIdentifier>
    </Filter>
    <Filter Include="OverloadSceneManager">
      <UniqueIdentifier>{23B49901-EEA5-3582-ADA9-80C3CD8B2A3A}</UniqueIdentifier>
    </Filter>
    <Filter Include="LZ4Decompressor">
      <UniqueIdentifier>{25C21F0C-F30D-3E42-B6C5-0362ED1DDD73}</UniqueIdentifier>
    </Filter>
    <Filter Include="RemoteConsole">
      <UniqueIdentifier>{C98086CE-7CBB-375C-80E6-9065E9CF0FC8}</UniqueIdentifier>
    </Filter>
    <Filter Include="Serialization">
      <UniqueIdentifier>{A025831D-1B5D-338C-94DD-6436C8294AE3}</UniqueIdentifier>
    </Filter>
    <Filter Include="Services">
      <UniqueIdentifier>{93641CDD-D1C8-375D-BA90-87A34D1D92C2}</UniqueIdentifier>
    </Filter>
    <Filter Include="Stroboscope">
      <UniqueIdentifier>{A7EF790E-72C4-3CCF-8B83-B170E2C6B6CD}</UniqueIdentifier>
    </Filter>
    <Filter Include="VR">
      <UniqueIdentifier>{A6FDC7FE-3650-3555-B89C-0DDF43238B80}</UniqueIdentifier>
    </Filter>
    <Filter Include="ZLibDecompressor">
      <UniqueIdentifier>{0478C1EC-0595-38C9-B5EF-FDC1DBDD220A}</UniqueIdentifier>
    </Filter>
    <Filter Include="Mac">
      <UniqueIdentifier>{8B81B08B-AB54-3A8E-A021-2A31F5389F77}</UniqueIdentifier>
    </Filter>
    <Filter Include="UBER FILES">
      <UniqueIdentifier>{A9EDE9CC-9CBB-3D2A-9C04-66ECEC4A3DAF}</UniqueIdentifier>
    </Filter>
  </ItemGroup>
</Project>
