<?xml version="1.0" encoding="UTF-8"?>
<Project ToolsVersion="14.0" xmlns="http://schemas.microsoft.com/developer/msbuild/2003">
  <ItemGroup>
    <ClCompile Include="I:\Crytek\CRYENGINE Launcher\SourceCode\bigspring-cry\CRYENGINE\Code\CryExtensions\CryLobby\Module\StdAfx.cpp">
      <Filter>Source Files</Filter>
    </ClCompile>
    <ClCompile Include="I:\Crytek\CRYENGINE Launcher\SourceCode\bigspring-cry\CRYENGINE\Solution_Win64\Code\CryExtensions\CryLobby\Module\CryLobby_steam_uber.cpp">
      <Filter>UBER FILES</Filter>
    </ClCompile>
    <ClCompile Include="I:\Crytek\CRYENGINE Launcher\SourceCode\bigspring-cry\CRYENGINE\Solution_Win64\Code\CryExtensions\CryLobby\Module\CryLobby_uber_0.cpp">
      <Filter>UBER FILES</Filter>
    </ClCompile>
  </ItemGroup>
  <ItemGroup>
    <ClInclude Include="I:\Crytek\CRYENGINE Launcher\SourceCode\bigspring-cry\CRYENGINE\Code\CryExtensions\CryLobby\Module\Steam\CrySteamVoice.h">
      <Filter>Steam</Filter>
    </ClInclude>
    <ClInclude Include="I:\Crytek\CRYENGINE Launcher\SourceCode\bigspring-cry\CRYENGINE\Code\CryExtensions\CryLobby\Module\Steam\CrySteamFriends.cpp">
      <Filter>Steam</Filter>
    </ClInclude>
    <ClInclude Include="I:\Crytek\CRYENGINE Launcher\SourceCode\bigspring-cry\CRYENGINE\Code\CryExtensions\CryLobby\Module\Steam\CrySteamFriendsManagement.cpp">
      <Filter>Steam</Filter>
    </ClInclude>
    <ClInclude Include="I:\Crytek\CRYENGINE Launcher\SourceCode\bigspring-cry\CRYENGINE\Code\CryExtensions\CryLobby\Module\Steam\CrySteamLobby.cpp">
      <Filter>Steam</Filter>
    </ClInclude>
    <ClInclude Include="I:\Crytek\CRYENGINE Launcher\SourceCode\bigspring-cry\CRYENGINE\Code\CryExtensions\CryLobby\Module\Steam\CrySteamMatchMaking.cpp">
      <Filter>Steam</Filter>
    </ClInclude>
    <ClInclude Include="I:\Crytek\CRYENGINE Launcher\SourceCode\bigspring-cry\CRYENGINE\Code\CryExtensions\CryLobby\Module\Steam\CrySteamStats.cpp">
      <Filter>Steam</Filter>
    </ClInclude>
    <ClInclude Include="I:\Crytek\CRYENGINE Launcher\SourceCode\bigspring-cry\CRYENGINE\Code\CryExtensions\CryLobby\Module\Steam\CrySteamFriends.h">
      <Filter>Steam</Filter>
    </ClInclude>
    <ClInclude Include="I:\Crytek\CRYENGINE Launcher\SourceCode\bigspring-cry\CRYENGINE\Code\CryExtensions\CryLobby\Module\Steam\CrySteamFriendsManagement.h">
      <Filter>Steam</Filter>
    </ClInclude>
    <ClInclude Include="I:\Crytek\CRYENGINE Launcher\SourceCode\bigspring-cry\CRYENGINE\Code\CryExtensions\CryLobby\Module\Steam\CrySteamLobby.h">
      <Filter>Steam</Filter>
    </ClInclude>
    <ClInclude Include="I:\Crytek\CRYENGINE Launcher\SourceCode\bigspring-cry\CRYENGINE\Code\CryExtensions\CryLobby\Module\Steam\CrySteamMatchMaking.h">
      <Filter>Steam</Filter>
    </ClInclude>
    <ClInclude Include="I:\Crytek\CRYENGINE Launcher\SourceCode\bigspring-cry\CRYENGINE\Code\CryExtensions\CryLobby\Module\Steam\CrySteamStats.h">
      <Filter>Steam</Filter>
    </ClInclude>
    <ClInclude Include="I:\Crytek\CRYENGINE Launcher\SourceCode\bigspring-cry\CRYENGINE\Code\CryExtensions\CryLobby\Module\Steam\CrySteamReward.h">
      <Filter>Steam</Filter>
    </ClInclude>
    <ClInclude Include="I:\Crytek\CRYENGINE Launcher\SourceCode\bigspring-cry\CRYENGINE\Code\CryExtensions\CryLobby\Module\Steam\CrySteamReward.cpp">
      <Filter>Steam</Filter>
    </ClInclude>
    <ClInclude Include="I:\Crytek\CRYENGINE Launcher\SourceCode\bigspring-cry\CRYENGINE\Code\CryExtensions\CryLobby\Interface\CryLobby\ICryLobby.h">
      <Filter>Interface</Filter>
    </ClInclude>
    <ClInclude Include="I:\Crytek\CRYENGINE Launcher\SourceCode\bigspring-cry\CRYENGINE\Code\CryExtensions\CryLobby\Interface\CryLobby\ICryLobbyEvent.h">
      <Filter>Interface</Filter>
    </ClInclude>
    <ClInclude Include="I:\Crytek\CRYENGINE Launcher\SourceCode\bigspring-cry\CRYENGINE\Code\CryExtensions\CryLobby\Interface\CryLobby\ICryLobbyPrivate.h">
      <Filter>Interface</Filter>
    </ClInclude>
    <ClInclude Include="I:\Crytek\CRYENGINE Launcher\SourceCode\bigspring-cry\CRYENGINE\Code\CryExtensions\CryLobby\Interface\CryLobby\CryLobbyPacket.h">
      <Filter>Interface</Filter>
    </ClInclude>
    <ClInclude Include="I:\Crytek\CRYENGINE Launcher\SourceCode\bigspring-cry\CRYENGINE\Code\CryExtensions\CryLobby\Interface\CryLobby\ICryLobbyUI.h">
      <Filter>Interface</Filter>
    </ClInclude>
    <ClInclude Include="I:\Crytek\CRYENGINE Launcher\SourceCode\bigspring-cry\CRYENGINE\Code\CryExtensions\CryLobby\Interface\CryLobby\ICryFriends.h">
      <Filter>Interface</Filter>
    </ClInclude>
    <ClInclude Include="I:\Crytek\CRYENGINE Launcher\SourceCode\bigspring-cry\CRYENGINE\Code\CryExtensions\CryLobby\Interface\CryLobby\ICryFriendsManagement.h">
      <Filter>Interface</Filter>
    </ClInclude>
    <ClInclude Include="I:\Crytek\CRYENGINE Launcher\SourceCode\bigspring-cry\CRYENGINE\Code\CryExtensions\CryLobby\Interface\CryLobby\ICryReward.h">
      <Filter>Interface</Filter>
    </ClInclude>
    <ClInclude Include="I:\Crytek\CRYENGINE Launcher\SourceCode\bigspring-cry\CRYENGINE\Code\CryExtensions\CryLobby\Interface\CryLobby\ICrySignIn.h">
      <Filter>Interface</Filter>
    </ClInclude>
    <ClInclude Include="I:\Crytek\CRYENGINE Launcher\SourceCode\bigspring-cry\CRYENGINE\Code\CryExtensions\CryLobby\Interface\CryLobby\ICryTCPService.h">
      <Filter>Interface</Filter>
    </ClInclude>
    <ClInclude Include="I:\Crytek\CRYENGINE Launcher\SourceCode\bigspring-cry\CRYENGINE\Code\CryExtensions\CryLobby\Interface\CryLobby\ICryVoice.h">
      <Filter>Interface</Filter>
    </ClInclude>
    <ClInclude Include="I:\Crytek\CRYENGINE Launcher\SourceCode\bigspring-cry\CRYENGINE\Code\CryExtensions\CryLobby\Interface\CryLobby\ICryMatchMaking.h">
      <Filter>Interface</Filter>
    </ClInclude>
    <ClInclude Include="I:\Crytek\CRYENGINE Launcher\SourceCode\bigspring-cry\CRYENGINE\Code\CryExtensions\CryLobby\Module\LAN\CryLANLobby.cpp">
      <Filter>LAN</Filter>
    </ClInclude>
    <ClInclude Include="I:\Crytek\CRYENGINE Launcher\SourceCode\bigspring-cry\CRYENGINE\Code\CryExtensions\CryLobby\Module\LAN\CryLANMatchMaking.cpp">
      <Filter>LAN</Filter>
    </ClInclude>
    <ClInclude Include="I:\Crytek\CRYENGINE Launcher\SourceCode\bigspring-cry\CRYENGINE\Code\CryExtensions\CryLobby\Module\LAN\CryLANLobby.h">
      <Filter>LAN</Filter>
    </ClInclude>
    <ClInclude Include="I:\Crytek\CRYENGINE Launcher\SourceCode\bigspring-cry\CRYENGINE\Code\CryExtensions\CryLobby\Module\LAN\CryLANMatchMaking.h">
      <Filter>LAN</Filter>
    </ClInclude>
    <ClInclude Include="I:\Crytek\CRYENGINE Launcher\SourceCode\bigspring-cry\CRYENGINE\Code\CryExtensions\CryLobby\Module\CryDedicatedServer.cpp">
      <Filter>Source Files</Filter>
    </ClInclude>
    <ClInclude Include="I:\Crytek\CRYENGINE Launcher\SourceCode\bigspring-cry\CRYENGINE\Code\CryExtensions\CryLobby\Module\CryDedicatedServerArbitrator.cpp">
      <Filter>Source Files</Filter>
    </ClInclude>
    <ClInclude Include="I:\Crytek\CRYENGINE Launcher\SourceCode\bigspring-cry\CRYENGINE\Code\CryExtensions\CryLobby\Module\CryFriends.cpp">
      <Filter>Source Files</Filter>
    </ClInclude>
    <ClInclude Include="I:\Crytek\CRYENGINE Launcher\SourceCode\bigspring-cry\CRYENGINE\Code\CryExtensions\CryLobby\Module\CryFriendsManagement.cpp">
      <Filter>Source Files</Filter>
    </ClInclude>
    <ClInclude Include="I:\Crytek\CRYENGINE Launcher\SourceCode\bigspring-cry\CRYENGINE\Code\CryExtensions\CryLobby\Module\CryHostMigration.cpp">
      <Filter>Source Files</Filter>
    </ClInclude>
    <ClInclude Include="I:\Crytek\CRYENGINE Launcher\SourceCode\bigspring-cry\CRYENGINE\Code\CryExtensions\CryLobby\Module\CryLobby.cpp">
      <Filter>Source Files</Filter>
    </ClInclude>
    <ClInclude Include="I:\Crytek\CRYENGINE Launcher\SourceCode\bigspring-cry\CRYENGINE\Code\CryExtensions\CryLobby\Module\CryLobbyDLL.cpp">
      <Filter>Source Files</Filter>
    </ClInclude>
    <ClInclude Include="I:\Crytek\CRYENGINE Launcher\SourceCode\bigspring-cry\CRYENGINE\Code\CryExtensions\CryLobby\Module\CryLobbyUI.cpp">
      <Filter>Source Files</Filter>
    </ClInclude>
    <ClInclude Include="I:\Crytek\CRYENGINE Launcher\SourceCode\bigspring-cry\CRYENGINE\Code\CryExtensions\CryLobby\Module\CryMatchMaking.cpp">
      <Filter>Source Files</Filter>
    </ClInclude>
    <ClInclude Include="I:\Crytek\CRYENGINE Launcher\SourceCode\bigspring-cry\CRYENGINE\Code\CryExtensions\CryLobby\Module\CryReward.cpp">
      <Filter>Source Files</Filter>
    </ClInclude>
    <ClInclude Include="I:\Crytek\CRYENGINE Launcher\SourceCode\bigspring-cry\CRYENGINE\Code\CryExtensions\CryLobby\Module\CrySignIn.cpp">
      <Filter>Source Files</Filter>
    </ClInclude>
    <ClInclude Include="I:\Crytek\CRYENGINE Launcher\SourceCode\bigspring-cry\CRYENGINE\Code\CryExtensions\CryLobby\Module\CryStats.cpp">
      <Filter>Source Files</Filter>
    </ClInclude>
    <ClInclude Include="I:\Crytek\CRYENGINE Launcher\SourceCode\bigspring-cry\CRYENGINE\Code\CryExtensions\CryLobby\Module\CryTCPService.cpp">
      <Filter>Source Files</Filter>
    </ClInclude>
    <ClInclude Include="I:\Crytek\CRYENGINE Launcher\SourceCode\bigspring-cry\CRYENGINE\Code\CryExtensions\CryLobby\Module\CryTCPServiceFactory.cpp">
      <Filter>Source Files</Filter>
    </ClInclude>
    <ClInclude Include="I:\Crytek\CRYENGINE Launcher\SourceCode\bigspring-cry\CRYENGINE\Code\CryExtensions\CryLobby\Module\CryVoice.cpp">
      <Filter>Source Files</Filter>
    </ClInclude>
    <ClInclude Include="I:\Crytek\CRYENGINE Launcher\SourceCode\bigspring-cry\CRYENGINE\Code\CryExtensions\CryLobby\Module\LobbyCVars.cpp">
      <Filter>Source Files</Filter>
    </ClInclude>
    <ClInclude Include="I:\Crytek\CRYENGINE Launcher\SourceCode\bigspring-cry\CRYENGINE\Code\CryExtensions\CryLobby\Module\CryDedicatedServer.h">
      <Filter>Header Files</Filter>
    </ClInclude>
    <ClInclude Include="I:\Crytek\CRYENGINE Launcher\SourceCode\bigspring-cry\CRYENGINE\Code\CryExtensions\CryLobby\Module\CryDedicatedServerArbitrator.h">
      <Filter>Header Files</Filter>
    </ClInclude>
    <ClInclude Include="I:\Crytek\CRYENGINE Launcher\SourceCode\bigspring-cry\CRYENGINE\Code\CryExtensions\CryLobby\Module\CryFriends.h">
      <Filter>Header Files</Filter>
    </ClInclude>
    <ClInclude Include="I:\Crytek\CRYENGINE Launcher\SourceCode\bigspring-cry\CRYENGINE\Code\CryExtensions\CryLobby\Module\CryFriendsManagement.h">
      <Filter>Header Files</Filter>
    </ClInclude>
    <ClInclude Include="I:\Crytek\CRYENGINE Launcher\SourceCode\bigspring-cry\CRYENGINE\Code\CryExtensions\CryLobby\Module\CryHostMigration.h">
      <Filter>Header Files</Filter>
    </ClInclude>
    <ClInclude Include="I:\Crytek\CRYENGINE Launcher\SourceCode\bigspring-cry\CRYENGINE\Code\CryExtensions\CryLobby\Module\CryLobby.h">
      <Filter>Header Files</Filter>
    </ClInclude>
    <ClInclude Include="I:\Crytek\CRYENGINE Launcher\SourceCode\bigspring-cry\CRYENGINE\Code\CryExtensions\CryLobby\Module\CryLobbyUI.h">
      <Filter>Header Files</Filter>
    </ClInclude>
    <ClInclude Include="I:\Crytek\CRYENGINE Launcher\SourceCode\bigspring-cry\CRYENGINE\Code\CryExtensions\CryLobby\Module\CryMatchMaking.h">
      <Filter>Header Files</Filter>
    </ClInclude>
    <ClInclude Include="I:\Crytek\CRYENGINE Launcher\SourceCode\bigspring-cry\CRYENGINE\Code\CryExtensions\CryLobby\Module\CryReward.h">
      <Filter>Header Files</Filter>
    </ClInclude>
    <ClInclude Include="I:\Crytek\CRYENGINE Launcher\SourceCode\bigspring-cry\CRYENGINE\Code\CryExtensions\CryLobby\Module\CrySharedLobbyPacket.h">
      <Filter>Header Files</Filter>
    </ClInclude>
    <ClInclude Include="I:\Crytek\CRYENGINE Launcher\SourceCode\bigspring-cry\CRYENGINE\Code\CryExtensions\CryLobby\Module\CrySignIn.h">
      <Filter>Header Files</Filter>
    </ClInclude>
    <ClInclude Include="I:\Crytek\CRYENGINE Launcher\SourceCode\bigspring-cry\CRYENGINE\Code\CryExtensions\CryLobby\Module\CryStats.h">
      <Filter>Header Files</Filter>
    </ClInclude>
    <ClInclude Include="I:\Crytek\CRYENGINE Launcher\SourceCode\bigspring-cry\CRYENGINE\Code\CryExtensions\CryLobby\Module\CryTCPService.h">
      <Filter>Header Files</Filter>
    </ClInclude>
    <ClInclude Include="I:\Crytek\CRYENGINE Launcher\SourceCode\bigspring-cry\CRYENGINE\Code\CryExtensions\CryLobby\Module\CryTCPServiceFactory.h">
      <Filter>Header Files</Filter>
    </ClInclude>
    <ClInclude Include="I:\Crytek\CRYENGINE Launcher\SourceCode\bigspring-cry\CRYENGINE\Code\CryExtensions\CryLobby\Module\CryVoice.h">
      <Filter>Header Files</Filter>
    </ClInclude>
    <ClInclude Include="I:\Crytek\CRYENGINE Launcher\SourceCode\bigspring-cry\CRYENGINE\Code\CryExtensions\CryLobby\Module\LobbyCVars.h">
      <Filter>Header Files</Filter>
    </ClInclude>
    <ClInclude Include="I:\Crytek\CRYENGINE Launcher\SourceCode\bigspring-cry\CRYENGINE\Code\CryExtensions\CryLobby\Module\resource.h">
      <Filter>Header Files</Filter>
    </ClInclude>
    <ClInclude Include="I:\Crytek\CRYENGINE Launcher\SourceCode\bigspring-cry\CRYENGINE\Code\CryExtensions\CryLobby\Module\StdAfx.h">
      <Filter>Header Files</Filter>
    </ClInclude>
  </ItemGroup>
  <ItemGroup>
    <CustomBuild Include="I:\Crytek\CRYENGINE Launcher\SourceCode\bigspring-cry\CRYENGINE\Code\CryExtensions\CryLobby\Module\CMakeLists.txt" />
    <CustomBuild Include="I:\Crytek\CRYENGINE Launcher\SourceCode\bigspring-cry\CRYENGINE\Solution_Win64\CMakeFiles\ab52191f9bb02c4ff1da6025ced06583\CryLobby_steam_uber.cpp.rule">
      <Filter>CMake Rules</Filter>
    </CustomBuild>
    <CustomBuild Include="I:\Crytek\CRYENGINE Launcher\SourceCode\bigspring-cry\CRYENGINE\Solution_Win64\CMakeFiles\ab52191f9bb02c4ff1da6025ced06583\CryLobby_uber_0.cpp.rule">
      <Filter>CMake Rules</Filter>
    </CustomBuild>
  </ItemGroup>
  <ItemGroup>
    <Filter Include="Source Files">
      <UniqueIdentifier>{526B85B2-5AEE-326C-94F9-8CC53F3E69CC}</UniqueIdentifier>
    </Filter>
    <Filter Include="Header Files">
      <UniqueIdentifier>{A920178B-E5D3-330D-9F11-D51D6B14FD2A}</UniqueIdentifier>
    </Filter>
    <Filter Include="CMake Rules">
      <UniqueIdentifier>{EAD2A386-A4DF-3C43-AE8D-8F52F97F005B}</UniqueIdentifier>
    </Filter>
    <Filter Include="Steam">
      <UniqueIdentifier>{DC4DDF6A-262E-39D4-A6D2-7D8000931383}</UniqueIdentifier>
    </Filter>
    <Filter Include="Interface">
      <UniqueIdentifier>{2959986B-E743-3B83-B16D-D4EC4ED3F62D}</UniqueIdentifier>
    </Filter>
    <Filter Include="LAN">
      <UniqueIdentifier>{AB236AA4-D8B7-3CA9-84C9-B3C0F85C88C0}</UniqueIdentifier>
    </Filter>
    <Filter Include="UBER FILES">
      <UniqueIdentifier>{A9EDE9CC-9CBB-3D2A-9C04-66ECEC4A3DAF}</UniqueIdentifier>
    </Filter>
  </ItemGroup>
</Project>
