<?xml version="1.0" encoding="UTF-8"?>
<Project ToolsVersion="14.0" xmlns="http://schemas.microsoft.com/developer/msbuild/2003">
  <ItemGroup>
    <ClCompile Include="I:\Crytek\CRYENGINE Launcher\SourceCode\bigspring-cry\CRYENGINE\Code\CryEngine\CryNetwork\StdAfx.cpp">
      <Filter>Source Files</Filter>
    </ClCompile>
    <ClCompile Include="I:\Crytek\CRYENGINE Launcher\SourceCode\bigspring-cry\CRYENGINE\Solution_Win64\Code\CryEngine\CryNetwork\CryNetwork_protocol_uber.cpp">
      <Filter>UBER FILES</Filter>
    </ClCompile>
    <ClCompile Include="I:\Crytek\CRYENGINE Launcher\SourceCode\bigspring-cry\CRYENGINE\Solution_Win64\Code\CryEngine\CryNetwork\CryNetwork_socket_uber.cpp">
      <Filter>UBER FILES</Filter>
    </ClCompile>
    <ClCompile Include="I:\Crytek\CRYENGINE Launcher\SourceCode\bigspring-cry\CRYENGINE\Solution_Win64\Code\CryEngine\CryNetwork\CryNetwork_uber_0.cpp">
      <Filter>UBER FILES</Filter>
    </ClCompile>
    <ClCompile Include="I:\Crytek\CRYENGINE Launcher\SourceCode\bigspring-cry\CRYENGINE\Solution_Win64\Code\CryEngine\CryNetwork\CryNetwork_uber_1.cpp">
      <Filter>UBER FILES</Filter>
    </ClCompile>
    <ClCompile Include="I:\Crytek\CRYENGINE Launcher\SourceCode\bigspring-cry\CRYENGINE\Solution_Win64\Code\CryEngine\CryNetwork\CryNetwork_uber_2.cpp">
      <Filter>UBER FILES</Filter>
    </ClCompile>
    <ClCompile Include="I:\Crytek\CRYENGINE Launcher\SourceCode\bigspring-cry\CRYENGINE\Solution_Win64\Code\CryEngine\CryNetwork\CryNetwork_uber_3.cpp">
      <Filter>UBER FILES</Filter>
    </ClCompile>
    <ClCompile Include="I:\Crytek\CRYENGINE Launcher\SourceCode\bigspring-cry\CRYENGINE\Solution_Win64\Code\CryEngine\CryNetwork\CryNetwork_uber_4.cpp">
      <Filter>UBER FILES</Filter>
    </ClCompile>
  </ItemGroup>
  <ItemGroup>
    <ClInclude Include="I:\Crytek\CRYENGINE Launcher\SourceCode\bigspring-cry\CRYENGINE\Code\CryEngine\CryNetwork\Protocol\BandwidthCalculator.cpp">
      <Filter>Protocol</Filter>
    </ClInclude>
    <ClInclude Include="I:\Crytek\CRYENGINE Launcher\SourceCode\bigspring-cry\CRYENGINE\Code\CryEngine\CryNetwork\Protocol\CTPEndpoint.cpp">
      <Filter>Protocol</Filter>
    </ClInclude>
    <ClInclude Include="I:\Crytek\CRYENGINE Launcher\SourceCode\bigspring-cry\CRYENGINE\Code\CryEngine\CryNetwork\Protocol\ExponentialKeyExchange.cpp">
      <Filter>Protocol</Filter>
    </ClInclude>
    <ClInclude Include="I:\Crytek\CRYENGINE Launcher\SourceCode\bigspring-cry\CRYENGINE\Code\CryEngine\CryNetwork\Protocol\FrameTypes.cpp">
      <Filter>Protocol</Filter>
    </ClInclude>
    <ClInclude Include="I:\Crytek\CRYENGINE Launcher\SourceCode\bigspring-cry\CRYENGINE\Code\CryEngine\CryNetwork\Protocol\MessageMapper.cpp">
      <Filter>Protocol</Filter>
    </ClInclude>
    <ClInclude Include="I:\Crytek\CRYENGINE Launcher\SourceCode\bigspring-cry\CRYENGINE\Code\CryEngine\CryNetwork\Protocol\MessageQueue.cpp">
      <Filter>Protocol</Filter>
    </ClInclude>
    <ClInclude Include="I:\Crytek\CRYENGINE Launcher\SourceCode\bigspring-cry\CRYENGINE\Code\CryEngine\CryNetwork\Protocol\NetChannel.cpp">
      <Filter>Protocol</Filter>
    </ClInclude>
    <ClInclude Include="I:\Crytek\CRYENGINE Launcher\SourceCode\bigspring-cry\CRYENGINE\Code\CryEngine\CryNetwork\Protocol\NetNub.cpp">
      <Filter>Protocol</Filter>
    </ClInclude>
    <ClInclude Include="I:\Crytek\CRYENGINE Launcher\SourceCode\bigspring-cry\CRYENGINE\Code\CryEngine\CryNetwork\Protocol\NewMessageQueue.cpp">
      <Filter>Protocol</Filter>
    </ClInclude>
    <ClInclude Include="I:\Crytek\CRYENGINE Launcher\SourceCode\bigspring-cry\CRYENGINE\Code\CryEngine\CryNetwork\Protocol\NullSendable.cpp">
      <Filter>Protocol</Filter>
    </ClInclude>
    <ClInclude Include="I:\Crytek\CRYENGINE Launcher\SourceCode\bigspring-cry\CRYENGINE\Code\CryEngine\CryNetwork\Protocol\PacketRateCalculator.cpp">
      <Filter>Protocol</Filter>
    </ClInclude>
    <ClInclude Include="I:\Crytek\CRYENGINE Launcher\SourceCode\bigspring-cry\CRYENGINE\Code\CryEngine\CryNetwork\Protocol\PMTUDiscovery.cpp">
      <Filter>Protocol</Filter>
    </ClInclude>
    <ClInclude Include="I:\Crytek\CRYENGINE Launcher\SourceCode\bigspring-cry\CRYENGINE\Code\CryEngine\CryNetwork\Protocol\Serialize.cpp">
      <Filter>Protocol</Filter>
    </ClInclude>
    <ClInclude Include="I:\Crytek\CRYENGINE Launcher\SourceCode\bigspring-cry\CRYENGINE\Code\CryEngine\CryNetwork\Protocol\StatsCollector.cpp">
      <Filter>Protocol</Filter>
    </ClInclude>
    <ClInclude Include="I:\Crytek\CRYENGINE Launcher\SourceCode\bigspring-cry\CRYENGINE\Code\CryEngine\CryNetwork\Protocol\BandwidthCalculator.h">
      <Filter>Protocol</Filter>
    </ClInclude>
    <ClInclude Include="I:\Crytek\CRYENGINE Launcher\SourceCode\bigspring-cry\CRYENGINE\Code\CryEngine\CryNetwork\Protocol\NewMessageQueue.h">
      <Filter>Protocol</Filter>
    </ClInclude>
    <ClInclude Include="I:\Crytek\CRYENGINE Launcher\SourceCode\bigspring-cry\CRYENGINE\Code\CryEngine\CryNetwork\Protocol\CTPEndpoint.h">
      <Filter>Protocol</Filter>
    </ClInclude>
    <ClInclude Include="I:\Crytek\CRYENGINE Launcher\SourceCode\bigspring-cry\CRYENGINE\Code\CryEngine\CryNetwork\Protocol\ExponentialKeyExchange.h">
      <Filter>Protocol</Filter>
    </ClInclude>
    <ClInclude Include="I:\Crytek\CRYENGINE Launcher\SourceCode\bigspring-cry\CRYENGINE\Code\CryEngine\CryNetwork\Protocol\FrameTypes.h">
      <Filter>Protocol</Filter>
    </ClInclude>
    <ClInclude Include="I:\Crytek\CRYENGINE Launcher\SourceCode\bigspring-cry\CRYENGINE\Code\CryEngine\CryNetwork\Protocol\ICTPEndpointListener.h">
      <Filter>Protocol</Filter>
    </ClInclude>
    <ClInclude Include="I:\Crytek\CRYENGINE Launcher\SourceCode\bigspring-cry\CRYENGINE\Code\CryEngine\CryNetwork\Protocol\INubMember.h">
      <Filter>Protocol</Filter>
    </ClInclude>
    <ClInclude Include="I:\Crytek\CRYENGINE Launcher\SourceCode\bigspring-cry\CRYENGINE\Code\CryEngine\CryNetwork\Protocol\MessageMapper.h">
      <Filter>Protocol</Filter>
    </ClInclude>
    <ClInclude Include="I:\Crytek\CRYENGINE Launcher\SourceCode\bigspring-cry\CRYENGINE\Code\CryEngine\CryNetwork\Protocol\MessageQueue.h">
      <Filter>Protocol</Filter>
    </ClInclude>
    <ClInclude Include="I:\Crytek\CRYENGINE Launcher\SourceCode\bigspring-cry\CRYENGINE\Code\CryEngine\CryNetwork\Protocol\NetChannel.h">
      <Filter>Protocol</Filter>
    </ClInclude>
    <ClInclude Include="I:\Crytek\CRYENGINE Launcher\SourceCode\bigspring-cry\CRYENGINE\Code\CryEngine\CryNetwork\Protocol\NetNub.h">
      <Filter>Protocol</Filter>
    </ClInclude>
    <ClInclude Include="I:\Crytek\CRYENGINE Launcher\SourceCode\bigspring-cry\CRYENGINE\Code\CryEngine\CryNetwork\Protocol\NullSendable.h">
      <Filter>Protocol</Filter>
    </ClInclude>
    <ClInclude Include="I:\Crytek\CRYENGINE Launcher\SourceCode\bigspring-cry\CRYENGINE\Code\CryEngine\CryNetwork\Protocol\PacketRateCalculator.h">
      <Filter>Protocol</Filter>
    </ClInclude>
    <ClInclude Include="I:\Crytek\CRYENGINE Launcher\SourceCode\bigspring-cry\CRYENGINE\Code\CryEngine\CryNetwork\Protocol\PMTUDiscovery.h">
      <Filter>Protocol</Filter>
    </ClInclude>
    <ClInclude Include="I:\Crytek\CRYENGINE Launcher\SourceCode\bigspring-cry\CRYENGINE\Code\CryEngine\CryNetwork\Protocol\Serialize.h">
      <Filter>Protocol</Filter>
    </ClInclude>
    <ClInclude Include="I:\Crytek\CRYENGINE Launcher\SourceCode\bigspring-cry\CRYENGINE\Code\CryEngine\CryNetwork\Protocol\StatsCollector.h">
      <Filter>Protocol</Filter>
    </ClInclude>
    <ClInclude Include="I:\Crytek\CRYENGINE Launcher\SourceCode\bigspring-cry\CRYENGINE\Code\CryEngine\CryNetwork\Socket\SocketIOManagerLobbyIDAddr.h">
      <Filter>Socket Library</Filter>
    </ClInclude>
    <ClInclude Include="I:\Crytek\CRYENGINE Launcher\SourceCode\bigspring-cry\CRYENGINE\Code\CryEngine\CryNetwork\Socket\CompositeDatagramSocket.cpp">
      <Filter>Socket Library</Filter>
    </ClInclude>
    <ClInclude Include="I:\Crytek\CRYENGINE Launcher\SourceCode\bigspring-cry\CRYENGINE\Code\CryEngine\CryNetwork\Socket\IDatagramSocket.cpp">
      <Filter>Socket Library</Filter>
    </ClInclude>
    <ClInclude Include="I:\Crytek\CRYENGINE Launcher\SourceCode\bigspring-cry\CRYENGINE\Code\CryEngine\CryNetwork\Socket\InternetSimulatorSocket.cpp">
      <Filter>Socket Library</Filter>
    </ClInclude>
    <ClInclude Include="I:\Crytek\CRYENGINE Launcher\SourceCode\bigspring-cry\CRYENGINE\Code\CryEngine\CryNetwork\Socket\ISocketIOManager.cpp">
      <Filter>Socket Library</Filter>
    </ClInclude>
    <ClInclude Include="I:\Crytek\CRYENGINE Launcher\SourceCode\bigspring-cry\CRYENGINE\Code\CryEngine\CryNetwork\Socket\IStreamSocket.cpp">
      <Filter>Socket Library</Filter>
    </ClInclude>
    <ClInclude Include="I:\Crytek\CRYENGINE Launcher\SourceCode\bigspring-cry\CRYENGINE\Code\CryEngine\CryNetwork\Socket\LocalDatagramSocket.cpp">
      <Filter>Socket Library</Filter>
    </ClInclude>
    <ClInclude Include="I:\Crytek\CRYENGINE Launcher\SourceCode\bigspring-cry\CRYENGINE\Code\CryEngine\CryNetwork\Socket\NetResolver.cpp">
      <Filter>Socket Library</Filter>
    </ClInclude>
    <ClInclude Include="I:\Crytek\CRYENGINE Launcher\SourceCode\bigspring-cry\CRYENGINE\Code\CryEngine\CryNetwork\Socket\SocketError.cpp">
      <Filter>Socket Library</Filter>
    </ClInclude>
    <ClInclude Include="I:\Crytek\CRYENGINE Launcher\SourceCode\bigspring-cry\CRYENGINE\Code\CryEngine\CryNetwork\Socket\SocketIOManagerIOCP.cpp">
      <Filter>Socket Library</Filter>
    </ClInclude>
    <ClInclude Include="I:\Crytek\CRYENGINE Launcher\SourceCode\bigspring-cry\CRYENGINE\Code\CryEngine\CryNetwork\Socket\SocketIOManagerLobbyIDAddr.cpp">
      <Filter>Socket Library</Filter>
    </ClInclude>
    <ClInclude Include="I:\Crytek\CRYENGINE Launcher\SourceCode\bigspring-cry\CRYENGINE\Code\CryEngine\CryNetwork\Socket\SocketIOManagerSelect.cpp">
      <Filter>Socket Library</Filter>
    </ClInclude>
    <ClInclude Include="I:\Crytek\CRYENGINE Launcher\SourceCode\bigspring-cry\CRYENGINE\Code\CryEngine\CryNetwork\Socket\TCPStreamSocket.cpp">
      <Filter>Socket Library</Filter>
    </ClInclude>
    <ClInclude Include="I:\Crytek\CRYENGINE Launcher\SourceCode\bigspring-cry\CRYENGINE\Code\CryEngine\CryNetwork\Socket\UDPDatagramSocket.cpp">
      <Filter>Socket Library</Filter>
    </ClInclude>
    <ClInclude Include="I:\Crytek\CRYENGINE Launcher\SourceCode\bigspring-cry\CRYENGINE\Code\CryEngine\CryNetwork\Socket\WatchdogTimer.cpp">
      <Filter>Socket Library</Filter>
    </ClInclude>
    <ClInclude Include="I:\Crytek\CRYENGINE Launcher\SourceCode\bigspring-cry\CRYENGINE\Code\CryEngine\CryNetwork\Socket\CompositeDatagramSocket.h">
      <Filter>Socket Library</Filter>
    </ClInclude>
    <ClInclude Include="I:\Crytek\CRYENGINE Launcher\SourceCode\bigspring-cry\CRYENGINE\Code\CryEngine\CryNetwork\Socket\IDatagramSocket.h">
      <Filter>Socket Library</Filter>
    </ClInclude>
    <ClInclude Include="I:\Crytek\CRYENGINE Launcher\SourceCode\bigspring-cry\CRYENGINE\Code\CryEngine\CryNetwork\Socket\InternetSimulatorSocket.h">
      <Filter>Socket Library</Filter>
    </ClInclude>
    <ClInclude Include="I:\Crytek\CRYENGINE Launcher\SourceCode\bigspring-cry\CRYENGINE\Code\CryEngine\CryNetwork\Socket\ISocketIOManager.h">
      <Filter>Socket Library</Filter>
    </ClInclude>
    <ClInclude Include="I:\Crytek\CRYENGINE Launcher\SourceCode\bigspring-cry\CRYENGINE\Code\CryEngine\CryNetwork\Socket\IStreamSocket.h">
      <Filter>Socket Library</Filter>
    </ClInclude>
    <ClInclude Include="I:\Crytek\CRYENGINE Launcher\SourceCode\bigspring-cry\CRYENGINE\Code\CryEngine\CryNetwork\Socket\LocalDatagramSocket.h">
      <Filter>Socket Library</Filter>
    </ClInclude>
    <ClInclude Include="I:\Crytek\CRYENGINE Launcher\SourceCode\bigspring-cry\CRYENGINE\Code\CryEngine\CryNetwork\Socket\NetResolver.h">
      <Filter>Socket Library</Filter>
    </ClInclude>
    <ClInclude Include="I:\Crytek\CRYENGINE Launcher\SourceCode\bigspring-cry\CRYENGINE\Code\CryEngine\CryNetwork\Socket\SocketError.h">
      <Filter>Socket Library</Filter>
    </ClInclude>
    <ClInclude Include="I:\Crytek\CRYENGINE Launcher\SourceCode\bigspring-cry\CRYENGINE\Code\CryEngine\CryNetwork\Socket\SocketIOManagerIOCP.h">
      <Filter>Socket Library</Filter>
    </ClInclude>
    <ClInclude Include="I:\Crytek\CRYENGINE Launcher\SourceCode\bigspring-cry\CRYENGINE\Code\CryEngine\CryNetwork\Socket\SocketIOManagerNull.h">
      <Filter>Socket Library</Filter>
    </ClInclude>
    <ClInclude Include="I:\Crytek\CRYENGINE Launcher\SourceCode\bigspring-cry\CRYENGINE\Code\CryEngine\CryNetwork\Socket\SocketIOManagerSelect.h">
      <Filter>Socket Library</Filter>
    </ClInclude>
    <ClInclude Include="I:\Crytek\CRYENGINE Launcher\SourceCode\bigspring-cry\CRYENGINE\Code\CryEngine\CryNetwork\Socket\TCPStreamSocket.h">
      <Filter>Socket Library</Filter>
    </ClInclude>
    <ClInclude Include="I:\Crytek\CRYENGINE Launcher\SourceCode\bigspring-cry\CRYENGINE\Code\CryEngine\CryNetwork\Socket\UDPDatagramSocket.h">
      <Filter>Socket Library</Filter>
    </ClInclude>
    <ClInclude Include="I:\Crytek\CRYENGINE Launcher\SourceCode\bigspring-cry\CRYENGINE\Code\CryEngine\CryNetwork\Socket\WatchdogTimer.h">
      <Filter>Socket Library</Filter>
    </ClInclude>
    <ClInclude Include="I:\Crytek\CRYENGINE Launcher\SourceCode\bigspring-cry\CRYENGINE\Code\CryEngine\CryNetwork\Compression\AdaptiveBoolPolicy.cpp">
      <Filter>Compression</Filter>
    </ClInclude>
    <ClInclude Include="I:\Crytek\CRYENGINE Launcher\SourceCode\bigspring-cry\CRYENGINE\Code\CryEngine\CryNetwork\Compression\AdaptiveBoolPolicy2.cpp">
      <Filter>Compression</Filter>
    </ClInclude>
    <ClInclude Include="I:\Crytek\CRYENGINE Launcher\SourceCode\bigspring-cry\CRYENGINE\Code\CryEngine\CryNetwork\Compression\AdaptiveFloat.cpp">
      <Filter>Compression</Filter>
    </ClInclude>
    <ClInclude Include="I:\Crytek\CRYENGINE Launcher\SourceCode\bigspring-cry\CRYENGINE\Code\CryEngine\CryNetwork\Compression\AdaptiveFloatPolicy.cpp">
      <Filter>Compression</Filter>
    </ClInclude>
    <ClInclude Include="I:\Crytek\CRYENGINE Launcher\SourceCode\bigspring-cry\CRYENGINE\Code\CryEngine\CryNetwork\Compression\AdaptiveOrientationPolicy.cpp">
      <Filter>Compression</Filter>
    </ClInclude>
    <ClInclude Include="I:\Crytek\CRYENGINE Launcher\SourceCode\bigspring-cry\CRYENGINE\Code\CryEngine\CryNetwork\Compression\AdaptiveUnitVec3Policy.cpp">
      <Filter>Compression</Filter>
    </ClInclude>
    <ClInclude Include="I:\Crytek\CRYENGINE Launcher\SourceCode\bigspring-cry\CRYENGINE\Code\CryEngine\CryNetwork\Compression\AdaptiveVec3Policy.cpp">
      <Filter>Compression</Filter>
    </ClInclude>
    <ClInclude Include="I:\Crytek\CRYENGINE Launcher\SourceCode\bigspring-cry\CRYENGINE\Code\CryEngine\CryNetwork\Compression\AdaptiveVelocity.cpp">
      <Filter>Compression</Filter>
    </ClInclude>
    <ClInclude Include="I:\Crytek\CRYENGINE Launcher\SourceCode\bigspring-cry\CRYENGINE\Code\CryEngine\CryNetwork\Compression\AdaptiveVelocityPolicy.cpp">
      <Filter>Compression</Filter>
    </ClInclude>
    <ClInclude Include="I:\Crytek\CRYENGINE Launcher\SourceCode\bigspring-cry\CRYENGINE\Code\CryEngine\CryNetwork\Compression\ArithAlphabet.cpp">
      <Filter>Compression</Filter>
    </ClInclude>
    <ClInclude Include="I:\Crytek\CRYENGINE Launcher\SourceCode\bigspring-cry\CRYENGINE\Code\CryEngine\CryNetwork\Compression\ArithModel.cpp">
      <Filter>Compression</Filter>
    </ClInclude>
    <ClInclude Include="I:\Crytek\CRYENGINE Launcher\SourceCode\bigspring-cry\CRYENGINE\Code\CryEngine\CryNetwork\Compression\ArithPrimitives.cpp">
      <Filter>Compression</Filter>
    </ClInclude>
    <ClInclude Include="I:\Crytek\CRYENGINE Launcher\SourceCode\bigspring-cry\CRYENGINE\Code\CryEngine\CryNetwork\Compression\BiggerOrSmallerPolicy.cpp">
      <Filter>Compression</Filter>
    </ClInclude>
    <ClInclude Include="I:\Crytek\CRYENGINE Launcher\SourceCode\bigspring-cry\CRYENGINE\Code\CryEngine\CryNetwork\Compression\BoolCompress.cpp">
      <Filter>Compression</Filter>
    </ClInclude>
    <ClInclude Include="I:\Crytek\CRYENGINE Launcher\SourceCode\bigspring-cry\CRYENGINE\Code\CryEngine\CryNetwork\Compression\BoolCompress2.cpp">
      <Filter>Compression</Filter>
    </ClInclude>
    <ClInclude Include="I:\Crytek\CRYENGINE Launcher\SourceCode\bigspring-cry\CRYENGINE\Code\CryEngine\CryNetwork\Compression\CompressionManager.cpp">
      <Filter>Compression</Filter>
    </ClInclude>
    <ClInclude Include="I:\Crytek\CRYENGINE Launcher\SourceCode\bigspring-cry\CRYENGINE\Code\CryEngine\CryNetwork\Compression\DefaultPolicy.cpp">
      <Filter>Compression</Filter>
    </ClInclude>
    <ClInclude Include="I:\Crytek\CRYENGINE Launcher\SourceCode\bigspring-cry\CRYENGINE\Code\CryEngine\CryNetwork\Compression\EntityIdPolicy.cpp">
      <Filter>Compression</Filter>
    </ClInclude>
    <ClInclude Include="I:\Crytek\CRYENGINE Launcher\SourceCode\bigspring-cry\CRYENGINE\Code\CryEngine\CryNetwork\Compression\ErrorDistributionEncoding.cpp">
      <Filter>Compression</Filter>
    </ClInclude>
    <ClInclude Include="I:\Crytek\CRYENGINE Launcher\SourceCode\bigspring-cry\CRYENGINE\Code\CryEngine\CryNetwork\Compression\FloatAsIntPolicy.cpp">
      <Filter>Compression</Filter>
    </ClInclude>
    <ClInclude Include="I:\Crytek\CRYENGINE Launcher\SourceCode\bigspring-cry\CRYENGINE\Code\CryEngine\CryNetwork\Compression\GaussianEncoding.cpp">
      <Filter>Compression</Filter>
    </ClInclude>
    <ClInclude Include="I:\Crytek\CRYENGINE Launcher\SourceCode\bigspring-cry\CRYENGINE\Code\CryEngine\CryNetwork\Compression\Int64Policy.cpp">
      <Filter>Compression</Filter>
    </ClInclude>
    <ClInclude Include="I:\Crytek\CRYENGINE Launcher\SourceCode\bigspring-cry\CRYENGINE\Code\CryEngine\CryNetwork\Compression\IntegerValuePredictor.cpp">
      <Filter>Compression</Filter>
    </ClInclude>
    <ClInclude Include="I:\Crytek\CRYENGINE Launcher\SourceCode\bigspring-cry\CRYENGINE\Code\CryEngine\CryNetwork\Compression\JumpyPolicy.cpp">
      <Filter>Compression</Filter>
    </ClInclude>
    <ClInclude Include="I:\Crytek\CRYENGINE Launcher\SourceCode\bigspring-cry\CRYENGINE\Code\CryEngine\CryNetwork\Compression\NoSendPolicy.cpp">
      <Filter>Compression</Filter>
    </ClInclude>
    <ClInclude Include="I:\Crytek\CRYENGINE Launcher\SourceCode\bigspring-cry\CRYENGINE\Code\CryEngine\CryNetwork\Compression\OwnChannelCompressionPolicy.cpp">
      <Filter>Compression</Filter>
    </ClInclude>
    <ClInclude Include="I:\Crytek\CRYENGINE Launcher\SourceCode\bigspring-cry\CRYENGINE\Code\CryEngine\CryNetwork\Compression\PredictiveFloat.cpp">
      <Filter>Compression</Filter>
    </ClInclude>
    <ClInclude Include="I:\Crytek\CRYENGINE Launcher\SourceCode\bigspring-cry\CRYENGINE\Code\CryEngine\CryNetwork\Compression\PredictiveFloatTracker.cpp">
      <Filter>Compression</Filter>
    </ClInclude>
    <ClInclude Include="I:\Crytek\CRYENGINE Launcher\SourceCode\bigspring-cry\CRYENGINE\Code\CryEngine\CryNetwork\Compression\QuantizedVec3.cpp">
      <Filter>Compression</Filter>
    </ClInclude>
    <ClInclude Include="I:\Crytek\CRYENGINE Launcher\SourceCode\bigspring-cry\CRYENGINE\Code\CryEngine\CryNetwork\Compression\Quantizer.cpp">
      <Filter>Compression</Filter>
    </ClInclude>
    <ClInclude Include="I:\Crytek\CRYENGINE Launcher\SourceCode\bigspring-cry\CRYENGINE\Code\CryEngine\CryNetwork\Compression\RangedIntPolicy.cpp">
      <Filter>Compression</Filter>
    </ClInclude>
    <ClInclude Include="I:\Crytek\CRYENGINE Launcher\SourceCode\bigspring-cry\CRYENGINE\Code\CryEngine\CryNetwork\Compression\RangedUnsignedIntPolicy.cpp">
      <Filter>Compression</Filter>
    </ClInclude>
    <ClInclude Include="I:\Crytek\CRYENGINE Launcher\SourceCode\bigspring-cry\CRYENGINE\Code\CryEngine\CryNetwork\Compression\SegmentedCompressionSpace.cpp">
      <Filter>Compression</Filter>
    </ClInclude>
    <ClInclude Include="I:\Crytek\CRYENGINE Launcher\SourceCode\bigspring-cry\CRYENGINE\Code\CryEngine\CryNetwork\Compression\SerializationChunk.cpp">
      <Filter>Compression</Filter>
    </ClInclude>
    <ClInclude Include="I:\Crytek\CRYENGINE Launcher\SourceCode\bigspring-cry\CRYENGINE\Code\CryEngine\CryNetwork\Compression\StationaryInteger.cpp">
      <Filter>Compression</Filter>
    </ClInclude>
    <ClInclude Include="I:\Crytek\CRYENGINE Launcher\SourceCode\bigspring-cry\CRYENGINE\Code\CryEngine\CryNetwork\Compression\StationaryUnsignedInteger.cpp">
      <Filter>Compression</Filter>
    </ClInclude>
    <ClInclude Include="I:\Crytek\CRYENGINE Launcher\SourceCode\bigspring-cry\CRYENGINE\Code\CryEngine\CryNetwork\Compression\StringTable.cpp">
      <Filter>Compression</Filter>
    </ClInclude>
    <ClInclude Include="I:\Crytek\CRYENGINE Launcher\SourceCode\bigspring-cry\CRYENGINE\Code\CryEngine\CryNetwork\Compression\StringTablePolicy.cpp">
      <Filter>Compression</Filter>
    </ClInclude>
    <ClInclude Include="I:\Crytek\CRYENGINE Launcher\SourceCode\bigspring-cry\CRYENGINE\Code\CryEngine\CryNetwork\Compression\TimePolicy.cpp">
      <Filter>Compression</Filter>
    </ClInclude>
    <ClInclude Include="I:\Crytek\CRYENGINE Launcher\SourceCode\bigspring-cry\CRYENGINE\Code\CryEngine\CryNetwork\Compression\TimePolicyWithDistribution.cpp">
      <Filter>Compression</Filter>
    </ClInclude>
    <ClInclude Include="I:\Crytek\CRYENGINE Launcher\SourceCode\bigspring-cry\CRYENGINE\Code\CryEngine\CryNetwork\Compression\Vec3TableCompressor.cpp">
      <Filter>Compression</Filter>
    </ClInclude>
    <ClInclude Include="I:\Crytek\CRYENGINE Launcher\SourceCode\bigspring-cry\CRYENGINE\Code\CryEngine\CryNetwork\Compression\RangedUnsignedIntPolicy.h">
      <Filter>Compression</Filter>
    </ClInclude>
    <ClInclude Include="I:\Crytek\CRYENGINE Launcher\SourceCode\bigspring-cry\CRYENGINE\Code\CryEngine\CryNetwork\Compression\StationaryUnsignedInteger.h">
      <Filter>Compression</Filter>
    </ClInclude>
    <ClInclude Include="I:\Crytek\CRYENGINE Launcher\SourceCode\bigspring-cry\CRYENGINE\Code\CryEngine\CryNetwork\Compression\AdaptiveFloat.h">
      <Filter>Compression</Filter>
    </ClInclude>
    <ClInclude Include="I:\Crytek\CRYENGINE Launcher\SourceCode\bigspring-cry\CRYENGINE\Code\CryEngine\CryNetwork\Compression\AdaptiveVelocity.h">
      <Filter>Compression</Filter>
    </ClInclude>
    <ClInclude Include="I:\Crytek\CRYENGINE Launcher\SourceCode\bigspring-cry\CRYENGINE\Code\CryEngine\CryNetwork\Compression\ArithAlphabet.h">
      <Filter>Compression</Filter>
    </ClInclude>
    <ClInclude Include="I:\Crytek\CRYENGINE Launcher\SourceCode\bigspring-cry\CRYENGINE\Code\CryEngine\CryNetwork\Compression\ArithModel.h">
      <Filter>Compression</Filter>
    </ClInclude>
    <ClInclude Include="I:\Crytek\CRYENGINE Launcher\SourceCode\bigspring-cry\CRYENGINE\Code\CryEngine\CryNetwork\Compression\ArithPrimitives.h">
      <Filter>Compression</Filter>
    </ClInclude>
    <ClInclude Include="I:\Crytek\CRYENGINE Launcher\SourceCode\bigspring-cry\CRYENGINE\Code\CryEngine\CryNetwork\Compression\BoolCompress.h">
      <Filter>Compression</Filter>
    </ClInclude>
    <ClInclude Include="I:\Crytek\CRYENGINE Launcher\SourceCode\bigspring-cry\CRYENGINE\Code\CryEngine\CryNetwork\Compression\BoolCompress2.h">
      <Filter>Compression</Filter>
    </ClInclude>
    <ClInclude Include="I:\Crytek\CRYENGINE Launcher\SourceCode\bigspring-cry\CRYENGINE\Code\CryEngine\CryNetwork\Compression\CompressionManager.h">
      <Filter>Compression</Filter>
    </ClInclude>
    <ClInclude Include="I:\Crytek\CRYENGINE Launcher\SourceCode\bigspring-cry\CRYENGINE\Code\CryEngine\CryNetwork\Compression\ErrorDistributionEncoding.h">
      <Filter>Compression</Filter>
    </ClInclude>
    <ClInclude Include="I:\Crytek\CRYENGINE Launcher\SourceCode\bigspring-cry\CRYENGINE\Code\CryEngine\CryNetwork\Compression\GaussianEncoding.h">
      <Filter>Compression</Filter>
    </ClInclude>
    <ClInclude Include="I:\Crytek\CRYENGINE Launcher\SourceCode\bigspring-cry\CRYENGINE\Code\CryEngine\CryNetwork\Compression\GaussianEncoding_SlotData.h">
      <Filter>Compression</Filter>
    </ClInclude>
    <ClInclude Include="I:\Crytek\CRYENGINE Launcher\SourceCode\bigspring-cry\CRYENGINE\Code\CryEngine\CryNetwork\Compression\ICompressionPolicy.h">
      <Filter>Compression</Filter>
    </ClInclude>
    <ClInclude Include="I:\Crytek\CRYENGINE Launcher\SourceCode\bigspring-cry\CRYENGINE\Code\CryEngine\CryNetwork\Compression\ICompressionPolicy2.h">
      <Filter>Compression</Filter>
    </ClInclude>
    <ClInclude Include="I:\Crytek\CRYENGINE Launcher\SourceCode\bigspring-cry\CRYENGINE\Code\CryEngine\CryNetwork\Compression\CompressionPolicyTime.h">
      <Filter>Compression</Filter>
    </ClInclude>
    <ClInclude Include="I:\Crytek\CRYENGINE Launcher\SourceCode\bigspring-cry\CRYENGINE\Code\CryEngine\CryNetwork\Compression\IntegerValuePredictor.h">
      <Filter>Compression</Filter>
    </ClInclude>
    <ClInclude Include="I:\Crytek\CRYENGINE Launcher\SourceCode\bigspring-cry\CRYENGINE\Code\CryEngine\CryNetwork\Compression\OwnChannelCompressionPolicy.h">
      <Filter>Compression</Filter>
    </ClInclude>
    <ClInclude Include="I:\Crytek\CRYENGINE Launcher\SourceCode\bigspring-cry\CRYENGINE\Code\CryEngine\CryNetwork\Compression\PredictiveBase.h">
      <Filter>Compression</Filter>
    </ClInclude>
    <ClInclude Include="I:\Crytek\CRYENGINE Launcher\SourceCode\bigspring-cry\CRYENGINE\Code\CryEngine\CryNetwork\Compression\PredictiveFloat.h">
      <Filter>Compression</Filter>
    </ClInclude>
    <ClInclude Include="I:\Crytek\CRYENGINE Launcher\SourceCode\bigspring-cry\CRYENGINE\Code\CryEngine\CryNetwork\Compression\PredictiveFloatTracker.h">
      <Filter>Compression</Filter>
    </ClInclude>
    <ClInclude Include="I:\Crytek\CRYENGINE Launcher\SourceCode\bigspring-cry\CRYENGINE\Code\CryEngine\CryNetwork\Compression\Quantizer.h">
      <Filter>Compression</Filter>
    </ClInclude>
    <ClInclude Include="I:\Crytek\CRYENGINE Launcher\SourceCode\bigspring-cry\CRYENGINE\Code\CryEngine\CryNetwork\Compression\RangedIntPolicy.h">
      <Filter>Compression</Filter>
    </ClInclude>
    <ClInclude Include="I:\Crytek\CRYENGINE Launcher\SourceCode\bigspring-cry\CRYENGINE\Code\CryEngine\CryNetwork\Compression\SegmentedCompressionSpace.h">
      <Filter>Compression</Filter>
    </ClInclude>
    <ClInclude Include="I:\Crytek\CRYENGINE Launcher\SourceCode\bigspring-cry\CRYENGINE\Code\CryEngine\CryNetwork\Compression\SerializationChunk.h">
      <Filter>Compression</Filter>
    </ClInclude>
    <ClInclude Include="I:\Crytek\CRYENGINE Launcher\SourceCode\bigspring-cry\CRYENGINE\Code\CryEngine\CryNetwork\Compression\StationaryInteger.h">
      <Filter>Compression</Filter>
    </ClInclude>
    <ClInclude Include="I:\Crytek\CRYENGINE Launcher\SourceCode\bigspring-cry\CRYENGINE\Code\CryEngine\CryNetwork\Compression\StringTable.h">
      <Filter>Compression</Filter>
    </ClInclude>
    <ClInclude Include="I:\Crytek\CRYENGINE Launcher\SourceCode\bigspring-cry\CRYENGINE\Code\CryEngine\CryNetwork\Compression\TimePolicy.h">
      <Filter>Compression</Filter>
    </ClInclude>
    <ClInclude Include="I:\Crytek\CRYENGINE Launcher\SourceCode\bigspring-cry\CRYENGINE\Code\CryEngine\CryNetwork\Compression\TimePolicyWithDistribution.h">
      <Filter>Compression</Filter>
    </ClInclude>
    <ClInclude Include="I:\Crytek\CRYENGINE Launcher\SourceCode\bigspring-cry\CRYENGINE\Code\CryEngine\CryNetwork\resource.h">
      <Filter>Header Files</Filter>
    </ClInclude>
    <ClInclude Include="I:\Crytek\CRYENGINE Launcher\SourceCode\bigspring-cry\CRYENGINE\Code\CryEngine\CryNetwork\Streams\ByteStream.cpp">
      <Filter>Streams</Filter>
    </ClInclude>
    <ClInclude Include="I:\Crytek\CRYENGINE Launcher\SourceCode\bigspring-cry\CRYENGINE\Code\CryEngine\CryNetwork\Streams\CompressingStream.cpp">
      <Filter>Streams</Filter>
    </ClInclude>
    <ClInclude Include="I:\Crytek\CRYENGINE Launcher\SourceCode\bigspring-cry\CRYENGINE\Code\CryEngine\CryNetwork\Streams\SimpleInputStream.cpp">
      <Filter>Streams</Filter>
    </ClInclude>
    <ClInclude Include="I:\Crytek\CRYENGINE Launcher\SourceCode\bigspring-cry\CRYENGINE\Code\CryEngine\CryNetwork\Streams\SimpleOutputStream.cpp">
      <Filter>Streams</Filter>
    </ClInclude>
    <ClInclude Include="I:\Crytek\CRYENGINE Launcher\SourceCode\bigspring-cry\CRYENGINE\Code\CryEngine\CryNetwork\Streams\ArithStream.h">
      <Filter>Streams</Filter>
    </ClInclude>
    <ClInclude Include="I:\Crytek\CRYENGINE Launcher\SourceCode\bigspring-cry\CRYENGINE\Code\CryEngine\CryNetwork\Streams\ByteStream.h">
      <Filter>Streams</Filter>
    </ClInclude>
    <ClInclude Include="I:\Crytek\CRYENGINE Launcher\SourceCode\bigspring-cry\CRYENGINE\Code\CryEngine\CryNetwork\Streams\CommStream.h">
      <Filter>Streams</Filter>
    </ClInclude>
    <ClInclude Include="I:\Crytek\CRYENGINE Launcher\SourceCode\bigspring-cry\CRYENGINE\Code\CryEngine\CryNetwork\Streams\CompressingStream.h">
      <Filter>Streams</Filter>
    </ClInclude>
    <ClInclude Include="I:\Crytek\CRYENGINE Launcher\SourceCode\bigspring-cry\CRYENGINE\Code\CryEngine\CryNetwork\Streams\SimpleInputStream.h">
      <Filter>Streams</Filter>
    </ClInclude>
    <ClInclude Include="I:\Crytek\CRYENGINE Launcher\SourceCode\bigspring-cry\CRYENGINE\Code\CryEngine\CryNetwork\Streams\SimpleOutputStream.h">
      <Filter>Streams</Filter>
    </ClInclude>
    <ClInclude Include="I:\Crytek\CRYENGINE Launcher\SourceCode\bigspring-cry\CRYENGINE\Code\CryEngine\CryNetwork\Streams\SimpleStreamDefs.h">
      <Filter>Streams</Filter>
    </ClInclude>
    <ClInclude Include="I:\Crytek\CRYENGINE Launcher\SourceCode\bigspring-cry\CRYENGINE\Code\CryEngine\CryNetwork\Cryptography\rijndael.cpp">
      <Filter>Cryptography</Filter>
    </ClInclude>
    <ClInclude Include="I:\Crytek\CRYENGINE Launcher\SourceCode\bigspring-cry\CRYENGINE\Code\CryEngine\CryNetwork\Cryptography\StreamCipher.cpp">
      <Filter>Cryptography</Filter>
    </ClInclude>
    <ClInclude Include="I:\Crytek\CRYENGINE Launcher\SourceCode\bigspring-cry\CRYENGINE\Code\CryEngine\CryNetwork\Cryptography\Whirlpool.cpp">
      <Filter>Cryptography</Filter>
    </ClInclude>
    <ClInclude Include="I:\Crytek\CRYENGINE Launcher\SourceCode\bigspring-cry\CRYENGINE\Code\CryEngine\CryNetwork\Cryptography\rijndael.h">
      <Filter>Cryptography</Filter>
    </ClInclude>
    <ClInclude Include="I:\Crytek\CRYENGINE Launcher\SourceCode\bigspring-cry\CRYENGINE\Code\CryEngine\CryNetwork\Cryptography\StreamCipher.h">
      <Filter>Cryptography</Filter>
    </ClInclude>
    <ClInclude Include="I:\Crytek\CRYENGINE Launcher\SourceCode\bigspring-cry\CRYENGINE\Code\CryEngine\CryNetwork\Cryptography\Whirlpool.h">
      <Filter>Cryptography</Filter>
    </ClInclude>
    <ClInclude Include="I:\Crytek\CRYENGINE Launcher\SourceCode\bigspring-cry\CRYENGINE\Code\CryEngine\CryNetwork\CryNetwork.cpp">
      <Filter>Main</Filter>
    </ClInclude>
    <ClInclude Include="I:\Crytek\CRYENGINE Launcher\SourceCode\bigspring-cry\CRYENGINE\Code\CryEngine\CryNetwork\DistributedLogger.cpp">
      <Filter>Main</Filter>
    </ClInclude>
    <ClInclude Include="I:\Crytek\CRYENGINE Launcher\SourceCode\bigspring-cry\CRYENGINE\Code\CryEngine\CryNetwork\MementoMemoryManager.cpp">
      <Filter>Main</Filter>
    </ClInclude>
    <ClInclude Include="I:\Crytek\CRYENGINE Launcher\SourceCode\bigspring-cry\CRYENGINE\Code\CryEngine\CryNetwork\NetCVars.cpp">
      <Filter>Main</Filter>
    </ClInclude>
    <ClInclude Include="I:\Crytek\CRYENGINE Launcher\SourceCode\bigspring-cry\CRYENGINE\Code\CryEngine\CryNetwork\NetLog.cpp">
      <Filter>Main</Filter>
    </ClInclude>
    <ClInclude Include="I:\Crytek\CRYENGINE Launcher\SourceCode\bigspring-cry\CRYENGINE\Code\CryEngine\CryNetwork\NetTimer.cpp">
      <Filter>Main</Filter>
    </ClInclude>
    <ClInclude Include="I:\Crytek\CRYENGINE Launcher\SourceCode\bigspring-cry\CRYENGINE\Code\CryEngine\CryNetwork\Network.cpp">
      <Filter>Main</Filter>
    </ClInclude>
    <ClInclude Include="I:\Crytek\CRYENGINE Launcher\SourceCode\bigspring-cry\CRYENGINE\Code\CryEngine\CryNetwork\Utils.cpp">
      <Filter>Main</Filter>
    </ClInclude>
    <ClInclude Include="I:\Crytek\CRYENGINE Launcher\SourceCode\bigspring-cry\CRYENGINE\Code\CryEngine\CryNetwork\WorkQueue.cpp">
      <Filter>Main</Filter>
    </ClInclude>
    <ClInclude Include="I:\Crytek\CRYENGINE Launcher\SourceCode\bigspring-cry\CRYENGINE\Code\CryEngine\CryNetwork\INetworkPrivate.h">
      <Filter>Main</Filter>
    </ClInclude>
    <ClInclude Include="I:\Crytek\CRYENGINE Launcher\SourceCode\bigspring-cry\CRYENGINE\Code\CryEngine\CryNetwork\AutoFreeHandle.h">
      <Filter>Main</Filter>
    </ClInclude>
    <ClInclude Include="I:\Crytek\CRYENGINE Launcher\SourceCode\bigspring-cry\CRYENGINE\Code\CryEngine\CryNetwork\Config.h">
      <Filter>Main</Filter>
    </ClInclude>
    <ClInclude Include="I:\Crytek\CRYENGINE Launcher\SourceCode\bigspring-cry\CRYENGINE\Code\CryEngine\CryNetwork\DistributedLogger.h">
      <Filter>Main</Filter>
    </ClInclude>
    <ClInclude Include="I:\Crytek\CRYENGINE Launcher\SourceCode\bigspring-cry\CRYENGINE\Code\CryEngine\CryNetwork\Errors.h">
      <Filter>Main</Filter>
    </ClInclude>
    <ClInclude Include="I:\Crytek\CRYENGINE Launcher\SourceCode\bigspring-cry\CRYENGINE\Code\CryEngine\CryNetwork\FixedSizeArena.h">
      <Filter>Main</Filter>
    </ClInclude>
    <ClInclude Include="I:\Crytek\CRYENGINE Launcher\SourceCode\bigspring-cry\CRYENGINE\Code\CryEngine\CryNetwork\INetworkMember.h">
      <Filter>Main</Filter>
    </ClInclude>
    <ClInclude Include="I:\Crytek\CRYENGINE Launcher\SourceCode\bigspring-cry\CRYENGINE\Code\CryEngine\CryNetwork\MementoMemoryManager.h">
      <Filter>Main</Filter>
    </ClInclude>
    <ClInclude Include="I:\Crytek\CRYENGINE Launcher\SourceCode\bigspring-cry\CRYENGINE\Code\CryEngine\CryNetwork\NetCVars.h">
      <Filter>Main</Filter>
    </ClInclude>
    <ClInclude Include="I:\Crytek\CRYENGINE Launcher\SourceCode\bigspring-cry\CRYENGINE\Code\CryEngine\CryNetwork\NetLog.h">
      <Filter>Main</Filter>
    </ClInclude>
    <ClInclude Include="I:\Crytek\CRYENGINE Launcher\SourceCode\bigspring-cry\CRYENGINE\Code\CryEngine\CryNetwork\NetTimer.h">
      <Filter>Main</Filter>
    </ClInclude>
    <ClInclude Include="I:\Crytek\CRYENGINE Launcher\SourceCode\bigspring-cry\CRYENGINE\Code\CryEngine\CryNetwork\Network.h">
      <Filter>Main</Filter>
    </ClInclude>
    <ClInclude Include="I:\Crytek\CRYENGINE Launcher\SourceCode\bigspring-cry\CRYENGINE\Code\CryEngine\CryNetwork\objcnt.h">
      <Filter>Main</Filter>
    </ClInclude>
    <ClInclude Include="I:\Crytek\CRYENGINE Launcher\SourceCode\bigspring-cry\CRYENGINE\Code\CryEngine\CryNetwork\objcnt_defs.h">
      <Filter>Main</Filter>
    </ClInclude>
    <ClInclude Include="I:\Crytek\CRYENGINE Launcher\SourceCode\bigspring-cry\CRYENGINE\Code\CryEngine\CryNetwork\PolymorphicQueue.h">
      <Filter>Main</Filter>
    </ClInclude>
    <ClInclude Include="I:\Crytek\CRYENGINE Launcher\SourceCode\bigspring-cry\CRYENGINE\Code\CryEngine\CryNetwork\STLMementoAllocator.h">
      <Filter>Main</Filter>
    </ClInclude>
    <ClInclude Include="I:\Crytek\CRYENGINE Launcher\SourceCode\bigspring-cry\CRYENGINE\Code\CryEngine\CryNetwork\Utils.h">
      <Filter>Main</Filter>
    </ClInclude>
    <ClInclude Include="I:\Crytek\CRYENGINE Launcher\SourceCode\bigspring-cry\CRYENGINE\Code\CryEngine\CryNetwork\WorkQueue.h">
      <Filter>Main</Filter>
    </ClInclude>
    <ClInclude Include="I:\Crytek\CRYENGINE Launcher\SourceCode\bigspring-cry\CRYENGINE\Code\CryEngine\CryNetwork\RemoteControl\RemoteControl.cpp">
      <Filter>RCon</Filter>
    </ClInclude>
    <ClInclude Include="I:\Crytek\CRYENGINE Launcher\SourceCode\bigspring-cry\CRYENGINE\Code\CryEngine\CryNetwork\RemoteControl\Protocol.h">
      <Filter>RCon</Filter>
    </ClInclude>
    <ClInclude Include="I:\Crytek\CRYENGINE Launcher\SourceCode\bigspring-cry\CRYENGINE\Code\CryEngine\CryNetwork\RemoteControl\RemoteControl.h">
      <Filter>RCon</Filter>
    </ClInclude>
    <ClInclude Include="I:\Crytek\CRYENGINE Launcher\SourceCode\bigspring-cry\CRYENGINE\Code\CryEngine\CryNetwork\Context\Authentication.cpp">
      <Filter>Context</Filter>
    </ClInclude>
    <ClInclude Include="I:\Crytek\CRYENGINE Launcher\SourceCode\bigspring-cry\CRYENGINE\Code\CryEngine\CryNetwork\Context\BreakagePlayback.cpp">
      <Filter>Context</Filter>
    </ClInclude>
    <ClInclude Include="I:\Crytek\CRYENGINE Launcher\SourceCode\bigspring-cry\CRYENGINE\Code\CryEngine\CryNetwork\Context\CET_Server.cpp">
      <Filter>Context</Filter>
    </ClInclude>
    <ClInclude Include="I:\Crytek\CRYENGINE Launcher\SourceCode\bigspring-cry\CRYENGINE\Code\CryEngine\CryNetwork\Context\ClientContextView.cpp">
      <Filter>Context</Filter>
    </ClInclude>
    <ClInclude Include="I:\Crytek\CRYENGINE Launcher\SourceCode\bigspring-cry\CRYENGINE\Code\CryEngine\CryNetwork\Context\ContextEstablisher.cpp">
      <Filter>Context</Filter>
    </ClInclude>
    <ClInclude Include="I:\Crytek\CRYENGINE Launcher\SourceCode\bigspring-cry\CRYENGINE\Code\CryEngine\CryNetwork\Context\ContextView.cpp">
      <Filter>Context</Filter>
    </ClInclude>
    <ClInclude Include="I:\Crytek\CRYENGINE Launcher\SourceCode\bigspring-cry\CRYENGINE\Code\CryEngine\CryNetwork\Context\ContextViewStateManager.cpp">
      <Filter>Context</Filter>
    </ClInclude>
    <ClInclude Include="I:\Crytek\CRYENGINE Launcher\SourceCode\bigspring-cry\CRYENGINE\Code\CryEngine\CryNetwork\Context\DemoPlaybackListener.cpp">
      <Filter>Context</Filter>
    </ClInclude>
    <ClInclude Include="I:\Crytek\CRYENGINE Launcher\SourceCode\bigspring-cry\CRYENGINE\Code\CryEngine\CryNetwork\Context\DemoRecordListener.cpp">
      <Filter>Context</Filter>
    </ClInclude>
    <ClInclude Include="I:\Crytek\CRYENGINE Launcher\SourceCode\bigspring-cry\CRYENGINE\Code\CryEngine\CryNetwork\Context\NetContext.cpp">
      <Filter>Context</Filter>
    </ClInclude>
    <ClInclude Include="I:\Crytek\CRYENGINE Launcher\SourceCode\bigspring-cry\CRYENGINE\Code\CryEngine\CryNetwork\Context\NetContextState.cpp">
      <Filter>Context</Filter>
    </ClInclude>
    <ClInclude Include="I:\Crytek\CRYENGINE Launcher\SourceCode\bigspring-cry\CRYENGINE\Code\CryEngine\CryNetwork\Context\PerformBreakage.cpp">
      <Filter>Context</Filter>
    </ClInclude>
    <ClInclude Include="I:\Crytek\CRYENGINE Launcher\SourceCode\bigspring-cry\CRYENGINE\Code\CryEngine\CryNetwork\Context\ServerContextView.cpp">
      <Filter>Context</Filter>
    </ClInclude>
    <ClInclude Include="I:\Crytek\CRYENGINE Launcher\SourceCode\bigspring-cry\CRYENGINE\Code\CryEngine\CryNetwork\Context\SessionID.cpp">
      <Filter>Context</Filter>
    </ClInclude>
    <ClInclude Include="I:\Crytek\CRYENGINE Launcher\SourceCode\bigspring-cry\CRYENGINE\Code\CryEngine\CryNetwork\Context\SyncedFile.cpp">
      <Filter>Context</Filter>
    </ClInclude>
    <ClInclude Include="I:\Crytek\CRYENGINE Launcher\SourceCode\bigspring-cry\CRYENGINE\Code\CryEngine\CryNetwork\Context\SyncedFilePak.cpp">
      <Filter>Context</Filter>
    </ClInclude>
    <ClInclude Include="I:\Crytek\CRYENGINE Launcher\SourceCode\bigspring-cry\CRYENGINE\Code\CryEngine\CryNetwork\Context\SyncedFileSet.cpp">
      <Filter>Context</Filter>
    </ClInclude>
    <ClInclude Include="I:\Crytek\CRYENGINE Launcher\SourceCode\bigspring-cry\CRYENGINE\Code\CryEngine\CryNetwork\Context\UpdateAspectDataContext.cpp">
      <Filter>Context</Filter>
    </ClInclude>
    <ClInclude Include="I:\Crytek\CRYENGINE Launcher\SourceCode\bigspring-cry\CRYENGINE\Code\CryEngine\CryNetwork\Context\UpdateMessage.cpp">
      <Filter>Context</Filter>
    </ClInclude>
    <ClInclude Include="I:\Crytek\CRYENGINE Launcher\SourceCode\bigspring-cry\CRYENGINE\Code\CryEngine\CryNetwork\Context\INetContextState.h">
      <Filter>Context</Filter>
    </ClInclude>
    <ClInclude Include="I:\Crytek\CRYENGINE Launcher\SourceCode\bigspring-cry\CRYENGINE\Code\CryEngine\CryNetwork\Context\Authentication.h">
      <Filter>Context</Filter>
    </ClInclude>
    <ClInclude Include="I:\Crytek\CRYENGINE Launcher\SourceCode\bigspring-cry\CRYENGINE\Code\CryEngine\CryNetwork\Context\BreakagePlayback.h">
      <Filter>Context</Filter>
    </ClInclude>
    <ClInclude Include="I:\Crytek\CRYENGINE Launcher\SourceCode\bigspring-cry\CRYENGINE\Code\CryEngine\CryNetwork\Context\CET_Server.h">
      <Filter>Context</Filter>
    </ClInclude>
    <ClInclude Include="I:\Crytek\CRYENGINE Launcher\SourceCode\bigspring-cry\CRYENGINE\Code\CryEngine\CryNetwork\Context\ChangeList.h">
      <Filter>Context</Filter>
    </ClInclude>
    <ClInclude Include="I:\Crytek\CRYENGINE Launcher\SourceCode\bigspring-cry\CRYENGINE\Code\CryEngine\CryNetwork\Context\ClientContextView.h">
      <Filter>Context</Filter>
    </ClInclude>
    <ClInclude Include="I:\Crytek\CRYENGINE Launcher\SourceCode\bigspring-cry\CRYENGINE\Code\CryEngine\CryNetwork\Context\ContextEstablisher.h">
      <Filter>Context</Filter>
    </ClInclude>
    <ClInclude Include="I:\Crytek\CRYENGINE Launcher\SourceCode\bigspring-cry\CRYENGINE\Code\CryEngine\CryNetwork\Context\ContextView.h">
      <Filter>Context</Filter>
    </ClInclude>
    <ClInclude Include="I:\Crytek\CRYENGINE Launcher\SourceCode\bigspring-cry\CRYENGINE\Code\CryEngine\CryNetwork\Context\ContextViewStateManager.h">
      <Filter>Context</Filter>
    </ClInclude>
    <ClInclude Include="I:\Crytek\CRYENGINE Launcher\SourceCode\bigspring-cry\CRYENGINE\Code\CryEngine\CryNetwork\Context\DemoDefinitions.h">
      <Filter>Context</Filter>
    </ClInclude>
    <ClInclude Include="I:\Crytek\CRYENGINE Launcher\SourceCode\bigspring-cry\CRYENGINE\Code\CryEngine\CryNetwork\Context\DemoPlaybackListener.h">
      <Filter>Context</Filter>
    </ClInclude>
    <ClInclude Include="I:\Crytek\CRYENGINE Launcher\SourceCode\bigspring-cry\CRYENGINE\Code\CryEngine\CryNetwork\Context\DemoRecordListener.h">
      <Filter>Context</Filter>
    </ClInclude>
    <ClInclude Include="I:\Crytek\CRYENGINE Launcher\SourceCode\bigspring-cry\CRYENGINE\Code\CryEngine\CryNetwork\Context\IContextViewExtension.h">
      <Filter>Context</Filter>
    </ClInclude>
    <ClInclude Include="I:\Crytek\CRYENGINE Launcher\SourceCode\bigspring-cry\CRYENGINE\Code\CryEngine\CryNetwork\Context\INetContextListener.h">
      <Filter>Context</Filter>
    </ClInclude>
    <ClInclude Include="I:\Crytek\CRYENGINE Launcher\SourceCode\bigspring-cry\CRYENGINE\Code\CryEngine\CryNetwork\Context\NetContext.h">
      <Filter>Context</Filter>
    </ClInclude>
    <ClInclude Include="I:\Crytek\CRYENGINE Launcher\SourceCode\bigspring-cry\CRYENGINE\Code\CryEngine\CryNetwork\Context\NetContextState.h">
      <Filter>Context</Filter>
    </ClInclude>
    <ClInclude Include="I:\Crytek\CRYENGINE Launcher\SourceCode\bigspring-cry\CRYENGINE\Code\CryEngine\CryNetwork\Context\PerformBreakage.h">
      <Filter>Context</Filter>
    </ClInclude>
    <ClInclude Include="I:\Crytek\CRYENGINE Launcher\SourceCode\bigspring-cry\CRYENGINE\Code\CryEngine\CryNetwork\Context\RMILogger.h">
      <Filter>Context</Filter>
    </ClInclude>
    <ClInclude Include="I:\Crytek\CRYENGINE Launcher\SourceCode\bigspring-cry\CRYENGINE\Code\CryEngine\CryNetwork\Context\ServerContextView.h">
      <Filter>Context</Filter>
    </ClInclude>
    <ClInclude Include="I:\Crytek\CRYENGINE Launcher\SourceCode\bigspring-cry\CRYENGINE\Code\CryEngine\CryNetwork\Context\SessionID.h">
      <Filter>Context</Filter>
    </ClInclude>
    <ClInclude Include="I:\Crytek\CRYENGINE Launcher\SourceCode\bigspring-cry\CRYENGINE\Code\CryEngine\CryNetwork\Context\SyncContext.h">
      <Filter>Context</Filter>
    </ClInclude>
    <ClInclude Include="I:\Crytek\CRYENGINE Launcher\SourceCode\bigspring-cry\CRYENGINE\Code\CryEngine\CryNetwork\Context\SyncedFile.h">
      <Filter>Context</Filter>
    </ClInclude>
    <ClInclude Include="I:\Crytek\CRYENGINE Launcher\SourceCode\bigspring-cry\CRYENGINE\Code\CryEngine\CryNetwork\Context\SyncedFilePak.h">
      <Filter>Context</Filter>
    </ClInclude>
    <ClInclude Include="I:\Crytek\CRYENGINE Launcher\SourceCode\bigspring-cry\CRYENGINE\Code\CryEngine\CryNetwork\Context\SyncedFileSet.h">
      <Filter>Context</Filter>
    </ClInclude>
    <ClInclude Include="I:\Crytek\CRYENGINE Launcher\SourceCode\bigspring-cry\CRYENGINE\Code\CryEngine\CryNetwork\Context\UpdateAspectDataContext.h">
      <Filter>Context</Filter>
    </ClInclude>
    <ClInclude Include="I:\Crytek\CRYENGINE Launcher\SourceCode\bigspring-cry\CRYENGINE\Code\CryEngine\CryNetwork\Context\UpdateMessage.h">
      <Filter>Context</Filter>
    </ClInclude>
    <ClInclude Include="I:\Crytek\CRYENGINE Launcher\SourceCode\bigspring-cry\CRYENGINE\Code\CryEngine\CryNetwork\Context\History\AuthorityHistory.cpp">
      <Filter>Context\History</Filter>
    </ClInclude>
    <ClInclude Include="I:\Crytek\CRYENGINE Launcher\SourceCode\bigspring-cry\CRYENGINE\Code\CryEngine\CryNetwork\Context\History\ConfigurationHistory.cpp">
      <Filter>Context\History</Filter>
    </ClInclude>
    <ClInclude Include="I:\Crytek\CRYENGINE Launcher\SourceCode\bigspring-cry\CRYENGINE\Code\CryEngine\CryNetwork\Context\History\History.cpp">
      <Filter>Context\History</Filter>
    </ClInclude>
    <ClInclude Include="I:\Crytek\CRYENGINE Launcher\SourceCode\bigspring-cry\CRYENGINE\Code\CryEngine\CryNetwork\Context\History\MementoHistory.cpp">
      <Filter>Context\History</Filter>
    </ClInclude>
    <ClInclude Include="I:\Crytek\CRYENGINE Launcher\SourceCode\bigspring-cry\CRYENGINE\Code\CryEngine\CryNetwork\Context\History\ProfileHistory.cpp">
      <Filter>Context\History</Filter>
    </ClInclude>
    <ClInclude Include="I:\Crytek\CRYENGINE Launcher\SourceCode\bigspring-cry\CRYENGINE\Code\CryEngine\CryNetwork\Context\History\RegularlySyncedItem.cpp">
      <Filter>Context\History</Filter>
    </ClInclude>
    <ClInclude Include="I:\Crytek\CRYENGINE Launcher\SourceCode\bigspring-cry\CRYENGINE\Code\CryEngine\CryNetwork\Context\History\AuthorityHistory.h">
      <Filter>Context\History</Filter>
    </ClInclude>
    <ClInclude Include="I:\Crytek\CRYENGINE Launcher\SourceCode\bigspring-cry\CRYENGINE\Code\CryEngine\CryNetwork\Context\History\ConfigurationHistory.h">
      <Filter>Context\History</Filter>
    </ClInclude>
    <ClInclude Include="I:\Crytek\CRYENGINE Launcher\SourceCode\bigspring-cry\CRYENGINE\Code\CryEngine\CryNetwork\Context\History\History.h">
      <Filter>Context\History</Filter>
    </ClInclude>
    <ClInclude Include="I:\Crytek\CRYENGINE Launcher\SourceCode\bigspring-cry\CRYENGINE\Code\CryEngine\CryNetwork\Context\History\MementoHistory.h">
      <Filter>Context\History</Filter>
    </ClInclude>
    <ClInclude Include="I:\Crytek\CRYENGINE Launcher\SourceCode\bigspring-cry\CRYENGINE\Code\CryEngine\CryNetwork\Context\History\ProfileHistory.h">
      <Filter>Context\History</Filter>
    </ClInclude>
    <ClInclude Include="I:\Crytek\CRYENGINE Launcher\SourceCode\bigspring-cry\CRYENGINE\Code\CryEngine\CryNetwork\Context\History\RegularlySyncedItem.h">
      <Filter>Context\History</Filter>
    </ClInclude>
    <ClInclude Include="I:\Crytek\CRYENGINE Launcher\SourceCode\bigspring-cry\CRYENGINE\Code\CryEngine\CryNetwork\Services\NetworkACL\NetProfileTokens.cpp">
      <Filter>Services</Filter>
    </ClInclude>
    <ClInclude Include="I:\Crytek\CRYENGINE Launcher\SourceCode\bigspring-cry\CRYENGINE\Code\CryEngine\CryNetwork\Services\ServiceManager.cpp">
      <Filter>Services</Filter>
    </ClInclude>
    <ClInclude Include="I:\Crytek\CRYENGINE Launcher\SourceCode\bigspring-cry\CRYENGINE\Code\CryEngine\CryNetwork\Services\NetworkACL\NetProfileTokens.h">
      <Filter>Services</Filter>
    </ClInclude>
    <ClInclude Include="I:\Crytek\CRYENGINE Launcher\SourceCode\bigspring-cry\CRYENGINE\Code\CryEngine\CryNetwork\Services\ServiceManager.h">
      <Filter>Services</Filter>
    </ClInclude>
    <ClInclude Include="I:\Crytek\CRYENGINE Launcher\SourceCode\bigspring-cry\CRYENGINE\Code\CryEngine\CryNetwork\Services\CryLAN\LanQueryListener.cpp">
      <Filter>Services\CryLAN</Filter>
    </ClInclude>
    <ClInclude Include="I:\Crytek\CRYENGINE Launcher\SourceCode\bigspring-cry\CRYENGINE\Code\CryEngine\CryNetwork\Services\CryLAN\LanQueryListener.h">
      <Filter>Services\CryLAN</Filter>
    </ClInclude>
    <ClInclude Include="I:\Crytek\CRYENGINE Launcher\SourceCode\bigspring-cry\CRYENGINE\Code\CryEngine\CryNetwork\DebugKit\DebugKit.cpp">
      <Filter>Debug Kit</Filter>
    </ClInclude>
    <ClInclude Include="I:\Crytek\CRYENGINE Launcher\SourceCode\bigspring-cry\CRYENGINE\Code\CryEngine\CryNetwork\DebugKit\DebugOutput.cpp">
      <Filter>Debug Kit</Filter>
    </ClInclude>
    <ClInclude Include="I:\Crytek\CRYENGINE Launcher\SourceCode\bigspring-cry\CRYENGINE\Code\CryEngine\CryNetwork\DebugKit\Encoding.cpp">
      <Filter>Debug Kit</Filter>
    </ClInclude>
    <ClInclude Include="I:\Crytek\CRYENGINE Launcher\SourceCode\bigspring-cry\CRYENGINE\Code\CryEngine\CryNetwork\DebugKit\NetVis.cpp">
      <Filter>Debug Kit</Filter>
    </ClInclude>
    <ClInclude Include="I:\Crytek\CRYENGINE Launcher\SourceCode\bigspring-cry\CRYENGINE\Code\CryEngine\CryNetwork\DebugKit\NetworkInspector.cpp">
      <Filter>Debug Kit</Filter>
    </ClInclude>
    <ClInclude Include="I:\Crytek\CRYENGINE Launcher\SourceCode\bigspring-cry\CRYENGINE\Code\CryEngine\CryNetwork\DebugKit\ServerProfiler.cpp">
      <Filter>Debug Kit</Filter>
    </ClInclude>
    <ClInclude Include="I:\Crytek\CRYENGINE Launcher\SourceCode\bigspring-cry\CRYENGINE\Code\CryEngine\CryNetwork\DebugKit\DebugKit.h">
      <Filter>Debug Kit</Filter>
    </ClInclude>
    <ClInclude Include="I:\Crytek\CRYENGINE Launcher\SourceCode\bigspring-cry\CRYENGINE\Code\CryEngine\CryNetwork\DebugKit\DebugOutput.h">
      <Filter>Debug Kit</Filter>
    </ClInclude>
    <ClInclude Include="I:\Crytek\CRYENGINE Launcher\SourceCode\bigspring-cry\CRYENGINE\Code\CryEngine\CryNetwork\DebugKit\Encoding.h">
      <Filter>Debug Kit</Filter>
    </ClInclude>
    <ClInclude Include="I:\Crytek\CRYENGINE Launcher\SourceCode\bigspring-cry\CRYENGINE\Code\CryEngine\CryNetwork\DebugKit\NetVis.h">
      <Filter>Debug Kit</Filter>
    </ClInclude>
    <ClInclude Include="I:\Crytek\CRYENGINE Launcher\SourceCode\bigspring-cry\CRYENGINE\Code\CryEngine\CryNetwork\DebugKit\NetworkInspector.h">
      <Filter>Debug Kit</Filter>
    </ClInclude>
    <ClInclude Include="I:\Crytek\CRYENGINE Launcher\SourceCode\bigspring-cry\CRYENGINE\Code\CryEngine\CryNetwork\DebugKit\ServerProfiler.h">
      <Filter>Debug Kit</Filter>
    </ClInclude>
    <ClInclude Include="I:\Crytek\CRYENGINE Launcher\SourceCode\bigspring-cry\CRYENGINE\Code\CryEngine\CryNetwork\Http\AutoConfigDownloader.cpp">
      <Filter>Http</Filter>
    </ClInclude>
    <ClInclude Include="I:\Crytek\CRYENGINE Launcher\SourceCode\bigspring-cry\CRYENGINE\Code\CryEngine\CryNetwork\Http\SimpleHttpServer.cpp">
      <Filter>Http</Filter>
    </ClInclude>
    <ClInclude Include="I:\Crytek\CRYENGINE Launcher\SourceCode\bigspring-cry\CRYENGINE\Code\CryEngine\CryNetwork\Http\AutoConfigDownloader.h">
      <Filter>Http</Filter>
    </ClInclude>
    <ClInclude Include="I:\Crytek\CRYENGINE Launcher\SourceCode\bigspring-cry\CRYENGINE\Code\CryEngine\CryNetwork\Http\SimpleHttpServer.h">
      <Filter>Http</Filter>
    </ClInclude>
    <ClInclude Include="I:\Crytek\CRYENGINE Launcher\SourceCode\bigspring-cry\CRYENGINE\Code\CryEngine\CryNetwork\Http\cry_sha1.h">
      <Filter>Http</Filter>
    </ClInclude>
    <ClInclude Include="I:\Crytek\CRYENGINE Launcher\SourceCode\bigspring-cry\CRYENGINE\Code\CryEngine\CryNetwork\Http\cry_sha1.cpp">
      <Filter>Http</Filter>
    </ClInclude>
    <ClInclude Include="I:\Crytek\CRYENGINE Launcher\SourceCode\bigspring-cry\CRYENGINE\Code\CryEngine\CryNetwork\VOIP\IVoiceDecoder.cpp">
      <Filter>VOIP</Filter>
    </ClInclude>
    <ClInclude Include="I:\Crytek\CRYENGINE Launcher\SourceCode\bigspring-cry\CRYENGINE\Code\CryEngine\CryNetwork\VOIP\IVoiceEncoder.cpp">
      <Filter>VOIP</Filter>
    </ClInclude>
    <ClInclude Include="I:\Crytek\CRYENGINE Launcher\SourceCode\bigspring-cry\CRYENGINE\Code\CryEngine\CryNetwork\VOIP\SpeexCodec.cpp">
      <Filter>VOIP</Filter>
    </ClInclude>
    <ClInclude Include="I:\Crytek\CRYENGINE Launcher\SourceCode\bigspring-cry\CRYENGINE\Code\CryEngine\CryNetwork\VOIP\VoiceManager.cpp">
      <Filter>VOIP</Filter>
    </ClInclude>
    <ClInclude Include="I:\Crytek\CRYENGINE Launcher\SourceCode\bigspring-cry\CRYENGINE\Code\CryEngine\CryNetwork\VOIP\VoicePacket.cpp">
      <Filter>VOIP</Filter>
    </ClInclude>
    <ClInclude Include="I:\Crytek\CRYENGINE Launcher\SourceCode\bigspring-cry\CRYENGINE\Code\CryEngine\CryNetwork\Context\VoiceContext.cpp">
      <Filter>VOIP</Filter>
    </ClInclude>
    <ClInclude Include="I:\Crytek\CRYENGINE Launcher\SourceCode\bigspring-cry\CRYENGINE\Code\CryEngine\CryNetwork\VOIP\IVoiceDecoder.h">
      <Filter>VOIP</Filter>
    </ClInclude>
    <ClInclude Include="I:\Crytek\CRYENGINE Launcher\SourceCode\bigspring-cry\CRYENGINE\Code\CryEngine\CryNetwork\VOIP\IVoiceEncoder.h">
      <Filter>VOIP</Filter>
    </ClInclude>
    <ClInclude Include="I:\Crytek\CRYENGINE Launcher\SourceCode\bigspring-cry\CRYENGINE\Code\CryEngine\CryNetwork\VOIP\IVoicePacketListener.h">
      <Filter>VOIP</Filter>
    </ClInclude>
    <ClInclude Include="I:\Crytek\CRYENGINE Launcher\SourceCode\bigspring-cry\CRYENGINE\Code\CryEngine\CryNetwork\Context\VoiceContext.h">
      <Filter>VOIP</Filter>
    </ClInclude>
    <ClInclude Include="I:\Crytek\CRYENGINE Launcher\SourceCode\bigspring-cry\CRYENGINE\Code\CryEngine\CryNetwork\VOIP\VoiceManager.h">
      <Filter>VOIP</Filter>
    </ClInclude>
    <ClInclude Include="I:\Crytek\CRYENGINE Launcher\SourceCode\bigspring-cry\CRYENGINE\Code\CryEngine\CryNetwork\VOIP\VoicePacket.h">
      <Filter>VOIP</Filter>
    </ClInclude>
    <ClInclude Include="I:\Crytek\CRYENGINE Launcher\SourceCode\bigspring-cry\CRYENGINE\Code\CryEngine\CryNetwork\NetDebugChannelViewer.cpp">
      <Filter>Debug</Filter>
    </ClInclude>
    <ClInclude Include="I:\Crytek\CRYENGINE Launcher\SourceCode\bigspring-cry\CRYENGINE\Code\CryEngine\CryNetwork\NetDebugInfo.cpp">
      <Filter>Debug</Filter>
    </ClInclude>
    <ClInclude Include="I:\Crytek\CRYENGINE Launcher\SourceCode\bigspring-cry\CRYENGINE\Code\CryEngine\CryNetwork\NetDebugInternetSimulator.cpp">
      <Filter>Debug</Filter>
    </ClInclude>
    <ClInclude Include="I:\Crytek\CRYENGINE Launcher\SourceCode\bigspring-cry\CRYENGINE\Code\CryEngine\CryNetwork\NetDebugProfileViewer.cpp">
      <Filter>Debug</Filter>
    </ClInclude>
    <ClInclude Include="I:\Crytek\CRYENGINE Launcher\SourceCode\bigspring-cry\CRYENGINE\Code\CryEngine\CryNetwork\NetDebugServerInfo.cpp">
      <Filter>Debug</Filter>
    </ClInclude>
    <ClInclude Include="I:\Crytek\CRYENGINE Launcher\SourceCode\bigspring-cry\CRYENGINE\Code\CryEngine\CryNetwork\NetDebugTrafficBandwidth.cpp">
      <Filter>Debug</Filter>
    </ClInclude>
    <ClInclude Include="I:\Crytek\CRYENGINE Launcher\SourceCode\bigspring-cry\CRYENGINE\Code\CryEngine\CryNetwork\NetProfile.cpp">
      <Filter>Debug</Filter>
    </ClInclude>
    <ClInclude Include="I:\Crytek\CRYENGINE Launcher\SourceCode\bigspring-cry\CRYENGINE\Code\CryEngine\CryNetwork\NetDebugChannelViewer.h">
      <Filter>Debug</Filter>
    </ClInclude>
    <ClInclude Include="I:\Crytek\CRYENGINE Launcher\SourceCode\bigspring-cry\CRYENGINE\Code\CryEngine\CryNetwork\NetDebugInfo.h">
      <Filter>Debug</Filter>
    </ClInclude>
    <ClInclude Include="I:\Crytek\CRYENGINE Launcher\SourceCode\bigspring-cry\CRYENGINE\Code\CryEngine\CryNetwork\NetDebugInternetSimulator.h">
      <Filter>Debug</Filter>
    </ClInclude>
    <ClInclude Include="I:\Crytek\CRYENGINE Launcher\SourceCode\bigspring-cry\CRYENGINE\Code\CryEngine\CryNetwork\NetDebugProfileViewer.h">
      <Filter>Debug</Filter>
    </ClInclude>
    <ClInclude Include="I:\Crytek\CRYENGINE Launcher\SourceCode\bigspring-cry\CRYENGINE\Code\CryEngine\CryNetwork\NetDebugServerInfo.h">
      <Filter>Debug</Filter>
    </ClInclude>
    <ClInclude Include="I:\Crytek\CRYENGINE Launcher\SourceCode\bigspring-cry\CRYENGINE\Code\CryEngine\CryNetwork\NetDebugTrafficBandwidth.h">
      <Filter>Debug</Filter>
    </ClInclude>
    <ClInclude Include="I:\Crytek\CRYENGINE Launcher\SourceCode\bigspring-cry\CRYENGINE\Code\CryEngine\CryNetwork\NetProfile.h">
      <Filter>Debug</Filter>
    </ClInclude>
    <ClInclude Include="I:\Crytek\CRYENGINE Launcher\SourceCode\bigspring-cry\CRYENGINE\Code\CryEngine\CryNetwork\StdAfx.h">
      <Filter>Header Files</Filter>
    </ClInclude>
  </ItemGroup>
  <ItemGroup>
    <CustomBuild Include="I:\Crytek\CRYENGINE Launcher\SourceCode\bigspring-cry\CRYENGINE\Code\CryEngine\CryNetwork\CMakeLists.txt" />
    <CustomBuild Include="I:\Crytek\CRYENGINE Launcher\SourceCode\bigspring-cry\CRYENGINE\Solution_Win64\CMakeFiles\04764bbdf14e4cc5a19274d851e9b939\CryNetwork_protocol_uber.cpp.rule">
      <Filter>CMake Rules</Filter>
    </CustomBuild>
    <CustomBuild Include="I:\Crytek\CRYENGINE Launcher\SourceCode\bigspring-cry\CRYENGINE\Solution_Win64\CMakeFiles\04764bbdf14e4cc5a19274d851e9b939\CryNetwork_socket_uber.cpp.rule">
      <Filter>CMake Rules</Filter>
    </CustomBuild>
    <CustomBuild Include="I:\Crytek\CRYENGINE Launcher\SourceCode\bigspring-cry\CRYENGINE\Solution_Win64\CMakeFiles\04764bbdf14e4cc5a19274d851e9b939\CryNetwork_uber_0.cpp.rule">
      <Filter>CMake Rules</Filter>
    </CustomBuild>
    <CustomBuild Include="I:\Crytek\CRYENGINE Launcher\SourceCode\bigspring-cry\CRYENGINE\Solution_Win64\CMakeFiles\04764bbdf14e4cc5a19274d851e9b939\CryNetwork_uber_1.cpp.rule">
      <Filter>CMake Rules</Filter>
    </CustomBuild>
    <CustomBuild Include="I:\Crytek\CRYENGINE Launcher\SourceCode\bigspring-cry\CRYENGINE\Solution_Win64\CMakeFiles\04764bbdf14e4cc5a19274d851e9b939\CryNetwork_uber_2.cpp.rule">
      <Filter>CMake Rules</Filter>
    </CustomBuild>
    <CustomBuild Include="I:\Crytek\CRYENGINE Launcher\SourceCode\bigspring-cry\CRYENGINE\Solution_Win64\CMakeFiles\04764bbdf14e4cc5a19274d851e9b939\CryNetwork_uber_3.cpp.rule">
      <Filter>CMake Rules</Filter>
    </CustomBuild>
    <CustomBuild Include="I:\Crytek\CRYENGINE Launcher\SourceCode\bigspring-cry\CRYENGINE\Solution_Win64\CMakeFiles\04764bbdf14e4cc5a19274d851e9b939\CryNetwork_uber_4.cpp.rule">
      <Filter>CMake Rules</Filter>
    </CustomBuild>
  </ItemGroup>
  <ItemGroup>
    <Filter Include="Context\History">
      <UniqueIdentifier>{A6D2648D-0F7E-3845-913B-5B159E99857D}</UniqueIdentifier>
    </Filter>
    <Filter Include="Services\CryLAN">
      <UniqueIdentifier>{F93A3D4D-5922-3035-A2B3-4D665A4D2175}</UniqueIdentifier>
    </Filter>
    <Filter Include="Source Files">
      <UniqueIdentifier>{526B85B2-5AEE-326C-94F9-8CC53F3E69CC}</UniqueIdentifier>
    </Filter>
    <Filter Include="Header Files">
      <UniqueIdentifier>{A920178B-E5D3-330D-9F11-D51D6B14FD2A}</UniqueIdentifier>
    </Filter>
    <Filter Include="CMake Rules">
      <UniqueIdentifier>{EAD2A386-A4DF-3C43-AE8D-8F52F97F005B}</UniqueIdentifier>
    </Filter>
    <Filter Include="Protocol">
      <UniqueIdentifier>{626273F2-A3C5-3ADF-B9E6-48E497E5F342}</UniqueIdentifier>
    </Filter>
    <Filter Include="Socket Library">
      <UniqueIdentifier>{39EC5CBB-B87E-32A3-97A9-B5A0EF24ADA6}</UniqueIdentifier>
    </Filter>
    <Filter Include="Compression">
      <UniqueIdentifier>{CB4FCE44-D1EE-370C-BDB2-316DC4C11B5B}</UniqueIdentifier>
    </Filter>
    <Filter Include="Streams">
      <UniqueIdentifier>{4DC1323E-38F2-37DC-893C-B992B1C5487F}</UniqueIdentifier>
    </Filter>
    <Filter Include="Cryptography">
      <UniqueIdentifier>{5767777A-13F4-34B7-B55B-841F812F807D}</UniqueIdentifier>
    </Filter>
    <Filter Include="Main">
      <UniqueIdentifier>{FCE1F7DA-3EC3-3822-B5A2-A3CE892B38DB}</UniqueIdentifier>
    </Filter>
    <Filter Include="RCon">
      <UniqueIdentifier>{4C84BB59-5E9F-371B-9F9B-33FA016BCE2D}</UniqueIdentifier>
    </Filter>
    <Filter Include="Context">
      <UniqueIdentifier>{BD4645EE-8BE4-33C9-BF09-904C95E509AF}</UniqueIdentifier>
    </Filter>
    <Filter Include="Services">
      <UniqueIdentifier>{93641CDD-D1C8-375D-BA90-87A34D1D92C2}</UniqueIdentifier>
    </Filter>
    <Filter Include="Debug Kit">
      <UniqueIdentifier>{EAD482D3-FA2A-3C46-8A6A-010E23D81A9A}</UniqueIdentifier>
    </Filter>
    <Filter Include="Http">
      <UniqueIdentifier>{F8CA3ACF-805B-39C9-ADAC-8CAEC61F1E75}</UniqueIdentifier>
    </Filter>
    <Filter Include="VOIP">
      <UniqueIdentifier>{957A54CF-20AB-3055-BDDB-70324A883A22}</UniqueIdentifier>
    </Filter>
    <Filter Include="Debug">
      <UniqueIdentifier>{17C89FCA-6424-3D30-AA53-1FFA865257E1}</UniqueIdentifier>
    </Filter>
    <Filter Include="UBER FILES">
      <UniqueIdentifier>{A9EDE9CC-9CBB-3D2A-9C04-66ECEC4A3DAF}</UniqueIdentifier>
    </Filter>
  </ItemGroup>
</Project>
